
Microsoft Visual Studio Solution File, Format Version 12.00
# Visual Studio 14
VisualStudioVersion = 14.0.25123.0
MinimumVisualStudioVersion = 10.0.40219.1
Project("{FAE04EC0-301F-11D3-BF4B-00C04F79EFBC}") = "MyMonkeyAppWinNative.Droid", "MyMonkeyAppWinNative\MyMonkeyAppWinNative.Droid\MyMonkeyAppWinNative.Droid.csproj", "{050E00E3-436E-4BD7-B9F8-920E3243B1D5}"
EndProject
Project("{FAE04EC0-301F-11D3-BF4B-00C04F79EFBC}") = "MyMonkeyAppWinNative.iOS", "MyMonkeyAppWinNative\MyMonkeyAppWinNative.iOS\MyMonkeyAppWinNative.iOS.csproj", "{53D1105D-7BA8-4DBC-B7F4-4CFA063A8E93}"
EndProject
Project("{FAE04EC0-301F-11D3-BF4B-00C04F79EFBC}") = "MyMonkeyAppWinNative.WinPhone", "MyMonkeyAppWinNative\MyMonkeyAppWinNative.WinPhone\MyMonkeyAppWinNative.WinPhone.csproj", "{712D9995-00E2-406E-A355-ECD4205E52D9}"
EndProject
Project("{FAE04EC0-301F-11D3-BF4B-00C04F79EFBC}") = "MyMonkeyAppWinNative.UWP", "MyMonkeyAppWinNative\MyMonkeyAppWinNative.UWP\MyMonkeyAppWinNative.UWP.csproj", "{4D421B6B-6D65-4493-B38F-6A5A7DAFD015}"
EndProject
Project("{FAE04EC0-301F-11D3-BF4B-00C04F79EFBC}") = "MyMonkeyAppWinNative.Windows", "MyMonkeyAppWinNative\MyMonkeyAppWinNative.Windows\MyMonkeyAppWinNative.Windows.csproj", "{BF35EBF3-8D6C-41D1-962F-571970F14D33}"
EndProject
Project("{FAE04EC0-301F-11D3-BF4B-00C04F79EFBC}") = "MyMonkeyAppWinNative", "MyMonkeyAppWinNative\MyMonkeyAppWinNative\MyMonkeyAppWinNative.csproj", "{8A6B24F9-9087-423B-A5FF-A8C0E217C153}"
EndProject
Global
	GlobalSection(SolutionConfigurationPlatforms) = preSolution
		Ad-Hoc|Any CPU = Ad-Hoc|Any CPU
		Ad-Hoc|ARM = Ad-Hoc|ARM
		Ad-Hoc|iPhone = Ad-Hoc|iPhone
		Ad-Hoc|iPhoneSimulator = Ad-Hoc|iPhoneSimulator
		Ad-Hoc|x64 = Ad-Hoc|x64
		Ad-Hoc|x86 = Ad-Hoc|x86
		AppStore|Any CPU = AppStore|Any CPU
		AppStore|ARM = AppStore|ARM
		AppStore|iPhone = AppStore|iPhone
		AppStore|iPhoneSimulator = AppStore|iPhoneSimulator
		AppStore|x64 = AppStore|x64
		AppStore|x86 = AppStore|x86
		Debug|Any CPU = Debug|Any CPU
		Debug|ARM = Debug|ARM
		Debug|iPhone = Debug|iPhone
		Debug|iPhoneSimulator = Debug|iPhoneSimulator
		Debug|x64 = Debug|x64
		Debug|x86 = Debug|x86
		Release|Any CPU = Release|Any CPU
		Release|ARM = Release|ARM
		Release|iPhone = Release|iPhone
		Release|iPhoneSimulator = Release|iPhoneSimulator
		Release|x64 = Release|x64
		Release|x86 = Release|x86
	EndGlobalSection
	GlobalSection(ProjectConfigurationPlatforms) = postSolution
		{050E00E3-436E-4BD7-B9F8-920E3243B1D5}.Ad-Hoc|Any CPU.ActiveCfg = Release|Any CPU
		{050E00E3-436E-4BD7-B9F8-920E3243B1D5}.Ad-Hoc|Any CPU.Build.0 = Release|Any CPU
		{050E00E3-436E-4BD7-B9F8-920E3243B1D5}.Ad-Hoc|Any CPU.Deploy.0 = Release|Any CPU
		{050E00E3-436E-4BD7-B9F8-920E3243B1D5}.Ad-Hoc|ARM.ActiveCfg = Release|Any CPU
		{050E00E3-436E-4BD7-B9F8-920E3243B1D5}.Ad-Hoc|ARM.Build.0 = Release|Any CPU
		{050E00E3-436E-4BD7-B9F8-920E3243B1D5}.Ad-Hoc|ARM.Deploy.0 = Release|Any CPU
		{050E00E3-436E-4BD7-B9F8-920E3243B1D5}.Ad-Hoc|iPhone.ActiveCfg = Release|Any CPU
		{050E00E3-436E-4BD7-B9F8-920E3243B1D5}.Ad-Hoc|iPhone.Build.0 = Release|Any CPU
		{050E00E3-436E-4BD7-B9F8-920E3243B1D5}.Ad-Hoc|iPhone.Deploy.0 = Release|Any CPU
		{050E00E3-436E-4BD7-B9F8-920E3243B1D5}.Ad-Hoc|iPhoneSimulator.ActiveCfg = Release|Any CPU
		{050E00E3-436E-4BD7-B9F8-920E3243B1D5}.Ad-Hoc|iPhoneSimulator.Build.0 = Release|Any CPU
		{050E00E3-436E-4BD7-B9F8-920E3243B1D5}.Ad-Hoc|iPhoneSimulator.Deploy.0 = Release|Any CPU
		{050E00E3-436E-4BD7-B9F8-920E3243B1D5}.Ad-Hoc|x64.ActiveCfg = Release|Any CPU
		{050E00E3-436E-4BD7-B9F8-920E3243B1D5}.Ad-Hoc|x64.Build.0 = Release|Any CPU
		{050E00E3-436E-4BD7-B9F8-920E3243B1D5}.Ad-Hoc|x64.Deploy.0 = Release|Any CPU
		{050E00E3-436E-4BD7-B9F8-920E3243B1D5}.Ad-Hoc|x86.ActiveCfg = Release|Any CPU
		{050E00E3-436E-4BD7-B9F8-920E3243B1D5}.Ad-Hoc|x86.Build.0 = Release|Any CPU
		{050E00E3-436E-4BD7-B9F8-920E3243B1D5}.Ad-Hoc|x86.Deploy.0 = Release|Any CPU
		{050E00E3-436E-4BD7-B9F8-920E3243B1D5}.AppStore|Any CPU.ActiveCfg = Release|Any CPU
		{050E00E3-436E-4BD7-B9F8-920E3243B1D5}.AppStore|Any CPU.Build.0 = Release|Any CPU
		{050E00E3-436E-4BD7-B9F8-920E3243B1D5}.AppStore|Any CPU.Deploy.0 = Release|Any CPU
		{050E00E3-436E-4BD7-B9F8-920E3243B1D5}.AppStore|ARM.ActiveCfg = Release|Any CPU
		{050E00E3-436E-4BD7-B9F8-920E3243B1D5}.AppStore|ARM.Build.0 = Release|Any CPU
		{050E00E3-436E-4BD7-B9F8-920E3243B1D5}.AppStore|ARM.Deploy.0 = Release|Any CPU
		{050E00E3-436E-4BD7-B9F8-920E3243B1D5}.AppStore|iPhone.ActiveCfg = Release|Any CPU
		{050E00E3-436E-4BD7-B9F8-920E3243B1D5}.AppStore|iPhone.Build.0 = Release|Any CPU
		{050E00E3-436E-4BD7-B9F8-920E3243B1D5}.AppStore|iPhone.Deploy.0 = Release|Any CPU
		{050E00E3-436E-4BD7-B9F8-920E3243B1D5}.AppStore|iPhoneSimulator.ActiveCfg = Release|Any CPU
		{050E00E3-436E-4BD7-B9F8-920E3243B1D5}.AppStore|iPhoneSimulator.Build.0 = Release|Any CPU
		{050E00E3-436E-4BD7-B9F8-920E3243B1D5}.AppStore|iPhoneSimulator.Deploy.0 = Release|Any CPU
		{050E00E3-436E-4BD7-B9F8-920E3243B1D5}.AppStore|x64.ActiveCfg = Release|Any CPU
		{050E00E3-436E-4BD7-B9F8-920E3243B1D5}.AppStore|x64.Build.0 = Release|Any CPU
		{050E00E3-436E-4BD7-B9F8-920E3243B1D5}.AppStore|x64.Deploy.0 = Release|Any CPU
		{050E00E3-436E-4BD7-B9F8-920E3243B1D5}.AppStore|x86.ActiveCfg = Release|Any CPU
		{050E00E3-436E-4BD7-B9F8-920E3243B1D5}.AppStore|x86.Build.0 = Release|Any CPU
		{050E00E3-436E-4BD7-B9F8-920E3243B1D5}.AppStore|x86.Deploy.0 = Release|Any CPU
		{050E00E3-436E-4BD7-B9F8-920E3243B1D5}.Debug|Any CPU.ActiveCfg = Debug|Any CPU
		{050E00E3-436E-4BD7-B9F8-920E3243B1D5}.Debug|Any CPU.Build.0 = Debug|Any CPU
		{050E00E3-436E-4BD7-B9F8-920E3243B1D5}.Debug|Any CPU.Deploy.0 = Debug|Any CPU
		{050E00E3-436E-4BD7-B9F8-920E3243B1D5}.Debug|ARM.ActiveCfg = Debug|Any CPU
		{050E00E3-436E-4BD7-B9F8-920E3243B1D5}.Debug|ARM.Build.0 = Debug|Any CPU
		{050E00E3-436E-4BD7-B9F8-920E3243B1D5}.Debug|ARM.Deploy.0 = Debug|Any CPU
		{050E00E3-436E-4BD7-B9F8-920E3243B1D5}.Debug|iPhone.ActiveCfg = Debug|Any CPU
		{050E00E3-436E-4BD7-B9F8-920E3243B1D5}.Debug|iPhone.Build.0 = Debug|Any CPU
		{050E00E3-436E-4BD7-B9F8-920E3243B1D5}.Debug|iPhone.Deploy.0 = Debug|Any CPU
		{050E00E3-436E-4BD7-B9F8-920E3243B1D5}.Debug|iPhoneSimulator.ActiveCfg = Debug|Any CPU
		{050E00E3-436E-4BD7-B9F8-920E3243B1D5}.Debug|iPhoneSimulator.Build.0 = Debug|Any CPU
		{050E00E3-436E-4BD7-B9F8-920E3243B1D5}.Debug|iPhoneSimulator.Deploy.0 = Debug|Any CPU
		{050E00E3-436E-4BD7-B9F8-920E3243B1D5}.Debug|x64.ActiveCfg = Debug|Any CPU
		{050E00E3-436E-4BD7-B9F8-920E3243B1D5}.Debug|x64.Build.0 = Debug|Any CPU
		{050E00E3-436E-4BD7-B9F8-920E3243B1D5}.Debug|x64.Deploy.0 = Debug|Any CPU
		{050E00E3-436E-4BD7-B9F8-920E3243B1D5}.Debug|x86.ActiveCfg = Debug|Any CPU
		{050E00E3-436E-4BD7-B9F8-920E3243B1D5}.Debug|x86.Build.0 = Debug|Any CPU
		{050E00E3-436E-4BD7-B9F8-920E3243B1D5}.Debug|x86.Deploy.0 = Debug|Any CPU
		{050E00E3-436E-4BD7-B9F8-920E3243B1D5}.Release|Any CPU.ActiveCfg = Release|Any CPU
		{050E00E3-436E-4BD7-B9F8-920E3243B1D5}.Release|Any CPU.Build.0 = Release|Any CPU
		{050E00E3-436E-4BD7-B9F8-920E3243B1D5}.Release|Any CPU.Deploy.0 = Release|Any CPU
		{050E00E3-436E-4BD7-B9F8-920E3243B1D5}.Release|ARM.ActiveCfg = Release|Any CPU
		{050E00E3-436E-4BD7-B9F8-920E3243B1D5}.Release|ARM.Build.0 = Release|Any CPU
		{050E00E3-436E-4BD7-B9F8-920E3243B1D5}.Release|ARM.Deploy.0 = Release|Any CPU
		{050E00E3-436E-4BD7-B9F8-920E3243B1D5}.Release|iPhone.ActiveCfg = Release|Any CPU
		{050E00E3-436E-4BD7-B9F8-920E3243B1D5}.Release|iPhone.Build.0 = Release|Any CPU
		{050E00E3-436E-4BD7-B9F8-920E3243B1D5}.Release|iPhone.Deploy.0 = Release|Any CPU
		{050E00E3-436E-4BD7-B9F8-920E3243B1D5}.Release|iPhoneSimulator.ActiveCfg = Release|Any CPU
		{050E00E3-436E-4BD7-B9F8-920E3243B1D5}.Release|iPhoneSimulator.Build.0 = Release|Any CPU
		{050E00E3-436E-4BD7-B9F8-920E3243B1D5}.Release|iPhoneSimulator.Deploy.0 = Release|Any CPU
		{050E00E3-436E-4BD7-B9F8-920E3243B1D5}.Release|x64.ActiveCfg = Release|Any CPU
		{050E00E3-436E-4BD7-B9F8-920E3243B1D5}.Release|x64.Build.0 = Release|Any CPU
		{050E00E3-436E-4BD7-B9F8-920E3243B1D5}.Release|x64.Deploy.0 = Release|Any CPU
		{050E00E3-436E-4BD7-B9F8-920E3243B1D5}.Release|x86.ActiveCfg = Release|Any CPU
		{050E00E3-436E-4BD7-B9F8-920E3243B1D5}.Release|x86.Build.0 = Release|Any CPU
		{050E00E3-436E-4BD7-B9F8-920E3243B1D5}.Release|x86.Deploy.0 = Release|Any CPU
		{53D1105D-7BA8-4DBC-B7F4-4CFA063A8E93}.Ad-Hoc|Any CPU.ActiveCfg = Ad-Hoc|iPhone
		{53D1105D-7BA8-4DBC-B7F4-4CFA063A8E93}.Ad-Hoc|ARM.ActiveCfg = Ad-Hoc|iPhone
		{53D1105D-7BA8-4DBC-B7F4-4CFA063A8E93}.Ad-Hoc|iPhone.ActiveCfg = Ad-Hoc|iPhone
		{53D1105D-7BA8-4DBC-B7F4-4CFA063A8E93}.Ad-Hoc|iPhone.Build.0 = Ad-Hoc|iPhone
		{53D1105D-7BA8-4DBC-B7F4-4CFA063A8E93}.Ad-Hoc|iPhoneSimulator.ActiveCfg = Ad-Hoc|iPhoneSimulator
		{53D1105D-7BA8-4DBC-B7F4-4CFA063A8E93}.Ad-Hoc|iPhoneSimulator.Build.0 = Ad-Hoc|iPhoneSimulator
		{53D1105D-7BA8-4DBC-B7F4-4CFA063A8E93}.Ad-Hoc|x64.ActiveCfg = Ad-Hoc|iPhone
		{53D1105D-7BA8-4DBC-B7F4-4CFA063A8E93}.Ad-Hoc|x86.ActiveCfg = Ad-Hoc|iPhone
		{53D1105D-7BA8-4DBC-B7F4-4CFA063A8E93}.AppStore|Any CPU.ActiveCfg = AppStore|iPhone
		{53D1105D-7BA8-4DBC-B7F4-4CFA063A8E93}.AppStore|ARM.ActiveCfg = AppStore|iPhone
		{53D1105D-7BA8-4DBC-B7F4-4CFA063A8E93}.AppStore|iPhone.ActiveCfg = AppStore|iPhone
		{53D1105D-7BA8-4DBC-B7F4-4CFA063A8E93}.AppStore|iPhone.Build.0 = AppStore|iPhone
		{53D1105D-7BA8-4DBC-B7F4-4CFA063A8E93}.AppStore|iPhoneSimulator.ActiveCfg = AppStore|iPhoneSimulator
		{53D1105D-7BA8-4DBC-B7F4-4CFA063A8E93}.AppStore|iPhoneSimulator.Build.0 = AppStore|iPhoneSimulator
		{53D1105D-7BA8-4DBC-B7F4-4CFA063A8E93}.AppStore|x64.ActiveCfg = AppStore|iPhone
		{53D1105D-7BA8-4DBC-B7F4-4CFA063A8E93}.AppStore|x86.ActiveCfg = AppStore|iPhone
		{53D1105D-7BA8-4DBC-B7F4-4CFA063A8E93}.Debug|Any CPU.ActiveCfg = Debug|iPhone
		{53D1105D-7BA8-4DBC-B7F4-4CFA063A8E93}.Debug|ARM.ActiveCfg = Debug|iPhone
		{53D1105D-7BA8-4DBC-B7F4-4CFA063A8E93}.Debug|iPhone.ActiveCfg = Debug|iPhone
		{53D1105D-7BA8-4DBC-B7F4-4CFA063A8E93}.Debug|iPhone.Build.0 = Debug|iPhone
		{53D1105D-7BA8-4DBC-B7F4-4CFA063A8E93}.Debug|iPhoneSimulator.ActiveCfg = Debug|iPhoneSimulator
		{53D1105D-7BA8-4DBC-B7F4-4CFA063A8E93}.Debug|iPhoneSimulator.Build.0 = Debug|iPhoneSimulator
		{53D1105D-7BA8-4DBC-B7F4-4CFA063A8E93}.Debug|x64.ActiveCfg = Debug|iPhone
		{53D1105D-7BA8-4DBC-B7F4-4CFA063A8E93}.Debug|x86.ActiveCfg = Debug|iPhone
		{53D1105D-7BA8-4DBC-B7F4-4CFA063A8E93}.Release|Any CPU.ActiveCfg = Release|iPhone
		{53D1105D-7BA8-4DBC-B7F4-4CFA063A8E93}.Release|ARM.ActiveCfg = Release|iPhone
		{53D1105D-7BA8-4DBC-B7F4-4CFA063A8E93}.Release|iPhone.ActiveCfg = Release|iPhone
		{53D1105D-7BA8-4DBC-B7F4-4CFA063A8E93}.Release|iPhone.Build.0 = Release|iPhone
		{53D1105D-7BA8-4DBC-B7F4-4CFA063A8E93}.Release|iPhoneSimulator.ActiveCfg = Release|iPhoneSimulator
		{53D1105D-7BA8-4DBC-B7F4-4CFA063A8E93}.Release|iPhoneSimulator.Build.0 = Release|iPhoneSimulator
		{53D1105D-7BA8-4DBC-B7F4-4CFA063A8E93}.Release|x64.ActiveCfg = Release|iPhone
		{53D1105D-7BA8-4DBC-B7F4-4CFA063A8E93}.Release|x86.ActiveCfg = Release|iPhone
		{712D9995-00E2-406E-A355-ECD4205E52D9}.Ad-Hoc|Any CPU.ActiveCfg = Release|Any CPU
		{712D9995-00E2-406E-A355-ECD4205E52D9}.Ad-Hoc|Any CPU.Build.0 = Release|Any CPU
		{712D9995-00E2-406E-A355-ECD4205E52D9}.Ad-Hoc|Any CPU.Deploy.0 = Release|Any CPU
		{712D9995-00E2-406E-A355-ECD4205E52D9}.Ad-Hoc|ARM.ActiveCfg = Release|ARM
		{712D9995-00E2-406E-A355-ECD4205E52D9}.Ad-Hoc|ARM.Build.0 = Release|ARM
		{712D9995-00E2-406E-A355-ECD4205E52D9}.Ad-Hoc|ARM.Deploy.0 = Release|ARM
		{712D9995-00E2-406E-A355-ECD4205E52D9}.Ad-Hoc|iPhone.ActiveCfg = Release|Any CPU
		{712D9995-00E2-406E-A355-ECD4205E52D9}.Ad-Hoc|iPhone.Build.0 = Release|Any CPU
		{712D9995-00E2-406E-A355-ECD4205E52D9}.Ad-Hoc|iPhone.Deploy.0 = Release|Any CPU
		{712D9995-00E2-406E-A355-ECD4205E52D9}.Ad-Hoc|iPhoneSimulator.ActiveCfg = Release|Any CPU
		{712D9995-00E2-406E-A355-ECD4205E52D9}.Ad-Hoc|iPhoneSimulator.Build.0 = Release|Any CPU
		{712D9995-00E2-406E-A355-ECD4205E52D9}.Ad-Hoc|iPhoneSimulator.Deploy.0 = Release|Any CPU
		{712D9995-00E2-406E-A355-ECD4205E52D9}.Ad-Hoc|x64.ActiveCfg = Release|Any CPU
		{712D9995-00E2-406E-A355-ECD4205E52D9}.Ad-Hoc|x64.Build.0 = Release|Any CPU
		{712D9995-00E2-406E-A355-ECD4205E52D9}.Ad-Hoc|x64.Deploy.0 = Release|Any CPU
		{712D9995-00E2-406E-A355-ECD4205E52D9}.Ad-Hoc|x86.ActiveCfg = Release|x86
		{712D9995-00E2-406E-A355-ECD4205E52D9}.Ad-Hoc|x86.Build.0 = Release|x86
		{712D9995-00E2-406E-A355-ECD4205E52D9}.Ad-Hoc|x86.Deploy.0 = Release|x86
		{712D9995-00E2-406E-A355-ECD4205E52D9}.AppStore|Any CPU.ActiveCfg = Release|Any CPU
		{712D9995-00E2-406E-A355-ECD4205E52D9}.AppStore|Any CPU.Build.0 = Release|Any CPU
		{712D9995-00E2-406E-A355-ECD4205E52D9}.AppStore|Any CPU.Deploy.0 = Release|Any CPU
		{712D9995-00E2-406E-A355-ECD4205E52D9}.AppStore|ARM.ActiveCfg = Release|ARM
		{712D9995-00E2-406E-A355-ECD4205E52D9}.AppStore|ARM.Build.0 = Release|ARM
		{712D9995-00E2-406E-A355-ECD4205E52D9}.AppStore|ARM.Deploy.0 = Release|ARM
		{712D9995-00E2-406E-A355-ECD4205E52D9}.AppStore|iPhone.ActiveCfg = Release|Any CPU
		{712D9995-00E2-406E-A355-ECD4205E52D9}.AppStore|iPhone.Build.0 = Release|Any CPU
		{712D9995-00E2-406E-A355-ECD4205E52D9}.AppStore|iPhone.Deploy.0 = Release|Any CPU
		{712D9995-00E2-406E-A355-ECD4205E52D9}.AppStore|iPhoneSimulator.ActiveCfg = Release|Any CPU
		{712D9995-00E2-406E-A355-ECD4205E52D9}.AppStore|iPhoneSimulator.Build.0 = Release|Any CPU
		{712D9995-00E2-406E-A355-ECD4205E52D9}.AppStore|iPhoneSimulator.Deploy.0 = Release|Any CPU
		{712D9995-00E2-406E-A355-ECD4205E52D9}.AppStore|x64.ActiveCfg = Release|Any CPU
		{712D9995-00E2-406E-A355-ECD4205E52D9}.AppStore|x64.Build.0 = Release|Any CPU
		{712D9995-00E2-406E-A355-ECD4205E52D9}.AppStore|x64.Deploy.0 = Release|Any CPU
		{712D9995-00E2-406E-A355-ECD4205E52D9}.AppStore|x86.ActiveCfg = Release|x86
		{712D9995-00E2-406E-A355-ECD4205E52D9}.AppStore|x86.Build.0 = Release|x86
		{712D9995-00E2-406E-A355-ECD4205E52D9}.AppStore|x86.Deploy.0 = Release|x86
		{712D9995-00E2-406E-A355-ECD4205E52D9}.Debug|Any CPU.ActiveCfg = Debug|Any CPU
		{712D9995-00E2-406E-A355-ECD4205E52D9}.Debug|Any CPU.Build.0 = Debug|Any CPU
		{712D9995-00E2-406E-A355-ECD4205E52D9}.Debug|Any CPU.Deploy.0 = Debug|Any CPU
		{712D9995-00E2-406E-A355-ECD4205E52D9}.Debug|ARM.ActiveCfg = Debug|ARM
		{712D9995-00E2-406E-A355-ECD4205E52D9}.Debug|ARM.Build.0 = Debug|ARM
		{712D9995-00E2-406E-A355-ECD4205E52D9}.Debug|ARM.Deploy.0 = Debug|ARM
		{712D9995-00E2-406E-A355-ECD4205E52D9}.Debug|iPhone.ActiveCfg = Debug|Any CPU
		{712D9995-00E2-406E-A355-ECD4205E52D9}.Debug|iPhone.Build.0 = Debug|Any CPU
		{712D9995-00E2-406E-A355-ECD4205E52D9}.Debug|iPhone.Deploy.0 = Debug|Any CPU
		{712D9995-00E2-406E-A355-ECD4205E52D9}.Debug|iPhoneSimulator.ActiveCfg = Debug|Any CPU
		{712D9995-00E2-406E-A355-ECD4205E52D9}.Debug|iPhoneSimulator.Build.0 = Debug|Any CPU
		{712D9995-00E2-406E-A355-ECD4205E52D9}.Debug|iPhoneSimulator.Deploy.0 = Debug|Any CPU
		{712D9995-00E2-406E-A355-ECD4205E52D9}.Debug|x64.ActiveCfg = Debug|Any CPU
		{712D9995-00E2-406E-A355-ECD4205E52D9}.Debug|x64.Build.0 = Debug|Any CPU
		{712D9995-00E2-406E-A355-ECD4205E52D9}.Debug|x64.Deploy.0 = Debug|Any CPU
		{712D9995-00E2-406E-A355-ECD4205E52D9}.Debug|x86.ActiveCfg = Debug|x86
		{712D9995-00E2-406E-A355-ECD4205E52D9}.Debug|x86.Build.0 = Debug|x86
		{712D9995-00E2-406E-A355-ECD4205E52D9}.Debug|x86.Deploy.0 = Debug|x86
		{712D9995-00E2-406E-A355-ECD4205E52D9}.Release|Any CPU.ActiveCfg = Release|Any CPU
		{712D9995-00E2-406E-A355-ECD4205E52D9}.Release|Any CPU.Build.0 = Release|Any CPU
		{712D9995-00E2-406E-A355-ECD4205E52D9}.Release|Any CPU.Deploy.0 = Release|Any CPU
		{712D9995-00E2-406E-A355-ECD4205E52D9}.Release|ARM.ActiveCfg = Release|ARM
		{712D9995-00E2-406E-A355-ECD4205E52D9}.Release|ARM.Build.0 = Release|ARM
		{712D9995-00E2-406E-A355-ECD4205E52D9}.Release|ARM.Deploy.0 = Release|ARM
		{712D9995-00E2-406E-A355-ECD4205E52D9}.Release|iPhone.ActiveCfg = Release|Any CPU
		{712D9995-00E2-406E-A355-ECD4205E52D9}.Release|iPhone.Build.0 = Release|Any CPU
		{712D9995-00E2-406E-A355-ECD4205E52D9}.Release|iPhone.Deploy.0 = Release|Any CPU
		{712D9995-00E2-406E-A355-ECD4205E52D9}.Release|iPhoneSimulator.ActiveCfg = Release|Any CPU
		{712D9995-00E2-406E-A355-ECD4205E52D9}.Release|iPhoneSimulator.Build.0 = Release|Any CPU
		{712D9995-00E2-406E-A355-ECD4205E52D9}.Release|iPhoneSimulator.Deploy.0 = Release|Any CPU
		{712D9995-00E2-406E-A355-ECD4205E52D9}.Release|x64.ActiveCfg = Release|Any CPU
		{712D9995-00E2-406E-A355-ECD4205E52D9}.Release|x64.Build.0 = Release|Any CPU
		{712D9995-00E2-406E-A355-ECD4205E52D9}.Release|x64.Deploy.0 = Release|Any CPU
		{712D9995-00E2-406E-A355-ECD4205E52D9}.Release|x86.ActiveCfg = Release|x86
		{712D9995-00E2-406E-A355-ECD4205E52D9}.Release|x86.Build.0 = Release|x86
		{712D9995-00E2-406E-A355-ECD4205E52D9}.Release|x86.Deploy.0 = Release|x86
		{4D421B6B-6D65-4493-B38F-6A5A7DAFD015}.Ad-Hoc|Any CPU.ActiveCfg = Release|x86
		{4D421B6B-6D65-4493-B38F-6A5A7DAFD015}.Ad-Hoc|Any CPU.Build.0 = Release|x86
		{4D421B6B-6D65-4493-B38F-6A5A7DAFD015}.Ad-Hoc|Any CPU.Deploy.0 = Release|x86
		{4D421B6B-6D65-4493-B38F-6A5A7DAFD015}.Ad-Hoc|ARM.ActiveCfg = Release|ARM
		{4D421B6B-6D65-4493-B38F-6A5A7DAFD015}.Ad-Hoc|ARM.Build.0 = Release|ARM
		{4D421B6B-6D65-4493-B38F-6A5A7DAFD015}.Ad-Hoc|ARM.Deploy.0 = Release|ARM
		{4D421B6B-6D65-4493-B38F-6A5A7DAFD015}.Ad-Hoc|iPhone.ActiveCfg = Release|x86
		{4D421B6B-6D65-4493-B38F-6A5A7DAFD015}.Ad-Hoc|iPhone.Build.0 = Release|x86
		{4D421B6B-6D65-4493-B38F-6A5A7DAFD015}.Ad-Hoc|iPhone.Deploy.0 = Release|x86
		{4D421B6B-6D65-4493-B38F-6A5A7DAFD015}.Ad-Hoc|iPhoneSimulator.ActiveCfg = Release|x86
		{4D421B6B-6D65-4493-B38F-6A5A7DAFD015}.Ad-Hoc|iPhoneSimulator.Build.0 = Release|x86
		{4D421B6B-6D65-4493-B38F-6A5A7DAFD015}.Ad-Hoc|iPhoneSimulator.Deploy.0 = Release|x86
		{4D421B6B-6D65-4493-B38F-6A5A7DAFD015}.Ad-Hoc|x64.ActiveCfg = Release|x64
		{4D421B6B-6D65-4493-B38F-6A5A7DAFD015}.Ad-Hoc|x64.Build.0 = Release|x64
		{4D421B6B-6D65-4493-B38F-6A5A7DAFD015}.Ad-Hoc|x64.Deploy.0 = Release|x64
		{4D421B6B-6D65-4493-B38F-6A5A7DAFD015}.Ad-Hoc|x86.ActiveCfg = Release|x86
		{4D421B6B-6D65-4493-B38F-6A5A7DAFD015}.Ad-Hoc|x86.Build.0 = Release|x86
		{4D421B6B-6D65-4493-B38F-6A5A7DAFD015}.Ad-Hoc|x86.Deploy.0 = Release|x86
		{4D421B6B-6D65-4493-B38F-6A5A7DAFD015}.AppStore|Any CPU.ActiveCfg = Release|x86
		{4D421B6B-6D65-4493-B38F-6A5A7DAFD015}.AppStore|Any CPU.Build.0 = Release|x86
		{4D421B6B-6D65-4493-B38F-6A5A7DAFD015}.AppStore|Any CPU.Deploy.0 = Release|x86
		{4D421B6B-6D65-4493-B38F-6A5A7DAFD015}.AppStore|ARM.ActiveCfg = Release|ARM
		{4D421B6B-6D65-4493-B38F-6A5A7DAFD015}.AppStore|ARM.Build.0 = Release|ARM
		{4D421B6B-6D65-4493-B38F-6A5A7DAFD015}.AppStore|ARM.Deploy.0 = Release|ARM
		{4D421B6B-6D65-4493-B38F-6A5A7DAFD015}.AppStore|iPhone.ActiveCfg = Release|x86
		{4D421B6B-6D65-4493-B38F-6A5A7DAFD015}.AppStore|iPhone.Build.0 = Release|x86
		{4D421B6B-6D65-4493-B38F-6A5A7DAFD015}.AppStore|iPhone.Deploy.0 = Release|x86
		{4D421B6B-6D65-4493-B38F-6A5A7DAFD015}.AppStore|iPhoneSimulator.ActiveCfg = Release|x86
		{4D421B6B-6D65-4493-B38F-6A5A7DAFD015}.AppStore|iPhoneSimulator.Build.0 = Release|x86
		{4D421B6B-6D65-4493-B38F-6A5A7DAFD015}.AppStore|iPhoneSimulator.Deploy.0 = Release|x86
		{4D421B6B-6D65-4493-B38F-6A5A7DAFD015}.AppStore|x64.ActiveCfg = Release|x64
		{4D421B6B-6D65-4493-B38F-6A5A7DAFD015}.AppStore|x64.Build.0 = Release|x64
		{4D421B6B-6D65-4493-B38F-6A5A7DAFD015}.AppStore|x64.Deploy.0 = Release|x64
		{4D421B6B-6D65-4493-B38F-6A5A7DAFD015}.AppStore|x86.ActiveCfg = Release|x86
		{4D421B6B-6D65-4493-B38F-6A5A7DAFD015}.AppStore|x86.Build.0 = Release|x86
		{4D421B6B-6D65-4493-B38F-6A5A7DAFD015}.AppStore|x86.Deploy.0 = Release|x86
		{4D421B6B-6D65-4493-B38F-6A5A7DAFD015}.Debug|Any CPU.ActiveCfg = Debug|x86
		{4D421B6B-6D65-4493-B38F-6A5A7DAFD015}.Debug|ARM.ActiveCfg = Debug|ARM
		{4D421B6B-6D65-4493-B38F-6A5A7DAFD015}.Debug|ARM.Build.0 = Debug|ARM
		{4D421B6B-6D65-4493-B38F-6A5A7DAFD015}.Debug|ARM.Deploy.0 = Debug|ARM
		{4D421B6B-6D65-4493-B38F-6A5A7DAFD015}.Debug|iPhone.ActiveCfg = Debug|x86
		{4D421B6B-6D65-4493-B38F-6A5A7DAFD015}.Debug|iPhoneSimulator.ActiveCfg = Debug|x86
		{4D421B6B-6D65-4493-B38F-6A5A7DAFD015}.Debug|x64.ActiveCfg = Debug|x64
		{4D421B6B-6D65-4493-B38F-6A5A7DAFD015}.Debug|x64.Build.0 = Debug|x64
		{4D421B6B-6D65-4493-B38F-6A5A7DAFD015}.Debug|x64.Deploy.0 = Debug|x64
		{4D421B6B-6D65-4493-B38F-6A5A7DAFD015}.Debug|x86.ActiveCfg = Debug|x86
		{4D421B6B-6D65-4493-B38F-6A5A7DAFD015}.Debug|x86.Build.0 = Debug|x86
		{4D421B6B-6D65-4493-B38F-6A5A7DAFD015}.Debug|x86.Deploy.0 = Debug|x86
		{4D421B6B-6D65-4493-B38F-6A5A7DAFD015}.Release|Any CPU.ActiveCfg = Release|x86
		{4D421B6B-6D65-4493-B38F-6A5A7DAFD015}.Release|ARM.ActiveCfg = Release|ARM
		{4D421B6B-6D65-4493-B38F-6A5A7DAFD015}.Release|ARM.Build.0 = Release|ARM
		{4D421B6B-6D65-4493-B38F-6A5A7DAFD015}.Release|ARM.Deploy.0 = Release|ARM
		{4D421B6B-6D65-4493-B38F-6A5A7DAFD015}.Release|iPhone.ActiveCfg = Release|x86
		{4D421B6B-6D65-4493-B38F-6A5A7DAFD015}.Release|iPhoneSimulator.ActiveCfg = Release|x86
		{4D421B6B-6D65-4493-B38F-6A5A7DAFD015}.Release|x64.ActiveCfg = Release|x64
		{4D421B6B-6D65-4493-B38F-6A5A7DAFD015}.Release|x64.Build.0 = Release|x64
		{4D421B6B-6D65-4493-B38F-6A5A7DAFD015}.Release|x64.Deploy.0 = Release|x64
		{4D421B6B-6D65-4493-B38F-6A5A7DAFD015}.Release|x86.ActiveCfg = Release|x86
		{4D421B6B-6D65-4493-B38F-6A5A7DAFD015}.Release|x86.Build.0 = Release|x86
		{4D421B6B-6D65-4493-B38F-6A5A7DAFD015}.Release|x86.Deploy.0 = Release|x86
		{BF35EBF3-8D6C-41D1-962F-571970F14D33}.Ad-Hoc|Any CPU.ActiveCfg = Release|Any CPU
		{BF35EBF3-8D6C-41D1-962F-571970F14D33}.Ad-Hoc|Any CPU.Build.0 = Release|Any CPU
		{BF35EBF3-8D6C-41D1-962F-571970F14D33}.Ad-Hoc|Any CPU.Deploy.0 = Release|Any CPU
		{BF35EBF3-8D6C-41D1-962F-571970F14D33}.Ad-Hoc|ARM.ActiveCfg = Release|ARM
		{BF35EBF3-8D6C-41D1-962F-571970F14D33}.Ad-Hoc|ARM.Build.0 = Release|ARM
		{BF35EBF3-8D6C-41D1-962F-571970F14D33}.Ad-Hoc|ARM.Deploy.0 = Release|ARM
		{BF35EBF3-8D6C-41D1-962F-571970F14D33}.Ad-Hoc|iPhone.ActiveCfg = Release|Any CPU
		{BF35EBF3-8D6C-41D1-962F-571970F14D33}.Ad-Hoc|iPhone.Build.0 = Release|Any CPU
		{BF35EBF3-8D6C-41D1-962F-571970F14D33}.Ad-Hoc|iPhone.Deploy.0 = Release|Any CPU
		{BF35EBF3-8D6C-41D1-962F-571970F14D33}.Ad-Hoc|iPhoneSimulator.ActiveCfg = Release|Any CPU
		{BF35EBF3-8D6C-41D1-962F-571970F14D33}.Ad-Hoc|iPhoneSimulator.Build.0 = Release|Any CPU
		{BF35EBF3-8D6C-41D1-962F-571970F14D33}.Ad-Hoc|iPhoneSimulator.Deploy.0 = Release|Any CPU
		{BF35EBF3-8D6C-41D1-962F-571970F14D33}.Ad-Hoc|x64.ActiveCfg = Release|x64
		{BF35EBF3-8D6C-41D1-962F-571970F14D33}.Ad-Hoc|x64.Build.0 = Release|x64
		{BF35EBF3-8D6C-41D1-962F-571970F14D33}.Ad-Hoc|x64.Deploy.0 = Release|x64
		{BF35EBF3-8D6C-41D1-962F-571970F14D33}.Ad-Hoc|x86.ActiveCfg = Release|x86
		{BF35EBF3-8D6C-41D1-962F-571970F14D33}.Ad-Hoc|x86.Build.0 = Release|x86
		{BF35EBF3-8D6C-41D1-962F-571970F14D33}.Ad-Hoc|x86.Deploy.0 = Release|x86
		{BF35EBF3-8D6C-41D1-962F-571970F14D33}.AppStore|Any CPU.ActiveCfg = Release|Any CPU
		{BF35EBF3-8D6C-41D1-962F-571970F14D33}.AppStore|Any CPU.Build.0 = Release|Any CPU
		{BF35EBF3-8D6C-41D1-962F-571970F14D33}.AppStore|Any CPU.Deploy.0 = Release|Any CPU
		{BF35EBF3-8D6C-41D1-962F-571970F14D33}.AppStore|ARM.ActiveCfg = Release|ARM
		{BF35EBF3-8D6C-41D1-962F-571970F14D33}.AppStore|ARM.Build.0 = Release|ARM
		{BF35EBF3-8D6C-41D1-962F-571970F14D33}.AppStore|ARM.Deploy.0 = Release|ARM
		{BF35EBF3-8D6C-41D1-962F-571970F14D33}.AppStore|iPhone.ActiveCfg = Release|Any CPU
		{BF35EBF3-8D6C-41D1-962F-571970F14D33}.AppStore|iPhone.Build.0 = Release|Any CPU
		{BF35EBF3-8D6C-41D1-962F-571970F14D33}.AppStore|iPhone.Deploy.0 = Release|Any CPU
		{BF35EBF3-8D6C-41D1-962F-571970F14D33}.AppStore|iPhoneSimulator.ActiveCfg = Release|Any CPU
		{BF35EBF3-8D6C-41D1-962F-571970F14D33}.AppStore|iPhoneSimulator.Build.0 = Release|Any CPU
		{BF35EBF3-8D6C-41D1-962F-571970F14D33}.AppStore|iPhoneSimulator.Deploy.0 = Release|Any CPU
		{BF35EBF3-8D6C-41D1-962F-571970F14D33}.AppStore|x64.ActiveCfg = Release|x64
		{BF35EBF3-8D6C-41D1-962F-571970F14D33}.AppStore|x64.Build.0 = Release|x64
		{BF35EBF3-8D6C-41D1-962F-571970F14D33}.AppStore|x64.Deploy.0 = Release|x64
		{BF35EBF3-8D6C-41D1-962F-571970F14D33}.AppStore|x86.ActiveCfg = Release|x86
		{BF35EBF3-8D6C-41D1-962F-571970F14D33}.AppStore|x86.Build.0 = Release|x86
		{BF35EBF3-8D6C-41D1-962F-571970F14D33}.AppStore|x86.Deploy.0 = Release|x86
		{BF35EBF3-8D6C-41D1-962F-571970F14D33}.Debug|Any CPU.ActiveCfg = Debug|Any CPU
		{BF35EBF3-8D6C-41D1-962F-571970F14D33}.Debug|Any CPU.Build.0 = Debug|Any CPU
		{BF35EBF3-8D6C-41D1-962F-571970F14D33}.Debug|Any CPU.Deploy.0 = Debug|Any CPU
		{BF35EBF3-8D6C-41D1-962F-571970F14D33}.Debug|ARM.ActiveCfg = Debug|ARM
		{BF35EBF3-8D6C-41D1-962F-571970F14D33}.Debug|ARM.Build.0 = Debug|ARM
		{BF35EBF3-8D6C-41D1-962F-571970F14D33}.Debug|ARM.Deploy.0 = Debug|ARM
		{BF35EBF3-8D6C-41D1-962F-571970F14D33}.Debug|iPhone.ActiveCfg = Debug|Any CPU
		{BF35EBF3-8D6C-41D1-962F-571970F14D33}.Debug|iPhone.Build.0 = Debug|Any CPU
		{BF35EBF3-8D6C-41D1-962F-571970F14D33}.Debug|iPhone.Deploy.0 = Debug|Any CPU
		{BF35EBF3-8D6C-41D1-962F-571970F14D33}.Debug|iPhoneSimulator.ActiveCfg = Debug|Any CPU
		{BF35EBF3-8D6C-41D1-962F-571970F14D33}.Debug|iPhoneSimulator.Build.0 = Debug|Any CPU
		{BF35EBF3-8D6C-41D1-962F-571970F14D33}.Debug|iPhoneSimulator.Deploy.0 = Debug|Any CPU
		{BF35EBF3-8D6C-41D1-962F-571970F14D33}.Debug|x64.ActiveCfg = Debug|x64
		{BF35EBF3-8D6C-41D1-962F-571970F14D33}.Debug|x64.Build.0 = Debug|x64
		{BF35EBF3-8D6C-41D1-962F-571970F14D33}.Debug|x64.Deploy.0 = Debug|x64
		{BF35EBF3-8D6C-41D1-962F-571970F14D33}.Debug|x86.ActiveCfg = Debug|x86
		{BF35EBF3-8D6C-41D1-962F-571970F14D33}.Debug|x86.Build.0 = Debug|x86
		{BF35EBF3-8D6C-41D1-962F-571970F14D33}.Debug|x86.Deploy.0 = Debug|x86
		{BF35EBF3-8D6C-41D1-962F-571970F14D33}.Release|Any CPU.ActiveCfg = Release|Any CPU
		{BF35EBF3-8D6C-41D1-962F-571970F14D33}.Release|Any CPU.Build.0 = Release|Any CPU
		{BF35EBF3-8D6C-41D1-962F-571970F14D33}.Release|Any CPU.Deploy.0 = Release|Any CPU
		{BF35EBF3-8D6C-41D1-962F-571970F14D33}.Release|ARM.ActiveCfg = Release|ARM
		{BF35EBF3-8D6C-41D1-962F-571970F14D33}.Release|ARM.Build.0 = Release|ARM
		{BF35EBF3-8D6C-41D1-962F-571970F14D33}.Release|ARM.Deploy.0 = Release|ARM
		{BF35EBF3-8D6C-41D1-962F-571970F14D33}.Release|iPhone.ActiveCfg = Release|Any CPU
		{BF35EBF3-8D6C-41D1-962F-571970F14D33}.Release|iPhone.Build.0 = Release|Any CPU
		{BF35EBF3-8D6C-41D1-962F-571970F14D33}.Release|iPhone.Deploy.0 = Release|Any CPU
		{BF35EBF3-8D6C-41D1-962F-571970F14D33}.Release|iPhoneSimulator.ActiveCfg = Release|Any CPU
		{BF35EBF3-8D6C-41D1-962F-571970F14D33}.Release|iPhoneSimulator.Build.0 = Release|Any CPU
		{BF35EBF3-8D6C-41D1-962F-571970F14D33}.Release|iPhoneSimulator.Deploy.0 = Release|Any CPU
		{BF35EBF3-8D6C-41D1-962F-571970F14D33}.Release|x64.ActiveCfg = Release|x64
		{BF35EBF3-8D6C-41D1-962F-571970F14D33}.Release|x64.Build.0 = Release|x64
		{BF35EBF3-8D6C-41D1-962F-571970F14D33}.Release|x64.Deploy.0 = Release|x64
		{BF35EBF3-8D6C-41D1-962F-571970F14D33}.Release|x86.ActiveCfg = Release|x86
		{BF35EBF3-8D6C-41D1-962F-571970F14D33}.Release|x86.Build.0 = Release|x86
		{BF35EBF3-8D6C-41D1-962F-571970F14D33}.Release|x86.Deploy.0 = Release|x86
		{8A6B24F9-9087-423B-A5FF-A8C0E217C153}.Ad-Hoc|Any CPU.ActiveCfg = Release|Any CPU
		{8A6B24F9-9087-423B-A5FF-A8C0E217C153}.Ad-Hoc|Any CPU.Build.0 = Release|Any CPU
		{8A6B24F9-9087-423B-A5FF-A8C0E217C153}.Ad-Hoc|ARM.ActiveCfg = Release|Any CPU
		{8A6B24F9-9087-423B-A5FF-A8C0E217C153}.Ad-Hoc|ARM.Build.0 = Release|Any CPU
		{8A6B24F9-9087-423B-A5FF-A8C0E217C153}.Ad-Hoc|iPhone.ActiveCfg = Release|Any CPU
		{8A6B24F9-9087-423B-A5FF-A8C0E217C153}.Ad-Hoc|iPhone.Build.0 = Release|Any CPU
		{8A6B24F9-9087-423B-A5FF-A8C0E217C153}.Ad-Hoc|iPhoneSimulator.ActiveCfg = Release|Any CPU
		{8A6B24F9-9087-423B-A5FF-A8C0E217C153}.Ad-Hoc|iPhoneSimulator.Build.0 = Release|Any CPU
		{8A6B24F9-9087-423B-A5FF-A8C0E217C153}.Ad-Hoc|x64.ActiveCfg = Release|Any CPU
		{8A6B24F9-9087-423B-A5FF-A8C0E217C153}.Ad-Hoc|x64.Build.0 = Release|Any CPU
		{8A6B24F9-9087-423B-A5FF-A8C0E217C153}.Ad-Hoc|x86.ActiveCfg = Release|Any CPU
		{8A6B24F9-9087-423B-A5FF-A8C0E217C153}.Ad-Hoc|x86.Build.0 = Release|Any CPU
		{8A6B24F9-9087-423B-A5FF-A8C0E217C153}.AppStore|Any CPU.ActiveCfg = Release|Any CPU
		{8A6B24F9-9087-423B-A5FF-A8C0E217C153}.AppStore|Any CPU.Build.0 = Release|Any CPU
		{8A6B24F9-9087-423B-A5FF-A8C0E217C153}.AppStore|ARM.ActiveCfg = Release|Any CPU
		{8A6B24F9-9087-423B-A5FF-A8C0E217C153}.AppStore|ARM.Build.0 = Release|Any CPU
		{8A6B24F9-9087-423B-A5FF-A8C0E217C153}.AppStore|iPhone.ActiveCfg = Release|Any CPU
		{8A6B24F9-9087-423B-A5FF-A8C0E217C153}.AppStore|iPhone.Build.0 = Release|Any CPU
		{8A6B24F9-9087-423B-A5FF-A8C0E217C153}.AppStore|iPhoneSimulator.ActiveCfg = Release|Any CPU
		{8A6B24F9-9087-423B-A5FF-A8C0E217C153}.AppStore|iPhoneSimulator.Build.0 = Release|Any CPU
		{8A6B24F9-9087-423B-A5FF-A8C0E217C153}.AppStore|x64.ActiveCfg = Release|Any CPU
		{8A6B24F9-9087-423B-A5FF-A8C0E217C153}.AppStore|x64.Build.0 = Release|Any CPU
		{8A6B24F9-9087-423B-A5FF-A8C0E217C153}.AppStore|x86.ActiveCfg = Release|Any CPU
		{8A6B24F9-9087-423B-A5FF-A8C0E217C153}.AppStore|x86.Build.0 = Release|Any CPU
		{8A6B24F9-9087-423B-A5FF-A8C0E217C153}.Debug|Any CPU.ActiveCfg = Debug|Any CPU
		{8A6B24F9-9087-423B-A5FF-A8C0E217C153}.Debug|Any CPU.Build.0 = Debug|Any CPU
		{8A6B24F9-9087-423B-A5FF-A8C0E217C153}.Debug|ARM.ActiveCfg = Debug|Any CPU
		{8A6B24F9-9087-423B-A5FF-A8C0E217C153}.Debug|ARM.Build.0 = Debug|Any CPU
		{8A6B24F9-9087-423B-A5FF-A8C0E217C153}.Debug|iPhone.ActiveCfg = Debug|Any CPU
		{8A6B24F9-9087-423B-A5FF-A8C0E217C153}.Debug|iPhone.Build.0 = Debug|Any CPU
		{8A6B24F9-9087-423B-A5FF-A8C0E217C153}.Debug|iPhoneSimulator.ActiveCfg = Debug|Any CPU
		{8A6B24F9-9087-423B-A5FF-A8C0E217C153}.Debug|iPhoneSimulator.Build.0 = Debug|Any CPU
		{8A6B24F9-9087-423B-A5FF-A8C0E217C153}.Debug|x64.ActiveCfg = Debug|Any CPU
		{8A6B24F9-9087-423B-A5FF-A8C0E217C153}.Debug|x64.Build.0 = Debug|Any CPU
		{8A6B24F9-9087-423B-A5FF-A8C0E217C153}.Debug|x86.ActiveCfg = Debug|Any CPU
		{8A6B24F9-9087-423B-A5FF-A8C0E217C153}.Debug|x86.Build.0 = Debug|Any CPU
		{8A6B24F9-9087-423B-A5FF-A8C0E217C153}.Release|Any CPU.ActiveCfg = Release|Any CPU
		{8A6B24F9-9087-423B-A5FF-A8C0E217C153}.Release|Any CPU.Build.0 = Release|Any CPU
		{8A6B24F9-9087-423B-A5FF-A8C0E217C153}.Release|ARM.ActiveCfg = Release|Any CPU
		{8A6B24F9-9087-423B-A5FF-A8C0E217C153}.Release|ARM.Build.0 = Release|Any CPU
		{8A6B24F9-9087-423B-A5FF-A8C0E217C153}.Release|iPhone.ActiveCfg = Release|Any CPU
		{8A6B24F9-9087-423B-A5FF-A8C0E217C153}.Release|iPhone.Build.0 = Release|Any CPU
		{8A6B24F9-9087-423B-A5FF-A8C0E217C153}.Release|iPhoneSimulator.ActiveCfg = Release|Any CPU
		{8A6B24F9-9087-423B-A5FF-A8C0E217C153}.Release|iPhoneSimulator.Build.0 = Release|Any CPU
		{8A6B24F9-9087-423B-A5FF-A8C0E217C153}.Release|x64.ActiveCfg = Release|Any CPU
		{8A6B24F9-9087-423B-A5FF-A8C0E217C153}.Release|x64.Build.0 = Release|Any CPU
		{8A6B24F9-9087-423B-A5FF-A8C0E217C153}.Release|x86.ActiveCfg = Release|Any CPU
		{8A6B24F9-9087-423B-A5FF-A8C0E217C153}.Release|x86.Build.0 = Release|Any CPU
	EndGlobalSection
	GlobalSection(SolutionProperties) = preSolution
		HideSolutionNode = FALSE
	EndGlobalSection
EndGlobal
