
Microsoft Visual Studio Solution File, Format Version 12.00
# Visual Studio 14
VisualStudioVersion = 14.0.25123.0
MinimumVisualStudioVersion = 10.0.40219.1
Project("{FAE04EC0-301F-11D3-BF4B-00C04F79EFBC}") = "XamarinFormsDemo.Droid", "XamarinFormsDemo\XamarinFormsDemo.Droid\XamarinFormsDemo.Droid.csproj", "{498880E7-B441-4021-A6C6-B9F8E3D73DF2}"
EndProject
Project("{FAE04EC0-301F-11D3-BF4B-00C04F79EFBC}") = "XamarinFormsDemo.iOS", "XamarinFormsDemo\XamarinFormsDemo.iOS\XamarinFormsDemo.iOS.csproj", "{EB939FB3-F871-49A2-985F-F7CD652B056D}"
EndProject
Project("{FAE04EC0-301F-11D3-BF4B-00C04F79EFBC}") = "XamarinFormsDemo.WinPhone", "XamarinFormsDemo\XamarinFormsDemo.WinPhone\XamarinFormsDemo.WinPhone.csproj", "{01B6BFBC-CF11-4999-BC53-83B5F5A31CD3}"
EndProject
Project("{FAE04EC0-301F-11D3-BF4B-00C04F79EFBC}") = "XamarinFormsDemo.UWP", "XamarinFormsDemo\XamarinFormsDemo.UWP\XamarinFormsDemo.UWP.csproj", "{6B074417-947C-49FD-97B3-7F5CB4D11AAA}"
EndProject
Project("{FAE04EC0-301F-11D3-BF4B-00C04F79EFBC}") = "XamarinFormsDemo.Windows", "XamarinFormsDemo\XamarinFormsDemo.Windows\XamarinFormsDemo.Windows.csproj", "{76827426-8E4C-4B14-93B3-801693B725A5}"
EndProject
Project("{FAE04EC0-301F-11D3-BF4B-00C04F79EFBC}") = "XamarinFormsDemo", "XamarinFormsDemo\XamarinFormsDemo\XamarinFormsDemo.csproj", "{792FF73E-1472-4FC5-8A2D-88F2B79A3ED1}"
EndProject
Global
	GlobalSection(SolutionConfigurationPlatforms) = preSolution
		Ad-Hoc|Any CPU = Ad-Hoc|Any CPU
		Ad-Hoc|ARM = Ad-Hoc|ARM
		Ad-Hoc|iPhone = Ad-Hoc|iPhone
		Ad-Hoc|iPhoneSimulator = Ad-Hoc|iPhoneSimulator
		Ad-Hoc|x64 = Ad-Hoc|x64
		Ad-Hoc|x86 = Ad-Hoc|x86
		AppStore|Any CPU = AppStore|Any CPU
		AppStore|ARM = AppStore|ARM
		AppStore|iPhone = AppStore|iPhone
		AppStore|iPhoneSimulator = AppStore|iPhoneSimulator
		AppStore|x64 = AppStore|x64
		AppStore|x86 = AppStore|x86
		Debug|Any CPU = Debug|Any CPU
		Debug|ARM = Debug|ARM
		Debug|iPhone = Debug|iPhone
		Debug|iPhoneSimulator = Debug|iPhoneSimulator
		Debug|x64 = Debug|x64
		Debug|x86 = Debug|x86
		Release|Any CPU = Release|Any CPU
		Release|ARM = Release|ARM
		Release|iPhone = Release|iPhone
		Release|iPhoneSimulator = Release|iPhoneSimulator
		Release|x64 = Release|x64
		Release|x86 = Release|x86
	EndGlobalSection
	GlobalSection(ProjectConfigurationPlatforms) = postSolution
		{498880E7-B441-4021-A6C6-B9F8E3D73DF2}.Ad-Hoc|Any CPU.ActiveCfg = Release|Any CPU
		{498880E7-B441-4021-A6C6-B9F8E3D73DF2}.Ad-Hoc|Any CPU.Build.0 = Release|Any CPU
		{498880E7-B441-4021-A6C6-B9F8E3D73DF2}.Ad-Hoc|Any CPU.Deploy.0 = Release|Any CPU
		{498880E7-B441-4021-A6C6-B9F8E3D73DF2}.Ad-Hoc|ARM.ActiveCfg = Release|Any CPU
		{498880E7-B441-4021-A6C6-B9F8E3D73DF2}.Ad-Hoc|ARM.Build.0 = Release|Any CPU
		{498880E7-B441-4021-A6C6-B9F8E3D73DF2}.Ad-Hoc|ARM.Deploy.0 = Release|Any CPU
		{498880E7-B441-4021-A6C6-B9F8E3D73DF2}.Ad-Hoc|iPhone.ActiveCfg = Release|Any CPU
		{498880E7-B441-4021-A6C6-B9F8E3D73DF2}.Ad-Hoc|iPhone.Build.0 = Release|Any CPU
		{498880E7-B441-4021-A6C6-B9F8E3D73DF2}.Ad-Hoc|iPhone.Deploy.0 = Release|Any CPU
		{498880E7-B441-4021-A6C6-B9F8E3D73DF2}.Ad-Hoc|iPhoneSimulator.ActiveCfg = Release|Any CPU
		{498880E7-B441-4021-A6C6-B9F8E3D73DF2}.Ad-Hoc|iPhoneSimulator.Build.0 = Release|Any CPU
		{498880E7-B441-4021-A6C6-B9F8E3D73DF2}.Ad-Hoc|iPhoneSimulator.Deploy.0 = Release|Any CPU
		{498880E7-B441-4021-A6C6-B9F8E3D73DF2}.Ad-Hoc|x64.ActiveCfg = Release|Any CPU
		{498880E7-B441-4021-A6C6-B9F8E3D73DF2}.Ad-Hoc|x64.Build.0 = Release|Any CPU
		{498880E7-B441-4021-A6C6-B9F8E3D73DF2}.Ad-Hoc|x64.Deploy.0 = Release|Any CPU
		{498880E7-B441-4021-A6C6-B9F8E3D73DF2}.Ad-Hoc|x86.ActiveCfg = Release|Any CPU
		{498880E7-B441-4021-A6C6-B9F8E3D73DF2}.Ad-Hoc|x86.Build.0 = Release|Any CPU
		{498880E7-B441-4021-A6C6-B9F8E3D73DF2}.Ad-Hoc|x86.Deploy.0 = Release|Any CPU
		{498880E7-B441-4021-A6C6-B9F8E3D73DF2}.AppStore|Any CPU.ActiveCfg = Release|Any CPU
		{498880E7-B441-4021-A6C6-B9F8E3D73DF2}.AppStore|Any CPU.Build.0 = Release|Any CPU
		{498880E7-B441-4021-A6C6-B9F8E3D73DF2}.AppStore|Any CPU.Deploy.0 = Release|Any CPU
		{498880E7-B441-4021-A6C6-B9F8E3D73DF2}.AppStore|ARM.ActiveCfg = Release|Any CPU
		{498880E7-B441-4021-A6C6-B9F8E3D73DF2}.AppStore|ARM.Build.0 = Release|Any CPU
		{498880E7-B441-4021-A6C6-B9F8E3D73DF2}.AppStore|ARM.Deploy.0 = Release|Any CPU
		{498880E7-B441-4021-A6C6-B9F8E3D73DF2}.AppStore|iPhone.ActiveCfg = Release|Any CPU
		{498880E7-B441-4021-A6C6-B9F8E3D73DF2}.AppStore|iPhone.Build.0 = Release|Any CPU
		{498880E7-B441-4021-A6C6-B9F8E3D73DF2}.AppStore|iPhone.Deploy.0 = Release|Any CPU
		{498880E7-B441-4021-A6C6-B9F8E3D73DF2}.AppStore|iPhoneSimulator.ActiveCfg = Release|Any CPU
		{498880E7-B441-4021-A6C6-B9F8E3D73DF2}.AppStore|iPhoneSimulator.Build.0 = Release|Any CPU
		{498880E7-B441-4021-A6C6-B9F8E3D73DF2}.AppStore|iPhoneSimulator.Deploy.0 = Release|Any CPU
		{498880E7-B441-4021-A6C6-B9F8E3D73DF2}.AppStore|x64.ActiveCfg = Release|Any CPU
		{498880E7-B441-4021-A6C6-B9F8E3D73DF2}.AppStore|x64.Build.0 = Release|Any CPU
		{498880E7-B441-4021-A6C6-B9F8E3D73DF2}.AppStore|x64.Deploy.0 = Release|Any CPU
		{498880E7-B441-4021-A6C6-B9F8E3D73DF2}.AppStore|x86.ActiveCfg = Release|Any CPU
		{498880E7-B441-4021-A6C6-B9F8E3D73DF2}.AppStore|x86.Build.0 = Release|Any CPU
		{498880E7-B441-4021-A6C6-B9F8E3D73DF2}.AppStore|x86.Deploy.0 = Release|Any CPU
		{498880E7-B441-4021-A6C6-B9F8E3D73DF2}.Debug|Any CPU.ActiveCfg = Debug|Any CPU
		{498880E7-B441-4021-A6C6-B9F8E3D73DF2}.Debug|Any CPU.Build.0 = Debug|Any CPU
		{498880E7-B441-4021-A6C6-B9F8E3D73DF2}.Debug|Any CPU.Deploy.0 = Debug|Any CPU
		{498880E7-B441-4021-A6C6-B9F8E3D73DF2}.Debug|ARM.ActiveCfg = Debug|Any CPU
		{498880E7-B441-4021-A6C6-B9F8E3D73DF2}.Debug|ARM.Build.0 = Debug|Any CPU
		{498880E7-B441-4021-A6C6-B9F8E3D73DF2}.Debug|ARM.Deploy.0 = Debug|Any CPU
		{498880E7-B441-4021-A6C6-B9F8E3D73DF2}.Debug|iPhone.ActiveCfg = Debug|Any CPU
		{498880E7-B441-4021-A6C6-B9F8E3D73DF2}.Debug|iPhone.Build.0 = Debug|Any CPU
		{498880E7-B441-4021-A6C6-B9F8E3D73DF2}.Debug|iPhone.Deploy.0 = Debug|Any CPU
		{498880E7-B441-4021-A6C6-B9F8E3D73DF2}.Debug|iPhoneSimulator.ActiveCfg = Debug|Any CPU
		{498880E7-B441-4021-A6C6-B9F8E3D73DF2}.Debug|iPhoneSimulator.Build.0 = Debug|Any CPU
		{498880E7-B441-4021-A6C6-B9F8E3D73DF2}.Debug|iPhoneSimulator.Deploy.0 = Debug|Any CPU
		{498880E7-B441-4021-A6C6-B9F8E3D73DF2}.Debug|x64.ActiveCfg = Debug|Any CPU
		{498880E7-B441-4021-A6C6-B9F8E3D73DF2}.Debug|x64.Build.0 = Debug|Any CPU
		{498880E7-B441-4021-A6C6-B9F8E3D73DF2}.Debug|x64.Deploy.0 = Debug|Any CPU
		{498880E7-B441-4021-A6C6-B9F8E3D73DF2}.Debug|x86.ActiveCfg = Debug|Any CPU
		{498880E7-B441-4021-A6C6-B9F8E3D73DF2}.Debug|x86.Build.0 = Debug|Any CPU
		{498880E7-B441-4021-A6C6-B9F8E3D73DF2}.Debug|x86.Deploy.0 = Debug|Any CPU
		{498880E7-B441-4021-A6C6-B9F8E3D73DF2}.Release|Any CPU.ActiveCfg = Release|Any CPU
		{498880E7-B441-4021-A6C6-B9F8E3D73DF2}.Release|Any CPU.Build.0 = Release|Any CPU
		{498880E7-B441-4021-A6C6-B9F8E3D73DF2}.Release|Any CPU.Deploy.0 = Release|Any CPU
		{498880E7-B441-4021-A6C6-B9F8E3D73DF2}.Release|ARM.ActiveCfg = Release|Any CPU
		{498880E7-B441-4021-A6C6-B9F8E3D73DF2}.Release|ARM.Build.0 = Release|Any CPU
		{498880E7-B441-4021-A6C6-B9F8E3D73DF2}.Release|ARM.Deploy.0 = Release|Any CPU
		{498880E7-B441-4021-A6C6-B9F8E3D73DF2}.Release|iPhone.ActiveCfg = Release|Any CPU
		{498880E7-B441-4021-A6C6-B9F8E3D73DF2}.Release|iPhone.Build.0 = Release|Any CPU
		{498880E7-B441-4021-A6C6-B9F8E3D73DF2}.Release|iPhone.Deploy.0 = Release|Any CPU
		{498880E7-B441-4021-A6C6-B9F8E3D73DF2}.Release|iPhoneSimulator.ActiveCfg = Release|Any CPU
		{498880E7-B441-4021-A6C6-B9F8E3D73DF2}.Release|iPhoneSimulator.Build.0 = Release|Any CPU
		{498880E7-B441-4021-A6C6-B9F8E3D73DF2}.Release|iPhoneSimulator.Deploy.0 = Release|Any CPU
		{498880E7-B441-4021-A6C6-B9F8E3D73DF2}.Release|x64.ActiveCfg = Release|Any CPU
		{498880E7-B441-4021-A6C6-B9F8E3D73DF2}.Release|x64.Build.0 = Release|Any CPU
		{498880E7-B441-4021-A6C6-B9F8E3D73DF2}.Release|x64.Deploy.0 = Release|Any CPU
		{498880E7-B441-4021-A6C6-B9F8E3D73DF2}.Release|x86.ActiveCfg = Release|Any CPU
		{498880E7-B441-4021-A6C6-B9F8E3D73DF2}.Release|x86.Build.0 = Release|Any CPU
		{498880E7-B441-4021-A6C6-B9F8E3D73DF2}.Release|x86.Deploy.0 = Release|Any CPU
		{EB939FB3-F871-49A2-985F-F7CD652B056D}.Ad-Hoc|Any CPU.ActiveCfg = Ad-Hoc|iPhone
		{EB939FB3-F871-49A2-985F-F7CD652B056D}.Ad-Hoc|ARM.ActiveCfg = Ad-Hoc|iPhone
		{EB939FB3-F871-49A2-985F-F7CD652B056D}.Ad-Hoc|iPhone.ActiveCfg = Ad-Hoc|iPhone
		{EB939FB3-F871-49A2-985F-F7CD652B056D}.Ad-Hoc|iPhone.Build.0 = Ad-Hoc|iPhone
		{EB939FB3-F871-49A2-985F-F7CD652B056D}.Ad-Hoc|iPhoneSimulator.ActiveCfg = Ad-Hoc|iPhoneSimulator
		{EB939FB3-F871-49A2-985F-F7CD652B056D}.Ad-Hoc|iPhoneSimulator.Build.0 = Ad-Hoc|iPhoneSimulator
		{EB939FB3-F871-49A2-985F-F7CD652B056D}.Ad-Hoc|x64.ActiveCfg = Ad-Hoc|iPhone
		{EB939FB3-F871-49A2-985F-F7CD652B056D}.Ad-Hoc|x86.ActiveCfg = Ad-Hoc|iPhone
		{EB939FB3-F871-49A2-985F-F7CD652B056D}.AppStore|Any CPU.ActiveCfg = AppStore|iPhone
		{EB939FB3-F871-49A2-985F-F7CD652B056D}.AppStore|ARM.ActiveCfg = AppStore|iPhone
		{EB939FB3-F871-49A2-985F-F7CD652B056D}.AppStore|iPhone.ActiveCfg = AppStore|iPhone
		{EB939FB3-F871-49A2-985F-F7CD652B056D}.AppStore|iPhone.Build.0 = AppStore|iPhone
		{EB939FB3-F871-49A2-985F-F7CD652B056D}.AppStore|iPhoneSimulator.ActiveCfg = AppStore|iPhoneSimulator
		{EB939FB3-F871-49A2-985F-F7CD652B056D}.AppStore|iPhoneSimulator.Build.0 = AppStore|iPhoneSimulator
		{EB939FB3-F871-49A2-985F-F7CD652B056D}.AppStore|x64.ActiveCfg = AppStore|iPhone
		{EB939FB3-F871-49A2-985F-F7CD652B056D}.AppStore|x86.ActiveCfg = AppStore|iPhone
		{EB939FB3-F871-49A2-985F-F7CD652B056D}.Debug|Any CPU.ActiveCfg = Debug|iPhone
		{EB939FB3-F871-49A2-985F-F7CD652B056D}.Debug|ARM.ActiveCfg = Debug|iPhone
		{EB939FB3-F871-49A2-985F-F7CD652B056D}.Debug|iPhone.ActiveCfg = Debug|iPhone
		{EB939FB3-F871-49A2-985F-F7CD652B056D}.Debug|iPhone.Build.0 = Debug|iPhone
		{EB939FB3-F871-49A2-985F-F7CD652B056D}.Debug|iPhoneSimulator.ActiveCfg = Debug|iPhoneSimulator
		{EB939FB3-F871-49A2-985F-F7CD652B056D}.Debug|iPhoneSimulator.Build.0 = Debug|iPhoneSimulator
		{EB939FB3-F871-49A2-985F-F7CD652B056D}.Debug|x64.ActiveCfg = Debug|iPhone
		{EB939FB3-F871-49A2-985F-F7CD652B056D}.Debug|x86.ActiveCfg = Debug|iPhone
		{EB939FB3-F871-49A2-985F-F7CD652B056D}.Release|Any CPU.ActiveCfg = Release|iPhone
		{EB939FB3-F871-49A2-985F-F7CD652B056D}.Release|ARM.ActiveCfg = Release|iPhone
		{EB939FB3-F871-49A2-985F-F7CD652B056D}.Release|iPhone.ActiveCfg = Release|iPhone
		{EB939FB3-F871-49A2-985F-F7CD652B056D}.Release|iPhone.Build.0 = Release|iPhone
		{EB939FB3-F871-49A2-985F-F7CD652B056D}.Release|iPhoneSimulator.ActiveCfg = Release|iPhoneSimulator
		{EB939FB3-F871-49A2-985F-F7CD652B056D}.Release|iPhoneSimulator.Build.0 = Release|iPhoneSimulator
		{EB939FB3-F871-49A2-985F-F7CD652B056D}.Release|x64.ActiveCfg = Release|iPhone
		{EB939FB3-F871-49A2-985F-F7CD652B056D}.Release|x86.ActiveCfg = Release|iPhone
		{01B6BFBC-CF11-4999-BC53-83B5F5A31CD3}.Ad-Hoc|Any CPU.ActiveCfg = Release|Any CPU
		{01B6BFBC-CF11-4999-BC53-83B5F5A31CD3}.Ad-Hoc|Any CPU.Build.0 = Release|Any CPU
		{01B6BFBC-CF11-4999-BC53-83B5F5A31CD3}.Ad-Hoc|Any CPU.Deploy.0 = Release|Any CPU
		{01B6BFBC-CF11-4999-BC53-83B5F5A31CD3}.Ad-Hoc|ARM.ActiveCfg = Release|ARM
		{01B6BFBC-CF11-4999-BC53-83B5F5A31CD3}.Ad-Hoc|ARM.Build.0 = Release|ARM
		{01B6BFBC-CF11-4999-BC53-83B5F5A31CD3}.Ad-Hoc|ARM.Deploy.0 = Release|ARM
		{01B6BFBC-CF11-4999-BC53-83B5F5A31CD3}.Ad-Hoc|iPhone.ActiveCfg = Release|Any CPU
		{01B6BFBC-CF11-4999-BC53-83B5F5A31CD3}.Ad-Hoc|iPhone.Build.0 = Release|Any CPU
		{01B6BFBC-CF11-4999-BC53-83B5F5A31CD3}.Ad-Hoc|iPhone.Deploy.0 = Release|Any CPU
		{01B6BFBC-CF11-4999-BC53-83B5F5A31CD3}.Ad-Hoc|iPhoneSimulator.ActiveCfg = Release|Any CPU
		{01B6BFBC-CF11-4999-BC53-83B5F5A31CD3}.Ad-Hoc|iPhoneSimulator.Build.0 = Release|Any CPU
		{01B6BFBC-CF11-4999-BC53-83B5F5A31CD3}.Ad-Hoc|iPhoneSimulator.Deploy.0 = Release|Any CPU
		{01B6BFBC-CF11-4999-BC53-83B5F5A31CD3}.Ad-Hoc|x64.ActiveCfg = Release|Any CPU
		{01B6BFBC-CF11-4999-BC53-83B5F5A31CD3}.Ad-Hoc|x64.Build.0 = Release|Any CPU
		{01B6BFBC-CF11-4999-BC53-83B5F5A31CD3}.Ad-Hoc|x64.Deploy.0 = Release|Any CPU
		{01B6BFBC-CF11-4999-BC53-83B5F5A31CD3}.Ad-Hoc|x86.ActiveCfg = Release|x86
		{01B6BFBC-CF11-4999-BC53-83B5F5A31CD3}.Ad-Hoc|x86.Build.0 = Release|x86
		{01B6BFBC-CF11-4999-BC53-83B5F5A31CD3}.Ad-Hoc|x86.Deploy.0 = Release|x86
		{01B6BFBC-CF11-4999-BC53-83B5F5A31CD3}.AppStore|Any CPU.ActiveCfg = Release|Any CPU
		{01B6BFBC-CF11-4999-BC53-83B5F5A31CD3}.AppStore|Any CPU.Build.0 = Release|Any CPU
		{01B6BFBC-CF11-4999-BC53-83B5F5A31CD3}.AppStore|Any CPU.Deploy.0 = Release|Any CPU
		{01B6BFBC-CF11-4999-BC53-83B5F5A31CD3}.AppStore|ARM.ActiveCfg = Release|ARM
		{01B6BFBC-CF11-4999-BC53-83B5F5A31CD3}.AppStore|ARM.Build.0 = Release|ARM
		{01B6BFBC-CF11-4999-BC53-83B5F5A31CD3}.AppStore|ARM.Deploy.0 = Release|ARM
		{01B6BFBC-CF11-4999-BC53-83B5F5A31CD3}.AppStore|iPhone.ActiveCfg = Release|Any CPU
		{01B6BFBC-CF11-4999-BC53-83B5F5A31CD3}.AppStore|iPhone.Build.0 = Release|Any CPU
		{01B6BFBC-CF11-4999-BC53-83B5F5A31CD3}.AppStore|iPhone.Deploy.0 = Release|Any CPU
		{01B6BFBC-CF11-4999-BC53-83B5F5A31CD3}.AppStore|iPhoneSimulator.ActiveCfg = Release|Any CPU
		{01B6BFBC-CF11-4999-BC53-83B5F5A31CD3}.AppStore|iPhoneSimulator.Build.0 = Release|Any CPU
		{01B6BFBC-CF11-4999-BC53-83B5F5A31CD3}.AppStore|iPhoneSimulator.Deploy.0 = Release|Any CPU
		{01B6BFBC-CF11-4999-BC53-83B5F5A31CD3}.AppStore|x64.ActiveCfg = Release|Any CPU
		{01B6BFBC-CF11-4999-BC53-83B5F5A31CD3}.AppStore|x64.Build.0 = Release|Any CPU
		{01B6BFBC-CF11-4999-BC53-83B5F5A31CD3}.AppStore|x64.Deploy.0 = Release|Any CPU
		{01B6BFBC-CF11-4999-BC53-83B5F5A31CD3}.AppStore|x86.ActiveCfg = Release|x86
		{01B6BFBC-CF11-4999-BC53-83B5F5A31CD3}.AppStore|x86.Build.0 = Release|x86
		{01B6BFBC-CF11-4999-BC53-83B5F5A31CD3}.AppStore|x86.Deploy.0 = Release|x86
		{01B6BFBC-CF11-4999-BC53-83B5F5A31CD3}.Debug|Any CPU.ActiveCfg = Debug|Any CPU
		{01B6BFBC-CF11-4999-BC53-83B5F5A31CD3}.Debug|Any CPU.Build.0 = Debug|Any CPU
		{01B6BFBC-CF11-4999-BC53-83B5F5A31CD3}.Debug|Any CPU.Deploy.0 = Debug|Any CPU
		{01B6BFBC-CF11-4999-BC53-83B5F5A31CD3}.Debug|ARM.ActiveCfg = Debug|ARM
		{01B6BFBC-CF11-4999-BC53-83B5F5A31CD3}.Debug|ARM.Build.0 = Debug|ARM
		{01B6BFBC-CF11-4999-BC53-83B5F5A31CD3}.Debug|ARM.Deploy.0 = Debug|ARM
		{01B6BFBC-CF11-4999-BC53-83B5F5A31CD3}.Debug|iPhone.ActiveCfg = Debug|Any CPU
		{01B6BFBC-CF11-4999-BC53-83B5F5A31CD3}.Debug|iPhone.Build.0 = Debug|Any CPU
		{01B6BFBC-CF11-4999-BC53-83B5F5A31CD3}.Debug|iPhone.Deploy.0 = Debug|Any CPU
		{01B6BFBC-CF11-4999-BC53-83B5F5A31CD3}.Debug|iPhoneSimulator.ActiveCfg = Debug|Any CPU
		{01B6BFBC-CF11-4999-BC53-83B5F5A31CD3}.Debug|iPhoneSimulator.Build.0 = Debug|Any CPU
		{01B6BFBC-CF11-4999-BC53-83B5F5A31CD3}.Debug|iPhoneSimulator.Deploy.0 = Debug|Any CPU
		{01B6BFBC-CF11-4999-BC53-83B5F5A31CD3}.Debug|x64.ActiveCfg = Debug|Any CPU
		{01B6BFBC-CF11-4999-BC53-83B5F5A31CD3}.Debug|x64.Build.0 = Debug|Any CPU
		{01B6BFBC-CF11-4999-BC53-83B5F5A31CD3}.Debug|x64.Deploy.0 = Debug|Any CPU
		{01B6BFBC-CF11-4999-BC53-83B5F5A31CD3}.Debug|x86.ActiveCfg = Debug|x86
		{01B6BFBC-CF11-4999-BC53-83B5F5A31CD3}.Debug|x86.Build.0 = Debug|x86
		{01B6BFBC-CF11-4999-BC53-83B5F5A31CD3}.Debug|x86.Deploy.0 = Debug|x86
		{01B6BFBC-CF11-4999-BC53-83B5F5A31CD3}.Release|Any CPU.ActiveCfg = Release|Any CPU
		{01B6BFBC-CF11-4999-BC53-83B5F5A31CD3}.Release|Any CPU.Build.0 = Release|Any CPU
		{01B6BFBC-CF11-4999-BC53-83B5F5A31CD3}.Release|Any CPU.Deploy.0 = Release|Any CPU
		{01B6BFBC-CF11-4999-BC53-83B5F5A31CD3}.Release|ARM.ActiveCfg = Release|ARM
		{01B6BFBC-CF11-4999-BC53-83B5F5A31CD3}.Release|ARM.Build.0 = Release|ARM
		{01B6BFBC-CF11-4999-BC53-83B5F5A31CD3}.Release|ARM.Deploy.0 = Release|ARM
		{01B6BFBC-CF11-4999-BC53-83B5F5A31CD3}.Release|iPhone.ActiveCfg = Release|Any CPU
		{01B6BFBC-CF11-4999-BC53-83B5F5A31CD3}.Release|iPhone.Build.0 = Release|Any CPU
		{01B6BFBC-CF11-4999-BC53-83B5F5A31CD3}.Release|iPhone.Deploy.0 = Release|Any CPU
		{01B6BFBC-CF11-4999-BC53-83B5F5A31CD3}.Release|iPhoneSimulator.ActiveCfg = Release|Any CPU
		{01B6BFBC-CF11-4999-BC53-83B5F5A31CD3}.Release|iPhoneSimulator.Build.0 = Release|Any CPU
		{01B6BFBC-CF11-4999-BC53-83B5F5A31CD3}.Release|iPhoneSimulator.Deploy.0 = Release|Any CPU
		{01B6BFBC-CF11-4999-BC53-83B5F5A31CD3}.Release|x64.ActiveCfg = Release|Any CPU
		{01B6BFBC-CF11-4999-BC53-83B5F5A31CD3}.Release|x64.Build.0 = Release|Any CPU
		{01B6BFBC-CF11-4999-BC53-83B5F5A31CD3}.Release|x64.Deploy.0 = Release|Any CPU
		{01B6BFBC-CF11-4999-BC53-83B5F5A31CD3}.Release|x86.ActiveCfg = Release|x86
		{01B6BFBC-CF11-4999-BC53-83B5F5A31CD3}.Release|x86.Build.0 = Release|x86
		{01B6BFBC-CF11-4999-BC53-83B5F5A31CD3}.Release|x86.Deploy.0 = Release|x86
		{6B074417-947C-49FD-97B3-7F5CB4D11AAA}.Ad-Hoc|Any CPU.ActiveCfg = Release|x86
		{6B074417-947C-49FD-97B3-7F5CB4D11AAA}.Ad-Hoc|Any CPU.Build.0 = Release|x86
		{6B074417-947C-49FD-97B3-7F5CB4D11AAA}.Ad-Hoc|Any CPU.Deploy.0 = Release|x86
		{6B074417-947C-49FD-97B3-7F5CB4D11AAA}.Ad-Hoc|ARM.ActiveCfg = Release|ARM
		{6B074417-947C-49FD-97B3-7F5CB4D11AAA}.Ad-Hoc|ARM.Build.0 = Release|ARM
		{6B074417-947C-49FD-97B3-7F5CB4D11AAA}.Ad-Hoc|ARM.Deploy.0 = Release|ARM
		{6B074417-947C-49FD-97B3-7F5CB4D11AAA}.Ad-Hoc|iPhone.ActiveCfg = Release|x86
		{6B074417-947C-49FD-97B3-7F5CB4D11AAA}.Ad-Hoc|iPhone.Build.0 = Release|x86
		{6B074417-947C-49FD-97B3-7F5CB4D11AAA}.Ad-Hoc|iPhone.Deploy.0 = Release|x86
		{6B074417-947C-49FD-97B3-7F5CB4D11AAA}.Ad-Hoc|iPhoneSimulator.ActiveCfg = Release|x86
		{6B074417-947C-49FD-97B3-7F5CB4D11AAA}.Ad-Hoc|iPhoneSimulator.Build.0 = Release|x86
		{6B074417-947C-49FD-97B3-7F5CB4D11AAA}.Ad-Hoc|iPhoneSimulator.Deploy.0 = Release|x86
		{6B074417-947C-49FD-97B3-7F5CB4D11AAA}.Ad-Hoc|x64.ActiveCfg = Release|x64
		{6B074417-947C-49FD-97B3-7F5CB4D11AAA}.Ad-Hoc|x64.Build.0 = Release|x64
		{6B074417-947C-49FD-97B3-7F5CB4D11AAA}.Ad-Hoc|x64.Deploy.0 = Release|x64
		{6B074417-947C-49FD-97B3-7F5CB4D11AAA}.Ad-Hoc|x86.ActiveCfg = Release|x86
		{6B074417-947C-49FD-97B3-7F5CB4D11AAA}.Ad-Hoc|x86.Build.0 = Release|x86
		{6B074417-947C-49FD-97B3-7F5CB4D11AAA}.Ad-Hoc|x86.Deploy.0 = Release|x86
		{6B074417-947C-49FD-97B3-7F5CB4D11AAA}.AppStore|Any CPU.ActiveCfg = Release|x86
		{6B074417-947C-49FD-97B3-7F5CB4D11AAA}.AppStore|Any CPU.Build.0 = Release|x86
		{6B074417-947C-49FD-97B3-7F5CB4D11AAA}.AppStore|Any CPU.Deploy.0 = Release|x86
		{6B074417-947C-49FD-97B3-7F5CB4D11AAA}.AppStore|ARM.ActiveCfg = Release|ARM
		{6B074417-947C-49FD-97B3-7F5CB4D11AAA}.AppStore|ARM.Build.0 = Release|ARM
		{6B074417-947C-49FD-97B3-7F5CB4D11AAA}.AppStore|ARM.Deploy.0 = Release|ARM
		{6B074417-947C-49FD-97B3-7F5CB4D11AAA}.AppStore|iPhone.ActiveCfg = Release|x86
		{6B074417-947C-49FD-97B3-7F5CB4D11AAA}.AppStore|iPhone.Build.0 = Release|x86
		{6B074417-947C-49FD-97B3-7F5CB4D11AAA}.AppStore|iPhone.Deploy.0 = Release|x86
		{6B074417-947C-49FD-97B3-7F5CB4D11AAA}.AppStore|iPhoneSimulator.ActiveCfg = Release|x86
		{6B074417-947C-49FD-97B3-7F5CB4D11AAA}.AppStore|iPhoneSimulator.Build.0 = Release|x86
		{6B074417-947C-49FD-97B3-7F5CB4D11AAA}.AppStore|iPhoneSimulator.Deploy.0 = Release|x86
		{6B074417-947C-49FD-97B3-7F5CB4D11AAA}.AppStore|x64.ActiveCfg = Release|x64
		{6B074417-947C-49FD-97B3-7F5CB4D11AAA}.AppStore|x64.Build.0 = Release|x64
		{6B074417-947C-49FD-97B3-7F5CB4D11AAA}.AppStore|x64.Deploy.0 = Release|x64
		{6B074417-947C-49FD-97B3-7F5CB4D11AAA}.AppStore|x86.ActiveCfg = Release|x86
		{6B074417-947C-49FD-97B3-7F5CB4D11AAA}.AppStore|x86.Build.0 = Release|x86
		{6B074417-947C-49FD-97B3-7F5CB4D11AAA}.AppStore|x86.Deploy.0 = Release|x86
		{6B074417-947C-49FD-97B3-7F5CB4D11AAA}.Debug|Any CPU.ActiveCfg = Debug|x86
		{6B074417-947C-49FD-97B3-7F5CB4D11AAA}.Debug|Any CPU.Build.0 = Debug|x86
		{6B074417-947C-49FD-97B3-7F5CB4D11AAA}.Debug|Any CPU.Deploy.0 = Debug|x86
		{6B074417-947C-49FD-97B3-7F5CB4D11AAA}.Debug|ARM.ActiveCfg = Debug|ARM
		{6B074417-947C-49FD-97B3-7F5CB4D11AAA}.Debug|ARM.Build.0 = Debug|ARM
		{6B074417-947C-49FD-97B3-7F5CB4D11AAA}.Debug|ARM.Deploy.0 = Debug|ARM
		{6B074417-947C-49FD-97B3-7F5CB4D11AAA}.Debug|iPhone.ActiveCfg = Debug|x86
		{6B074417-947C-49FD-97B3-7F5CB4D11AAA}.Debug|iPhoneSimulator.ActiveCfg = Debug|x86
		{6B074417-947C-49FD-97B3-7F5CB4D11AAA}.Debug|x64.ActiveCfg = Debug|x64
		{6B074417-947C-49FD-97B3-7F5CB4D11AAA}.Debug|x64.Build.0 = Debug|x64
		{6B074417-947C-49FD-97B3-7F5CB4D11AAA}.Debug|x64.Deploy.0 = Debug|x64
		{6B074417-947C-49FD-97B3-7F5CB4D11AAA}.Debug|x86.ActiveCfg = Debug|x86
		{6B074417-947C-49FD-97B3-7F5CB4D11AAA}.Debug|x86.Build.0 = Debug|x86
		{6B074417-947C-49FD-97B3-7F5CB4D11AAA}.Debug|x86.Deploy.0 = Debug|x86
		{6B074417-947C-49FD-97B3-7F5CB4D11AAA}.Release|Any CPU.ActiveCfg = Release|x86
		{6B074417-947C-49FD-97B3-7F5CB4D11AAA}.Release|ARM.ActiveCfg = Release|ARM
		{6B074417-947C-49FD-97B3-7F5CB4D11AAA}.Release|ARM.Build.0 = Release|ARM
		{6B074417-947C-49FD-97B3-7F5CB4D11AAA}.Release|ARM.Deploy.0 = Release|ARM
		{6B074417-947C-49FD-97B3-7F5CB4D11AAA}.Release|iPhone.ActiveCfg = Release|x86
		{6B074417-947C-49FD-97B3-7F5CB4D11AAA}.Release|iPhoneSimulator.ActiveCfg = Release|x86
		{6B074417-947C-49FD-97B3-7F5CB4D11AAA}.Release|x64.ActiveCfg = Release|x64
		{6B074417-947C-49FD-97B3-7F5CB4D11AAA}.Release|x64.Build.0 = Release|x64
		{6B074417-947C-49FD-97B3-7F5CB4D11AAA}.Release|x64.Deploy.0 = Release|x64
		{6B074417-947C-49FD-97B3-7F5CB4D11AAA}.Release|x86.ActiveCfg = Release|x86
		{6B074417-947C-49FD-97B3-7F5CB4D11AAA}.Release|x86.Build.0 = Release|x86
		{6B074417-947C-49FD-97B3-7F5CB4D11AAA}.Release|x86.Deploy.0 = Release|x86
		{76827426-8E4C-4B14-93B3-801693B725A5}.Ad-Hoc|Any CPU.ActiveCfg = Release|Any CPU
		{76827426-8E4C-4B14-93B3-801693B725A5}.Ad-Hoc|Any CPU.Build.0 = Release|Any CPU
		{76827426-8E4C-4B14-93B3-801693B725A5}.Ad-Hoc|Any CPU.Deploy.0 = Release|Any CPU
		{76827426-8E4C-4B14-93B3-801693B725A5}.Ad-Hoc|ARM.ActiveCfg = Release|ARM
		{76827426-8E4C-4B14-93B3-801693B725A5}.Ad-Hoc|ARM.Build.0 = Release|ARM
		{76827426-8E4C-4B14-93B3-801693B725A5}.Ad-Hoc|ARM.Deploy.0 = Release|ARM
		{76827426-8E4C-4B14-93B3-801693B725A5}.Ad-Hoc|iPhone.ActiveCfg = Release|Any CPU
		{76827426-8E4C-4B14-93B3-801693B725A5}.Ad-Hoc|iPhone.Build.0 = Release|Any CPU
		{76827426-8E4C-4B14-93B3-801693B725A5}.Ad-Hoc|iPhone.Deploy.0 = Release|Any CPU
		{76827426-8E4C-4B14-93B3-801693B725A5}.Ad-Hoc|iPhoneSimulator.ActiveCfg = Release|Any CPU
		{76827426-8E4C-4B14-93B3-801693B725A5}.Ad-Hoc|iPhoneSimulator.Build.0 = Release|Any CPU
		{76827426-8E4C-4B14-93B3-801693B725A5}.Ad-Hoc|iPhoneSimulator.Deploy.0 = Release|Any CPU
		{76827426-8E4C-4B14-93B3-801693B725A5}.Ad-Hoc|x64.ActiveCfg = Release|x64
		{76827426-8E4C-4B14-93B3-801693B725A5}.Ad-Hoc|x64.Build.0 = Release|x64
		{76827426-8E4C-4B14-93B3-801693B725A5}.Ad-Hoc|x64.Deploy.0 = Release|x64
		{76827426-8E4C-4B14-93B3-801693B725A5}.Ad-Hoc|x86.ActiveCfg = Release|x86
		{76827426-8E4C-4B14-93B3-801693B725A5}.Ad-Hoc|x86.Build.0 = Release|x86
		{76827426-8E4C-4B14-93B3-801693B725A5}.Ad-Hoc|x86.Deploy.0 = Release|x86
		{76827426-8E4C-4B14-93B3-801693B725A5}.AppStore|Any CPU.ActiveCfg = Release|Any CPU
		{76827426-8E4C-4B14-93B3-801693B725A5}.AppStore|Any CPU.Build.0 = Release|Any CPU
		{76827426-8E4C-4B14-93B3-801693B725A5}.AppStore|Any CPU.Deploy.0 = Release|Any CPU
		{76827426-8E4C-4B14-93B3-801693B725A5}.AppStore|ARM.ActiveCfg = Release|ARM
		{76827426-8E4C-4B14-93B3-801693B725A5}.AppStore|ARM.Build.0 = Release|ARM
		{76827426-8E4C-4B14-93B3-801693B725A5}.AppStore|ARM.Deploy.0 = Release|ARM
		{76827426-8E4C-4B14-93B3-801693B725A5}.AppStore|iPhone.ActiveCfg = Release|Any CPU
		{76827426-8E4C-4B14-93B3-801693B725A5}.AppStore|iPhone.Build.0 = Release|Any CPU
		{76827426-8E4C-4B14-93B3-801693B725A5}.AppStore|iPhone.Deploy.0 = Release|Any CPU
		{76827426-8E4C-4B14-93B3-801693B725A5}.AppStore|iPhoneSimulator.ActiveCfg = Release|Any CPU
		{76827426-8E4C-4B14-93B3-801693B725A5}.AppStore|iPhoneSimulator.Build.0 = Release|Any CPU
		{76827426-8E4C-4B14-93B3-801693B725A5}.AppStore|iPhoneSimulator.Deploy.0 = Release|Any CPU
		{76827426-8E4C-4B14-93B3-801693B725A5}.AppStore|x64.ActiveCfg = Release|x64
		{76827426-8E4C-4B14-93B3-801693B725A5}.AppStore|x64.Build.0 = Release|x64
		{76827426-8E4C-4B14-93B3-801693B725A5}.AppStore|x64.Deploy.0 = Release|x64
		{76827426-8E4C-4B14-93B3-801693B725A5}.AppStore|x86.ActiveCfg = Release|x86
		{76827426-8E4C-4B14-93B3-801693B725A5}.AppStore|x86.Build.0 = Release|x86
		{76827426-8E4C-4B14-93B3-801693B725A5}.AppStore|x86.Deploy.0 = Release|x86
		{76827426-8E4C-4B14-93B3-801693B725A5}.Debug|Any CPU.ActiveCfg = Debug|Any CPU
		{76827426-8E4C-4B14-93B3-801693B725A5}.Debug|Any CPU.Build.0 = Debug|Any CPU
		{76827426-8E4C-4B14-93B3-801693B725A5}.Debug|Any CPU.Deploy.0 = Debug|Any CPU
		{76827426-8E4C-4B14-93B3-801693B725A5}.Debug|ARM.ActiveCfg = Debug|ARM
		{76827426-8E4C-4B14-93B3-801693B725A5}.Debug|ARM.Build.0 = Debug|ARM
		{76827426-8E4C-4B14-93B3-801693B725A5}.Debug|ARM.Deploy.0 = Debug|ARM
		{76827426-8E4C-4B14-93B3-801693B725A5}.Debug|iPhone.ActiveCfg = Debug|Any CPU
		{76827426-8E4C-4B14-93B3-801693B725A5}.Debug|iPhone.Build.0 = Debug|Any CPU
		{76827426-8E4C-4B14-93B3-801693B725A5}.Debug|iPhone.Deploy.0 = Debug|Any CPU
		{76827426-8E4C-4B14-93B3-801693B725A5}.Debug|iPhoneSimulator.ActiveCfg = Debug|Any CPU
		{76827426-8E4C-4B14-93B3-801693B725A5}.Debug|iPhoneSimulator.Build.0 = Debug|Any CPU
		{76827426-8E4C-4B14-93B3-801693B725A5}.Debug|iPhoneSimulator.Deploy.0 = Debug|Any CPU
		{76827426-8E4C-4B14-93B3-801693B725A5}.Debug|x64.ActiveCfg = Debug|x64
		{76827426-8E4C-4B14-93B3-801693B725A5}.Debug|x64.Build.0 = Debug|x64
		{76827426-8E4C-4B14-93B3-801693B725A5}.Debug|x64.Deploy.0 = Debug|x64
		{76827426-8E4C-4B14-93B3-801693B725A5}.Debug|x86.ActiveCfg = Debug|x86
		{76827426-8E4C-4B14-93B3-801693B725A5}.Debug|x86.Build.0 = Debug|x86
		{76827426-8E4C-4B14-93B3-801693B725A5}.Debug|x86.Deploy.0 = Debug|x86
		{76827426-8E4C-4B14-93B3-801693B725A5}.Release|Any CPU.ActiveCfg = Release|Any CPU
		{76827426-8E4C-4B14-93B3-801693B725A5}.Release|Any CPU.Build.0 = Release|Any CPU
		{76827426-8E4C-4B14-93B3-801693B725A5}.Release|Any CPU.Deploy.0 = Release|Any CPU
		{76827426-8E4C-4B14-93B3-801693B725A5}.Release|ARM.ActiveCfg = Release|ARM
		{76827426-8E4C-4B14-93B3-801693B725A5}.Release|ARM.Build.0 = Release|ARM
		{76827426-8E4C-4B14-93B3-801693B725A5}.Release|ARM.Deploy.0 = Release|ARM
		{76827426-8E4C-4B14-93B3-801693B725A5}.Release|iPhone.ActiveCfg = Release|Any CPU
		{76827426-8E4C-4B14-93B3-801693B725A5}.Release|iPhone.Build.0 = Release|Any CPU
		{76827426-8E4C-4B14-93B3-801693B725A5}.Release|iPhone.Deploy.0 = Release|Any CPU
		{76827426-8E4C-4B14-93B3-801693B725A5}.Release|iPhoneSimulator.ActiveCfg = Release|Any CPU
		{76827426-8E4C-4B14-93B3-801693B725A5}.Release|iPhoneSimulator.Build.0 = Release|Any CPU
		{76827426-8E4C-4B14-93B3-801693B725A5}.Release|iPhoneSimulator.Deploy.0 = Release|Any CPU
		{76827426-8E4C-4B14-93B3-801693B725A5}.Release|x64.ActiveCfg = Release|x64
		{76827426-8E4C-4B14-93B3-801693B725A5}.Release|x64.Build.0 = Release|x64
		{76827426-8E4C-4B14-93B3-801693B725A5}.Release|x64.Deploy.0 = Release|x64
		{76827426-8E4C-4B14-93B3-801693B725A5}.Release|x86.ActiveCfg = Release|x86
		{76827426-8E4C-4B14-93B3-801693B725A5}.Release|x86.Build.0 = Release|x86
		{76827426-8E4C-4B14-93B3-801693B725A5}.Release|x86.Deploy.0 = Release|x86
		{792FF73E-1472-4FC5-8A2D-88F2B79A3ED1}.Ad-Hoc|Any CPU.ActiveCfg = Release|Any CPU
		{792FF73E-1472-4FC5-8A2D-88F2B79A3ED1}.Ad-Hoc|Any CPU.Build.0 = Release|Any CPU
		{792FF73E-1472-4FC5-8A2D-88F2B79A3ED1}.Ad-Hoc|ARM.ActiveCfg = Release|Any CPU
		{792FF73E-1472-4FC5-8A2D-88F2B79A3ED1}.Ad-Hoc|ARM.Build.0 = Release|Any CPU
		{792FF73E-1472-4FC5-8A2D-88F2B79A3ED1}.Ad-Hoc|iPhone.ActiveCfg = Release|Any CPU
		{792FF73E-1472-4FC5-8A2D-88F2B79A3ED1}.Ad-Hoc|iPhone.Build.0 = Release|Any CPU
		{792FF73E-1472-4FC5-8A2D-88F2B79A3ED1}.Ad-Hoc|iPhoneSimulator.ActiveCfg = Release|Any CPU
		{792FF73E-1472-4FC5-8A2D-88F2B79A3ED1}.Ad-Hoc|iPhoneSimulator.Build.0 = Release|Any CPU
		{792FF73E-1472-4FC5-8A2D-88F2B79A3ED1}.Ad-Hoc|x64.ActiveCfg = Release|Any CPU
		{792FF73E-1472-4FC5-8A2D-88F2B79A3ED1}.Ad-Hoc|x64.Build.0 = Release|Any CPU
		{792FF73E-1472-4FC5-8A2D-88F2B79A3ED1}.Ad-Hoc|x86.ActiveCfg = Release|Any CPU
		{792FF73E-1472-4FC5-8A2D-88F2B79A3ED1}.Ad-Hoc|x86.Build.0 = Release|Any CPU
		{792FF73E-1472-4FC5-8A2D-88F2B79A3ED1}.AppStore|Any CPU.ActiveCfg = Release|Any CPU
		{792FF73E-1472-4FC5-8A2D-88F2B79A3ED1}.AppStore|Any CPU.Build.0 = Release|Any CPU
		{792FF73E-1472-4FC5-8A2D-88F2B79A3ED1}.AppStore|ARM.ActiveCfg = Release|Any CPU
		{792FF73E-1472-4FC5-8A2D-88F2B79A3ED1}.AppStore|ARM.Build.0 = Release|Any CPU
		{792FF73E-1472-4FC5-8A2D-88F2B79A3ED1}.AppStore|iPhone.ActiveCfg = Release|Any CPU
		{792FF73E-1472-4FC5-8A2D-88F2B79A3ED1}.AppStore|iPhone.Build.0 = Release|Any CPU
		{792FF73E-1472-4FC5-8A2D-88F2B79A3ED1}.AppStore|iPhoneSimulator.ActiveCfg = Release|Any CPU
		{792FF73E-1472-4FC5-8A2D-88F2B79A3ED1}.AppStore|iPhoneSimulator.Build.0 = Release|Any CPU
		{792FF73E-1472-4FC5-8A2D-88F2B79A3ED1}.AppStore|x64.ActiveCfg = Release|Any CPU
		{792FF73E-1472-4FC5-8A2D-88F2B79A3ED1}.AppStore|x64.Build.0 = Release|Any CPU
		{792FF73E-1472-4FC5-8A2D-88F2B79A3ED1}.AppStore|x86.ActiveCfg = Release|Any CPU
		{792FF73E-1472-4FC5-8A2D-88F2B79A3ED1}.AppStore|x86.Build.0 = Release|Any CPU
		{792FF73E-1472-4FC5-8A2D-88F2B79A3ED1}.Debug|Any CPU.ActiveCfg = Debug|Any CPU
		{792FF73E-1472-4FC5-8A2D-88F2B79A3ED1}.Debug|Any CPU.Build.0 = Debug|Any CPU
		{792FF73E-1472-4FC5-8A2D-88F2B79A3ED1}.Debug|ARM.ActiveCfg = Debug|Any CPU
		{792FF73E-1472-4FC5-8A2D-88F2B79A3ED1}.Debug|ARM.Build.0 = Debug|Any CPU
		{792FF73E-1472-4FC5-8A2D-88F2B79A3ED1}.Debug|iPhone.ActiveCfg = Debug|Any CPU
		{792FF73E-1472-4FC5-8A2D-88F2B79A3ED1}.Debug|iPhone.Build.0 = Debug|Any CPU
		{792FF73E-1472-4FC5-8A2D-88F2B79A3ED1}.Debug|iPhoneSimulator.ActiveCfg = Debug|Any CPU
		{792FF73E-1472-4FC5-8A2D-88F2B79A3ED1}.Debug|iPhoneSimulator.Build.0 = Debug|Any CPU
		{792FF73E-1472-4FC5-8A2D-88F2B79A3ED1}.Debug|x64.ActiveCfg = Debug|Any CPU
		{792FF73E-1472-4FC5-8A2D-88F2B79A3ED1}.Debug|x64.Build.0 = Debug|Any CPU
		{792FF73E-1472-4FC5-8A2D-88F2B79A3ED1}.Debug|x86.ActiveCfg = Debug|Any CPU
		{792FF73E-1472-4FC5-8A2D-88F2B79A3ED1}.Debug|x86.Build.0 = Debug|Any CPU
		{792FF73E-1472-4FC5-8A2D-88F2B79A3ED1}.Release|Any CPU.ActiveCfg = Release|Any CPU
		{792FF73E-1472-4FC5-8A2D-88F2B79A3ED1}.Release|Any CPU.Build.0 = Release|Any CPU
		{792FF73E-1472-4FC5-8A2D-88F2B79A3ED1}.Release|ARM.ActiveCfg = Release|Any CPU
		{792FF73E-1472-4FC5-8A2D-88F2B79A3ED1}.Release|ARM.Build.0 = Release|Any CPU
		{792FF73E-1472-4FC5-8A2D-88F2B79A3ED1}.Release|iPhone.ActiveCfg = Release|Any CPU
		{792FF73E-1472-4FC5-8A2D-88F2B79A3ED1}.Release|iPhone.Build.0 = Release|Any CPU
		{792FF73E-1472-4FC5-8A2D-88F2B79A3ED1}.Release|iPhoneSimulator.ActiveCfg = Release|Any CPU
		{792FF73E-1472-4FC5-8A2D-88F2B79A3ED1}.Release|iPhoneSimulator.Build.0 = Release|Any CPU
		{792FF73E-1472-4FC5-8A2D-88F2B79A3ED1}.Release|x64.ActiveCfg = Release|Any CPU
		{792FF73E-1472-4FC5-8A2D-88F2B79A3ED1}.Release|x64.Build.0 = Release|Any CPU
		{792FF73E-1472-4FC5-8A2D-88F2B79A3ED1}.Release|x86.ActiveCfg = Release|Any CPU
		{792FF73E-1472-4FC5-8A2D-88F2B79A3ED1}.Release|x86.Build.0 = Release|Any CPU
	EndGlobalSection
	GlobalSection(SolutionProperties) = preSolution
		HideSolutionNode = FALSE
	EndGlobalSection
EndGlobal
