
Microsoft Visual Studio Solution File, Format Version 12.00
# Visual Studio 14
VisualStudioVersion = 14.0.25123.0
MinimumVisualStudioVersion = 10.0.40219.1
Project("{FAE04EC0-301F-11D3-BF4B-00C04F79EFBC}") = "MyMonkeyAppXamarinForms.Droid", "MyMonkeyAppXamarinForms\MyMonkeyAppXamarinForms.Droid\MyMonkeyAppXamarinForms.Droid.csproj", "{1985C665-E228-4390-A51B-AD9CD39A89DF}"
EndProject
Project("{FAE04EC0-301F-11D3-BF4B-00C04F79EFBC}") = "MyMonkeyAppXamarinForms.iOS", "MyMonkeyAppXamarinForms\MyMonkeyAppXamarinForms.iOS\MyMonkeyAppXamarinForms.iOS.csproj", "{61267E6A-78CC-4CFC-9989-BD8B5B578246}"
EndProject
Project("{FAE04EC0-301F-11D3-BF4B-00C04F79EFBC}") = "MyMonkeyAppXamarinForms.WinPhone", "MyMonkeyAppXamarinForms\MyMonkeyAppXamarinForms.WinPhone\MyMonkeyAppXamarinForms.WinPhone.csproj", "{2C82B639-0101-4C57-B2C7-CA45653C9F67}"
EndProject
Project("{FAE04EC0-301F-11D3-BF4B-00C04F79EFBC}") = "MyMonkeyAppXamarinForms.UWP", "MyMonkeyAppXamarinForms\MyMonkeyAppXamarinForms.UWP\MyMonkeyAppXamarinForms.UWP.csproj", "{17262C90-5C89-4232-A1C0-E7192F26EB81}"
EndProject
Project("{FAE04EC0-301F-11D3-BF4B-00C04F79EFBC}") = "MyMonkeyAppXamarinForms.Windows", "MyMonkeyAppXamarinForms\MyMonkeyAppXamarinForms.Windows\MyMonkeyAppXamarinForms.Windows.csproj", "{CD5F5E68-7888-4827-92DE-F8BD349ADF9A}"
EndProject
Project("{FAE04EC0-301F-11D3-BF4B-00C04F79EFBC}") = "MyMonkeyAppXamarinForms", "MyMonkeyAppXamarinForms\MyMonkeyAppXamarinForms\MyMonkeyAppXamarinForms.csproj", "{98579AE2-CFEF-463B-8D1A-BE98A13FCDA1}"
EndProject
Global
	GlobalSection(SolutionConfigurationPlatforms) = preSolution
		Ad-Hoc|Any CPU = Ad-Hoc|Any CPU
		Ad-Hoc|ARM = Ad-Hoc|ARM
		Ad-Hoc|iPhone = Ad-Hoc|iPhone
		Ad-Hoc|iPhoneSimulator = Ad-Hoc|iPhoneSimulator
		Ad-Hoc|x64 = Ad-Hoc|x64
		Ad-Hoc|x86 = Ad-Hoc|x86
		AppStore|Any CPU = AppStore|Any CPU
		AppStore|ARM = AppStore|ARM
		AppStore|iPhone = AppStore|iPhone
		AppStore|iPhoneSimulator = AppStore|iPhoneSimulator
		AppStore|x64 = AppStore|x64
		AppStore|x86 = AppStore|x86
		Debug|Any CPU = Debug|Any CPU
		Debug|ARM = Debug|ARM
		Debug|iPhone = Debug|iPhone
		Debug|iPhoneSimulator = Debug|iPhoneSimulator
		Debug|x64 = Debug|x64
		Debug|x86 = Debug|x86
		Release|Any CPU = Release|Any CPU
		Release|ARM = Release|ARM
		Release|iPhone = Release|iPhone
		Release|iPhoneSimulator = Release|iPhoneSimulator
		Release|x64 = Release|x64
		Release|x86 = Release|x86
	EndGlobalSection
	GlobalSection(ProjectConfigurationPlatforms) = postSolution
		{1985C665-E228-4390-A51B-AD9CD39A89DF}.Ad-Hoc|Any CPU.ActiveCfg = Release|Any CPU
		{1985C665-E228-4390-A51B-AD9CD39A89DF}.Ad-Hoc|Any CPU.Build.0 = Release|Any CPU
		{1985C665-E228-4390-A51B-AD9CD39A89DF}.Ad-Hoc|Any CPU.Deploy.0 = Release|Any CPU
		{1985C665-E228-4390-A51B-AD9CD39A89DF}.Ad-Hoc|ARM.ActiveCfg = Release|Any CPU
		{1985C665-E228-4390-A51B-AD9CD39A89DF}.Ad-Hoc|ARM.Build.0 = Release|Any CPU
		{1985C665-E228-4390-A51B-AD9CD39A89DF}.Ad-Hoc|ARM.Deploy.0 = Release|Any CPU
		{1985C665-E228-4390-A51B-AD9CD39A89DF}.Ad-Hoc|iPhone.ActiveCfg = Release|Any CPU
		{1985C665-E228-4390-A51B-AD9CD39A89DF}.Ad-Hoc|iPhone.Build.0 = Release|Any CPU
		{1985C665-E228-4390-A51B-AD9CD39A89DF}.Ad-Hoc|iPhone.Deploy.0 = Release|Any CPU
		{1985C665-E228-4390-A51B-AD9CD39A89DF}.Ad-Hoc|iPhoneSimulator.ActiveCfg = Release|Any CPU
		{1985C665-E228-4390-A51B-AD9CD39A89DF}.Ad-Hoc|iPhoneSimulator.Build.0 = Release|Any CPU
		{1985C665-E228-4390-A51B-AD9CD39A89DF}.Ad-Hoc|iPhoneSimulator.Deploy.0 = Release|Any CPU
		{1985C665-E228-4390-A51B-AD9CD39A89DF}.Ad-Hoc|x64.ActiveCfg = Release|Any CPU
		{1985C665-E228-4390-A51B-AD9CD39A89DF}.Ad-Hoc|x64.Build.0 = Release|Any CPU
		{1985C665-E228-4390-A51B-AD9CD39A89DF}.Ad-Hoc|x64.Deploy.0 = Release|Any CPU
		{1985C665-E228-4390-A51B-AD9CD39A89DF}.Ad-Hoc|x86.ActiveCfg = Release|Any CPU
		{1985C665-E228-4390-A51B-AD9CD39A89DF}.Ad-Hoc|x86.Build.0 = Release|Any CPU
		{1985C665-E228-4390-A51B-AD9CD39A89DF}.Ad-Hoc|x86.Deploy.0 = Release|Any CPU
		{1985C665-E228-4390-A51B-AD9CD39A89DF}.AppStore|Any CPU.ActiveCfg = Release|Any CPU
		{1985C665-E228-4390-A51B-AD9CD39A89DF}.AppStore|Any CPU.Build.0 = Release|Any CPU
		{1985C665-E228-4390-A51B-AD9CD39A89DF}.AppStore|Any CPU.Deploy.0 = Release|Any CPU
		{1985C665-E228-4390-A51B-AD9CD39A89DF}.AppStore|ARM.ActiveCfg = Release|Any CPU
		{1985C665-E228-4390-A51B-AD9CD39A89DF}.AppStore|ARM.Build.0 = Release|Any CPU
		{1985C665-E228-4390-A51B-AD9CD39A89DF}.AppStore|ARM.Deploy.0 = Release|Any CPU
		{1985C665-E228-4390-A51B-AD9CD39A89DF}.AppStore|iPhone.ActiveCfg = Release|Any CPU
		{1985C665-E228-4390-A51B-AD9CD39A89DF}.AppStore|iPhone.Build.0 = Release|Any CPU
		{1985C665-E228-4390-A51B-AD9CD39A89DF}.AppStore|iPhone.Deploy.0 = Release|Any CPU
		{1985C665-E228-4390-A51B-AD9CD39A89DF}.AppStore|iPhoneSimulator.ActiveCfg = Release|Any CPU
		{1985C665-E228-4390-A51B-AD9CD39A89DF}.AppStore|iPhoneSimulator.Build.0 = Release|Any CPU
		{1985C665-E228-4390-A51B-AD9CD39A89DF}.AppStore|iPhoneSimulator.Deploy.0 = Release|Any CPU
		{1985C665-E228-4390-A51B-AD9CD39A89DF}.AppStore|x64.ActiveCfg = Release|Any CPU
		{1985C665-E228-4390-A51B-AD9CD39A89DF}.AppStore|x64.Build.0 = Release|Any CPU
		{1985C665-E228-4390-A51B-AD9CD39A89DF}.AppStore|x64.Deploy.0 = Release|Any CPU
		{1985C665-E228-4390-A51B-AD9CD39A89DF}.AppStore|x86.ActiveCfg = Release|Any CPU
		{1985C665-E228-4390-A51B-AD9CD39A89DF}.AppStore|x86.Build.0 = Release|Any CPU
		{1985C665-E228-4390-A51B-AD9CD39A89DF}.AppStore|x86.Deploy.0 = Release|Any CPU
		{1985C665-E228-4390-A51B-AD9CD39A89DF}.Debug|Any CPU.ActiveCfg = Debug|Any CPU
		{1985C665-E228-4390-A51B-AD9CD39A89DF}.Debug|Any CPU.Build.0 = Debug|Any CPU
		{1985C665-E228-4390-A51B-AD9CD39A89DF}.Debug|Any CPU.Deploy.0 = Debug|Any CPU
		{1985C665-E228-4390-A51B-AD9CD39A89DF}.Debug|ARM.ActiveCfg = Debug|Any CPU
		{1985C665-E228-4390-A51B-AD9CD39A89DF}.Debug|ARM.Build.0 = Debug|Any CPU
		{1985C665-E228-4390-A51B-AD9CD39A89DF}.Debug|ARM.Deploy.0 = Debug|Any CPU
		{1985C665-E228-4390-A51B-AD9CD39A89DF}.Debug|iPhone.ActiveCfg = Debug|Any CPU
		{1985C665-E228-4390-A51B-AD9CD39A89DF}.Debug|iPhone.Build.0 = Debug|Any CPU
		{1985C665-E228-4390-A51B-AD9CD39A89DF}.Debug|iPhone.Deploy.0 = Debug|Any CPU
		{1985C665-E228-4390-A51B-AD9CD39A89DF}.Debug|iPhoneSimulator.ActiveCfg = Debug|Any CPU
		{1985C665-E228-4390-A51B-AD9CD39A89DF}.Debug|iPhoneSimulator.Build.0 = Debug|Any CPU
		{1985C665-E228-4390-A51B-AD9CD39A89DF}.Debug|iPhoneSimulator.Deploy.0 = Debug|Any CPU
		{1985C665-E228-4390-A51B-AD9CD39A89DF}.Debug|x64.ActiveCfg = Debug|Any CPU
		{1985C665-E228-4390-A51B-AD9CD39A89DF}.Debug|x64.Build.0 = Debug|Any CPU
		{1985C665-E228-4390-A51B-AD9CD39A89DF}.Debug|x64.Deploy.0 = Debug|Any CPU
		{1985C665-E228-4390-A51B-AD9CD39A89DF}.Debug|x86.ActiveCfg = Debug|Any CPU
		{1985C665-E228-4390-A51B-AD9CD39A89DF}.Debug|x86.Build.0 = Debug|Any CPU
		{1985C665-E228-4390-A51B-AD9CD39A89DF}.Debug|x86.Deploy.0 = Debug|Any CPU
		{1985C665-E228-4390-A51B-AD9CD39A89DF}.Release|Any CPU.ActiveCfg = Release|Any CPU
		{1985C665-E228-4390-A51B-AD9CD39A89DF}.Release|Any CPU.Build.0 = Release|Any CPU
		{1985C665-E228-4390-A51B-AD9CD39A89DF}.Release|Any CPU.Deploy.0 = Release|Any CPU
		{1985C665-E228-4390-A51B-AD9CD39A89DF}.Release|ARM.ActiveCfg = Release|Any CPU
		{1985C665-E228-4390-A51B-AD9CD39A89DF}.Release|ARM.Build.0 = Release|Any CPU
		{1985C665-E228-4390-A51B-AD9CD39A89DF}.Release|ARM.Deploy.0 = Release|Any CPU
		{1985C665-E228-4390-A51B-AD9CD39A89DF}.Release|iPhone.ActiveCfg = Release|Any CPU
		{1985C665-E228-4390-A51B-AD9CD39A89DF}.Release|iPhone.Build.0 = Release|Any CPU
		{1985C665-E228-4390-A51B-AD9CD39A89DF}.Release|iPhone.Deploy.0 = Release|Any CPU
		{1985C665-E228-4390-A51B-AD9CD39A89DF}.Release|iPhoneSimulator.ActiveCfg = Release|Any CPU
		{1985C665-E228-4390-A51B-AD9CD39A89DF}.Release|iPhoneSimulator.Build.0 = Release|Any CPU
		{1985C665-E228-4390-A51B-AD9CD39A89DF}.Release|iPhoneSimulator.Deploy.0 = Release|Any CPU
		{1985C665-E228-4390-A51B-AD9CD39A89DF}.Release|x64.ActiveCfg = Release|Any CPU
		{1985C665-E228-4390-A51B-AD9CD39A89DF}.Release|x64.Build.0 = Release|Any CPU
		{1985C665-E228-4390-A51B-AD9CD39A89DF}.Release|x64.Deploy.0 = Release|Any CPU
		{1985C665-E228-4390-A51B-AD9CD39A89DF}.Release|x86.ActiveCfg = Release|Any CPU
		{1985C665-E228-4390-A51B-AD9CD39A89DF}.Release|x86.Build.0 = Release|Any CPU
		{1985C665-E228-4390-A51B-AD9CD39A89DF}.Release|x86.Deploy.0 = Release|Any CPU
		{61267E6A-78CC-4CFC-9989-BD8B5B578246}.Ad-Hoc|Any CPU.ActiveCfg = Ad-Hoc|iPhone
		{61267E6A-78CC-4CFC-9989-BD8B5B578246}.Ad-Hoc|ARM.ActiveCfg = Ad-Hoc|iPhone
		{61267E6A-78CC-4CFC-9989-BD8B5B578246}.Ad-Hoc|iPhone.ActiveCfg = Ad-Hoc|iPhone
		{61267E6A-78CC-4CFC-9989-BD8B5B578246}.Ad-Hoc|iPhone.Build.0 = Ad-Hoc|iPhone
		{61267E6A-78CC-4CFC-9989-BD8B5B578246}.Ad-Hoc|iPhoneSimulator.ActiveCfg = Ad-Hoc|iPhoneSimulator
		{61267E6A-78CC-4CFC-9989-BD8B5B578246}.Ad-Hoc|iPhoneSimulator.Build.0 = Ad-Hoc|iPhoneSimulator
		{61267E6A-78CC-4CFC-9989-BD8B5B578246}.Ad-Hoc|x64.ActiveCfg = Ad-Hoc|iPhone
		{61267E6A-78CC-4CFC-9989-BD8B5B578246}.Ad-Hoc|x86.ActiveCfg = Ad-Hoc|iPhone
		{61267E6A-78CC-4CFC-9989-BD8B5B578246}.AppStore|Any CPU.ActiveCfg = AppStore|iPhone
		{61267E6A-78CC-4CFC-9989-BD8B5B578246}.AppStore|ARM.ActiveCfg = AppStore|iPhone
		{61267E6A-78CC-4CFC-9989-BD8B5B578246}.AppStore|iPhone.ActiveCfg = AppStore|iPhone
		{61267E6A-78CC-4CFC-9989-BD8B5B578246}.AppStore|iPhone.Build.0 = AppStore|iPhone
		{61267E6A-78CC-4CFC-9989-BD8B5B578246}.AppStore|iPhoneSimulator.ActiveCfg = AppStore|iPhoneSimulator
		{61267E6A-78CC-4CFC-9989-BD8B5B578246}.AppStore|iPhoneSimulator.Build.0 = AppStore|iPhoneSimulator
		{61267E6A-78CC-4CFC-9989-BD8B5B578246}.AppStore|x64.ActiveCfg = AppStore|iPhone
		{61267E6A-78CC-4CFC-9989-BD8B5B578246}.AppStore|x86.ActiveCfg = AppStore|iPhone
		{61267E6A-78CC-4CFC-9989-BD8B5B578246}.Debug|Any CPU.ActiveCfg = Debug|iPhone
		{61267E6A-78CC-4CFC-9989-BD8B5B578246}.Debug|ARM.ActiveCfg = Debug|iPhone
		{61267E6A-78CC-4CFC-9989-BD8B5B578246}.Debug|iPhone.ActiveCfg = Debug|iPhone
		{61267E6A-78CC-4CFC-9989-BD8B5B578246}.Debug|iPhone.Build.0 = Debug|iPhone
		{61267E6A-78CC-4CFC-9989-BD8B5B578246}.Debug|iPhoneSimulator.ActiveCfg = Debug|iPhoneSimulator
		{61267E6A-78CC-4CFC-9989-BD8B5B578246}.Debug|iPhoneSimulator.Build.0 = Debug|iPhoneSimulator
		{61267E6A-78CC-4CFC-9989-BD8B5B578246}.Debug|x64.ActiveCfg = Debug|iPhone
		{61267E6A-78CC-4CFC-9989-BD8B5B578246}.Debug|x86.ActiveCfg = Debug|iPhone
		{61267E6A-78CC-4CFC-9989-BD8B5B578246}.Release|Any CPU.ActiveCfg = Release|iPhone
		{61267E6A-78CC-4CFC-9989-BD8B5B578246}.Release|ARM.ActiveCfg = Release|iPhone
		{61267E6A-78CC-4CFC-9989-BD8B5B578246}.Release|iPhone.ActiveCfg = Release|iPhone
		{61267E6A-78CC-4CFC-9989-BD8B5B578246}.Release|iPhone.Build.0 = Release|iPhone
		{61267E6A-78CC-4CFC-9989-BD8B5B578246}.Release|iPhoneSimulator.ActiveCfg = Release|iPhoneSimulator
		{61267E6A-78CC-4CFC-9989-BD8B5B578246}.Release|iPhoneSimulator.Build.0 = Release|iPhoneSimulator
		{61267E6A-78CC-4CFC-9989-BD8B5B578246}.Release|x64.ActiveCfg = Release|iPhone
		{61267E6A-78CC-4CFC-9989-BD8B5B578246}.Release|x86.ActiveCfg = Release|iPhone
		{2C82B639-0101-4C57-B2C7-CA45653C9F67}.Ad-Hoc|Any CPU.ActiveCfg = Release|Any CPU
		{2C82B639-0101-4C57-B2C7-CA45653C9F67}.Ad-Hoc|Any CPU.Build.0 = Release|Any CPU
		{2C82B639-0101-4C57-B2C7-CA45653C9F67}.Ad-Hoc|Any CPU.Deploy.0 = Release|Any CPU
		{2C82B639-0101-4C57-B2C7-CA45653C9F67}.Ad-Hoc|ARM.ActiveCfg = Release|ARM
		{2C82B639-0101-4C57-B2C7-CA45653C9F67}.Ad-Hoc|ARM.Build.0 = Release|ARM
		{2C82B639-0101-4C57-B2C7-CA45653C9F67}.Ad-Hoc|ARM.Deploy.0 = Release|ARM
		{2C82B639-0101-4C57-B2C7-CA45653C9F67}.Ad-Hoc|iPhone.ActiveCfg = Release|Any CPU
		{2C82B639-0101-4C57-B2C7-CA45653C9F67}.Ad-Hoc|iPhone.Build.0 = Release|Any CPU
		{2C82B639-0101-4C57-B2C7-CA45653C9F67}.Ad-Hoc|iPhone.Deploy.0 = Release|Any CPU
		{2C82B639-0101-4C57-B2C7-CA45653C9F67}.Ad-Hoc|iPhoneSimulator.ActiveCfg = Release|Any CPU
		{2C82B639-0101-4C57-B2C7-CA45653C9F67}.Ad-Hoc|iPhoneSimulator.Build.0 = Release|Any CPU
		{2C82B639-0101-4C57-B2C7-CA45653C9F67}.Ad-Hoc|iPhoneSimulator.Deploy.0 = Release|Any CPU
		{2C82B639-0101-4C57-B2C7-CA45653C9F67}.Ad-Hoc|x64.ActiveCfg = Release|Any CPU
		{2C82B639-0101-4C57-B2C7-CA45653C9F67}.Ad-Hoc|x64.Build.0 = Release|Any CPU
		{2C82B639-0101-4C57-B2C7-CA45653C9F67}.Ad-Hoc|x64.Deploy.0 = Release|Any CPU
		{2C82B639-0101-4C57-B2C7-CA45653C9F67}.Ad-Hoc|x86.ActiveCfg = Release|x86
		{2C82B639-0101-4C57-B2C7-CA45653C9F67}.Ad-Hoc|x86.Build.0 = Release|x86
		{2C82B639-0101-4C57-B2C7-CA45653C9F67}.Ad-Hoc|x86.Deploy.0 = Release|x86
		{2C82B639-0101-4C57-B2C7-CA45653C9F67}.AppStore|Any CPU.ActiveCfg = Release|Any CPU
		{2C82B639-0101-4C57-B2C7-CA45653C9F67}.AppStore|Any CPU.Build.0 = Release|Any CPU
		{2C82B639-0101-4C57-B2C7-CA45653C9F67}.AppStore|Any CPU.Deploy.0 = Release|Any CPU
		{2C82B639-0101-4C57-B2C7-CA45653C9F67}.AppStore|ARM.ActiveCfg = Release|ARM
		{2C82B639-0101-4C57-B2C7-CA45653C9F67}.AppStore|ARM.Build.0 = Release|ARM
		{2C82B639-0101-4C57-B2C7-CA45653C9F67}.AppStore|ARM.Deploy.0 = Release|ARM
		{2C82B639-0101-4C57-B2C7-CA45653C9F67}.AppStore|iPhone.ActiveCfg = Release|Any CPU
		{2C82B639-0101-4C57-B2C7-CA45653C9F67}.AppStore|iPhone.Build.0 = Release|Any CPU
		{2C82B639-0101-4C57-B2C7-CA45653C9F67}.AppStore|iPhone.Deploy.0 = Release|Any CPU
		{2C82B639-0101-4C57-B2C7-CA45653C9F67}.AppStore|iPhoneSimulator.ActiveCfg = Release|Any CPU
		{2C82B639-0101-4C57-B2C7-CA45653C9F67}.AppStore|iPhoneSimulator.Build.0 = Release|Any CPU
		{2C82B639-0101-4C57-B2C7-CA45653C9F67}.AppStore|iPhoneSimulator.Deploy.0 = Release|Any CPU
		{2C82B639-0101-4C57-B2C7-CA45653C9F67}.AppStore|x64.ActiveCfg = Release|Any CPU
		{2C82B639-0101-4C57-B2C7-CA45653C9F67}.AppStore|x64.Build.0 = Release|Any CPU
		{2C82B639-0101-4C57-B2C7-CA45653C9F67}.AppStore|x64.Deploy.0 = Release|Any CPU
		{2C82B639-0101-4C57-B2C7-CA45653C9F67}.AppStore|x86.ActiveCfg = Release|x86
		{2C82B639-0101-4C57-B2C7-CA45653C9F67}.AppStore|x86.Build.0 = Release|x86
		{2C82B639-0101-4C57-B2C7-CA45653C9F67}.AppStore|x86.Deploy.0 = Release|x86
		{2C82B639-0101-4C57-B2C7-CA45653C9F67}.Debug|Any CPU.ActiveCfg = Debug|Any CPU
		{2C82B639-0101-4C57-B2C7-CA45653C9F67}.Debug|Any CPU.Build.0 = Debug|Any CPU
		{2C82B639-0101-4C57-B2C7-CA45653C9F67}.Debug|Any CPU.Deploy.0 = Debug|Any CPU
		{2C82B639-0101-4C57-B2C7-CA45653C9F67}.Debug|ARM.ActiveCfg = Debug|ARM
		{2C82B639-0101-4C57-B2C7-CA45653C9F67}.Debug|ARM.Build.0 = Debug|ARM
		{2C82B639-0101-4C57-B2C7-CA45653C9F67}.Debug|ARM.Deploy.0 = Debug|ARM
		{2C82B639-0101-4C57-B2C7-CA45653C9F67}.Debug|iPhone.ActiveCfg = Debug|Any CPU
		{2C82B639-0101-4C57-B2C7-CA45653C9F67}.Debug|iPhone.Build.0 = Debug|Any CPU
		{2C82B639-0101-4C57-B2C7-CA45653C9F67}.Debug|iPhone.Deploy.0 = Debug|Any CPU
		{2C82B639-0101-4C57-B2C7-CA45653C9F67}.Debug|iPhoneSimulator.ActiveCfg = Debug|Any CPU
		{2C82B639-0101-4C57-B2C7-CA45653C9F67}.Debug|iPhoneSimulator.Build.0 = Debug|Any CPU
		{2C82B639-0101-4C57-B2C7-CA45653C9F67}.Debug|iPhoneSimulator.Deploy.0 = Debug|Any CPU
		{2C82B639-0101-4C57-B2C7-CA45653C9F67}.Debug|x64.ActiveCfg = Debug|Any CPU
		{2C82B639-0101-4C57-B2C7-CA45653C9F67}.Debug|x64.Build.0 = Debug|Any CPU
		{2C82B639-0101-4C57-B2C7-CA45653C9F67}.Debug|x64.Deploy.0 = Debug|Any CPU
		{2C82B639-0101-4C57-B2C7-CA45653C9F67}.Debug|x86.ActiveCfg = Debug|x86
		{2C82B639-0101-4C57-B2C7-CA45653C9F67}.Debug|x86.Build.0 = Debug|x86
		{2C82B639-0101-4C57-B2C7-CA45653C9F67}.Debug|x86.Deploy.0 = Debug|x86
		{2C82B639-0101-4C57-B2C7-CA45653C9F67}.Release|Any CPU.ActiveCfg = Release|Any CPU
		{2C82B639-0101-4C57-B2C7-CA45653C9F67}.Release|Any CPU.Build.0 = Release|Any CPU
		{2C82B639-0101-4C57-B2C7-CA45653C9F67}.Release|Any CPU.Deploy.0 = Release|Any CPU
		{2C82B639-0101-4C57-B2C7-CA45653C9F67}.Release|ARM.ActiveCfg = Release|ARM
		{2C82B639-0101-4C57-B2C7-CA45653C9F67}.Release|ARM.Build.0 = Release|ARM
		{2C82B639-0101-4C57-B2C7-CA45653C9F67}.Release|ARM.Deploy.0 = Release|ARM
		{2C82B639-0101-4C57-B2C7-CA45653C9F67}.Release|iPhone.ActiveCfg = Release|Any CPU
		{2C82B639-0101-4C57-B2C7-CA45653C9F67}.Release|iPhone.Build.0 = Release|Any CPU
		{2C82B639-0101-4C57-B2C7-CA45653C9F67}.Release|iPhone.Deploy.0 = Release|Any CPU
		{2C82B639-0101-4C57-B2C7-CA45653C9F67}.Release|iPhoneSimulator.ActiveCfg = Release|Any CPU
		{2C82B639-0101-4C57-B2C7-CA45653C9F67}.Release|iPhoneSimulator.Build.0 = Release|Any CPU
		{2C82B639-0101-4C57-B2C7-CA45653C9F67}.Release|iPhoneSimulator.Deploy.0 = Release|Any CPU
		{2C82B639-0101-4C57-B2C7-CA45653C9F67}.Release|x64.ActiveCfg = Release|Any CPU
		{2C82B639-0101-4C57-B2C7-CA45653C9F67}.Release|x64.Build.0 = Release|Any CPU
		{2C82B639-0101-4C57-B2C7-CA45653C9F67}.Release|x64.Deploy.0 = Release|Any CPU
		{2C82B639-0101-4C57-B2C7-CA45653C9F67}.Release|x86.ActiveCfg = Release|x86
		{2C82B639-0101-4C57-B2C7-CA45653C9F67}.Release|x86.Build.0 = Release|x86
		{2C82B639-0101-4C57-B2C7-CA45653C9F67}.Release|x86.Deploy.0 = Release|x86
		{17262C90-5C89-4232-A1C0-E7192F26EB81}.Ad-Hoc|Any CPU.ActiveCfg = Release|x86
		{17262C90-5C89-4232-A1C0-E7192F26EB81}.Ad-Hoc|Any CPU.Build.0 = Release|x86
		{17262C90-5C89-4232-A1C0-E7192F26EB81}.Ad-Hoc|Any CPU.Deploy.0 = Release|x86
		{17262C90-5C89-4232-A1C0-E7192F26EB81}.Ad-Hoc|ARM.ActiveCfg = Release|ARM
		{17262C90-5C89-4232-A1C0-E7192F26EB81}.Ad-Hoc|ARM.Build.0 = Release|ARM
		{17262C90-5C89-4232-A1C0-E7192F26EB81}.Ad-Hoc|ARM.Deploy.0 = Release|ARM
		{17262C90-5C89-4232-A1C0-E7192F26EB81}.Ad-Hoc|iPhone.ActiveCfg = Release|x86
		{17262C90-5C89-4232-A1C0-E7192F26EB81}.Ad-Hoc|iPhone.Build.0 = Release|x86
		{17262C90-5C89-4232-A1C0-E7192F26EB81}.Ad-Hoc|iPhone.Deploy.0 = Release|x86
		{17262C90-5C89-4232-A1C0-E7192F26EB81}.Ad-Hoc|iPhoneSimulator.ActiveCfg = Release|x86
		{17262C90-5C89-4232-A1C0-E7192F26EB81}.Ad-Hoc|iPhoneSimulator.Build.0 = Release|x86
		{17262C90-5C89-4232-A1C0-E7192F26EB81}.Ad-Hoc|iPhoneSimulator.Deploy.0 = Release|x86
		{17262C90-5C89-4232-A1C0-E7192F26EB81}.Ad-Hoc|x64.ActiveCfg = Release|x64
		{17262C90-5C89-4232-A1C0-E7192F26EB81}.Ad-Hoc|x64.Build.0 = Release|x64
		{17262C90-5C89-4232-A1C0-E7192F26EB81}.Ad-Hoc|x64.Deploy.0 = Release|x64
		{17262C90-5C89-4232-A1C0-E7192F26EB81}.Ad-Hoc|x86.ActiveCfg = Release|x86
		{17262C90-5C89-4232-A1C0-E7192F26EB81}.Ad-Hoc|x86.Build.0 = Release|x86
		{17262C90-5C89-4232-A1C0-E7192F26EB81}.Ad-Hoc|x86.Deploy.0 = Release|x86
		{17262C90-5C89-4232-A1C0-E7192F26EB81}.AppStore|Any CPU.ActiveCfg = Release|x86
		{17262C90-5C89-4232-A1C0-E7192F26EB81}.AppStore|Any CPU.Build.0 = Release|x86
		{17262C90-5C89-4232-A1C0-E7192F26EB81}.AppStore|Any CPU.Deploy.0 = Release|x86
		{17262C90-5C89-4232-A1C0-E7192F26EB81}.AppStore|ARM.ActiveCfg = Release|ARM
		{17262C90-5C89-4232-A1C0-E7192F26EB81}.AppStore|ARM.Build.0 = Release|ARM
		{17262C90-5C89-4232-A1C0-E7192F26EB81}.AppStore|ARM.Deploy.0 = Release|ARM
		{17262C90-5C89-4232-A1C0-E7192F26EB81}.AppStore|iPhone.ActiveCfg = Release|x86
		{17262C90-5C89-4232-A1C0-E7192F26EB81}.AppStore|iPhone.Build.0 = Release|x86
		{17262C90-5C89-4232-A1C0-E7192F26EB81}.AppStore|iPhone.Deploy.0 = Release|x86
		{17262C90-5C89-4232-A1C0-E7192F26EB81}.AppStore|iPhoneSimulator.ActiveCfg = Release|x86
		{17262C90-5C89-4232-A1C0-E7192F26EB81}.AppStore|iPhoneSimulator.Build.0 = Release|x86
		{17262C90-5C89-4232-A1C0-E7192F26EB81}.AppStore|iPhoneSimulator.Deploy.0 = Release|x86
		{17262C90-5C89-4232-A1C0-E7192F26EB81}.AppStore|x64.ActiveCfg = Release|x64
		{17262C90-5C89-4232-A1C0-E7192F26EB81}.AppStore|x64.Build.0 = Release|x64
		{17262C90-5C89-4232-A1C0-E7192F26EB81}.AppStore|x64.Deploy.0 = Release|x64
		{17262C90-5C89-4232-A1C0-E7192F26EB81}.AppStore|x86.ActiveCfg = Release|x86
		{17262C90-5C89-4232-A1C0-E7192F26EB81}.AppStore|x86.Build.0 = Release|x86
		{17262C90-5C89-4232-A1C0-E7192F26EB81}.AppStore|x86.Deploy.0 = Release|x86
		{17262C90-5C89-4232-A1C0-E7192F26EB81}.Debug|Any CPU.ActiveCfg = Debug|x86
		{17262C90-5C89-4232-A1C0-E7192F26EB81}.Debug|ARM.ActiveCfg = Debug|ARM
		{17262C90-5C89-4232-A1C0-E7192F26EB81}.Debug|ARM.Build.0 = Debug|ARM
		{17262C90-5C89-4232-A1C0-E7192F26EB81}.Debug|ARM.Deploy.0 = Debug|ARM
		{17262C90-5C89-4232-A1C0-E7192F26EB81}.Debug|iPhone.ActiveCfg = Debug|x86
		{17262C90-5C89-4232-A1C0-E7192F26EB81}.Debug|iPhoneSimulator.ActiveCfg = Debug|x86
		{17262C90-5C89-4232-A1C0-E7192F26EB81}.Debug|x64.ActiveCfg = Debug|x64
		{17262C90-5C89-4232-A1C0-E7192F26EB81}.Debug|x64.Build.0 = Debug|x64
		{17262C90-5C89-4232-A1C0-E7192F26EB81}.Debug|x64.Deploy.0 = Debug|x64
		{17262C90-5C89-4232-A1C0-E7192F26EB81}.Debug|x86.ActiveCfg = Debug|x86
		{17262C90-5C89-4232-A1C0-E7192F26EB81}.Debug|x86.Build.0 = Debug|x86
		{17262C90-5C89-4232-A1C0-E7192F26EB81}.Debug|x86.Deploy.0 = Debug|x86
		{17262C90-5C89-4232-A1C0-E7192F26EB81}.Release|Any CPU.ActiveCfg = Release|x86
		{17262C90-5C89-4232-A1C0-E7192F26EB81}.Release|ARM.ActiveCfg = Release|ARM
		{17262C90-5C89-4232-A1C0-E7192F26EB81}.Release|ARM.Build.0 = Release|ARM
		{17262C90-5C89-4232-A1C0-E7192F26EB81}.Release|ARM.Deploy.0 = Release|ARM
		{17262C90-5C89-4232-A1C0-E7192F26EB81}.Release|iPhone.ActiveCfg = Release|x86
		{17262C90-5C89-4232-A1C0-E7192F26EB81}.Release|iPhoneSimulator.ActiveCfg = Release|x86
		{17262C90-5C89-4232-A1C0-E7192F26EB81}.Release|x64.ActiveCfg = Release|x64
		{17262C90-5C89-4232-A1C0-E7192F26EB81}.Release|x64.Build.0 = Release|x64
		{17262C90-5C89-4232-A1C0-E7192F26EB81}.Release|x64.Deploy.0 = Release|x64
		{17262C90-5C89-4232-A1C0-E7192F26EB81}.Release|x86.ActiveCfg = Release|x86
		{17262C90-5C89-4232-A1C0-E7192F26EB81}.Release|x86.Build.0 = Release|x86
		{17262C90-5C89-4232-A1C0-E7192F26EB81}.Release|x86.Deploy.0 = Release|x86
		{CD5F5E68-7888-4827-92DE-F8BD349ADF9A}.Ad-Hoc|Any CPU.ActiveCfg = Release|Any CPU
		{CD5F5E68-7888-4827-92DE-F8BD349ADF9A}.Ad-Hoc|Any CPU.Build.0 = Release|Any CPU
		{CD5F5E68-7888-4827-92DE-F8BD349ADF9A}.Ad-Hoc|Any CPU.Deploy.0 = Release|Any CPU
		{CD5F5E68-7888-4827-92DE-F8BD349ADF9A}.Ad-Hoc|ARM.ActiveCfg = Release|ARM
		{CD5F5E68-7888-4827-92DE-F8BD349ADF9A}.Ad-Hoc|ARM.Build.0 = Release|ARM
		{CD5F5E68-7888-4827-92DE-F8BD349ADF9A}.Ad-Hoc|ARM.Deploy.0 = Release|ARM
		{CD5F5E68-7888-4827-92DE-F8BD349ADF9A}.Ad-Hoc|iPhone.ActiveCfg = Release|Any CPU
		{CD5F5E68-7888-4827-92DE-F8BD349ADF9A}.Ad-Hoc|iPhone.Build.0 = Release|Any CPU
		{CD5F5E68-7888-4827-92DE-F8BD349ADF9A}.Ad-Hoc|iPhone.Deploy.0 = Release|Any CPU
		{CD5F5E68-7888-4827-92DE-F8BD349ADF9A}.Ad-Hoc|iPhoneSimulator.ActiveCfg = Release|Any CPU
		{CD5F5E68-7888-4827-92DE-F8BD349ADF9A}.Ad-Hoc|iPhoneSimulator.Build.0 = Release|Any CPU
		{CD5F5E68-7888-4827-92DE-F8BD349ADF9A}.Ad-Hoc|iPhoneSimulator.Deploy.0 = Release|Any CPU
		{CD5F5E68-7888-4827-92DE-F8BD349ADF9A}.Ad-Hoc|x64.ActiveCfg = Release|x64
		{CD5F5E68-7888-4827-92DE-F8BD349ADF9A}.Ad-Hoc|x64.Build.0 = Release|x64
		{CD5F5E68-7888-4827-92DE-F8BD349ADF9A}.Ad-Hoc|x64.Deploy.0 = Release|x64
		{CD5F5E68-7888-4827-92DE-F8BD349ADF9A}.Ad-Hoc|x86.ActiveCfg = Release|x86
		{CD5F5E68-7888-4827-92DE-F8BD349ADF9A}.Ad-Hoc|x86.Build.0 = Release|x86
		{CD5F5E68-7888-4827-92DE-F8BD349ADF9A}.Ad-Hoc|x86.Deploy.0 = Release|x86
		{CD5F5E68-7888-4827-92DE-F8BD349ADF9A}.AppStore|Any CPU.ActiveCfg = Release|Any CPU
		{CD5F5E68-7888-4827-92DE-F8BD349ADF9A}.AppStore|Any CPU.Build.0 = Release|Any CPU
		{CD5F5E68-7888-4827-92DE-F8BD349ADF9A}.AppStore|Any CPU.Deploy.0 = Release|Any CPU
		{CD5F5E68-7888-4827-92DE-F8BD349ADF9A}.AppStore|ARM.ActiveCfg = Release|ARM
		{CD5F5E68-7888-4827-92DE-F8BD349ADF9A}.AppStore|ARM.Build.0 = Release|ARM
		{CD5F5E68-7888-4827-92DE-F8BD349ADF9A}.AppStore|ARM.Deploy.0 = Release|ARM
		{CD5F5E68-7888-4827-92DE-F8BD349ADF9A}.AppStore|iPhone.ActiveCfg = Release|Any CPU
		{CD5F5E68-7888-4827-92DE-F8BD349ADF9A}.AppStore|iPhone.Build.0 = Release|Any CPU
		{CD5F5E68-7888-4827-92DE-F8BD349ADF9A}.AppStore|iPhone.Deploy.0 = Release|Any CPU
		{CD5F5E68-7888-4827-92DE-F8BD349ADF9A}.AppStore|iPhoneSimulator.ActiveCfg = Release|Any CPU
		{CD5F5E68-7888-4827-92DE-F8BD349ADF9A}.AppStore|iPhoneSimulator.Build.0 = Release|Any CPU
		{CD5F5E68-7888-4827-92DE-F8BD349ADF9A}.AppStore|iPhoneSimulator.Deploy.0 = Release|Any CPU
		{CD5F5E68-7888-4827-92DE-F8BD349ADF9A}.AppStore|x64.ActiveCfg = Release|x64
		{CD5F5E68-7888-4827-92DE-F8BD349ADF9A}.AppStore|x64.Build.0 = Release|x64
		{CD5F5E68-7888-4827-92DE-F8BD349ADF9A}.AppStore|x64.Deploy.0 = Release|x64
		{CD5F5E68-7888-4827-92DE-F8BD349ADF9A}.AppStore|x86.ActiveCfg = Release|x86
		{CD5F5E68-7888-4827-92DE-F8BD349ADF9A}.AppStore|x86.Build.0 = Release|x86
		{CD5F5E68-7888-4827-92DE-F8BD349ADF9A}.AppStore|x86.Deploy.0 = Release|x86
		{CD5F5E68-7888-4827-92DE-F8BD349ADF9A}.Debug|Any CPU.ActiveCfg = Debug|Any CPU
		{CD5F5E68-7888-4827-92DE-F8BD349ADF9A}.Debug|Any CPU.Build.0 = Debug|Any CPU
		{CD5F5E68-7888-4827-92DE-F8BD349ADF9A}.Debug|Any CPU.Deploy.0 = Debug|Any CPU
		{CD5F5E68-7888-4827-92DE-F8BD349ADF9A}.Debug|ARM.ActiveCfg = Debug|ARM
		{CD5F5E68-7888-4827-92DE-F8BD349ADF9A}.Debug|ARM.Build.0 = Debug|ARM
		{CD5F5E68-7888-4827-92DE-F8BD349ADF9A}.Debug|ARM.Deploy.0 = Debug|ARM
		{CD5F5E68-7888-4827-92DE-F8BD349ADF9A}.Debug|iPhone.ActiveCfg = Debug|Any CPU
		{CD5F5E68-7888-4827-92DE-F8BD349ADF9A}.Debug|iPhone.Build.0 = Debug|Any CPU
		{CD5F5E68-7888-4827-92DE-F8BD349ADF9A}.Debug|iPhone.Deploy.0 = Debug|Any CPU
		{CD5F5E68-7888-4827-92DE-F8BD349ADF9A}.Debug|iPhoneSimulator.ActiveCfg = Debug|Any CPU
		{CD5F5E68-7888-4827-92DE-F8BD349ADF9A}.Debug|iPhoneSimulator.Build.0 = Debug|Any CPU
		{CD5F5E68-7888-4827-92DE-F8BD349ADF9A}.Debug|iPhoneSimulator.Deploy.0 = Debug|Any CPU
		{CD5F5E68-7888-4827-92DE-F8BD349ADF9A}.Debug|x64.ActiveCfg = Debug|x64
		{CD5F5E68-7888-4827-92DE-F8BD349ADF9A}.Debug|x64.Build.0 = Debug|x64
		{CD5F5E68-7888-4827-92DE-F8BD349ADF9A}.Debug|x64.Deploy.0 = Debug|x64
		{CD5F5E68-7888-4827-92DE-F8BD349ADF9A}.Debug|x86.ActiveCfg = Debug|x86
		{CD5F5E68-7888-4827-92DE-F8BD349ADF9A}.Debug|x86.Build.0 = Debug|x86
		{CD5F5E68-7888-4827-92DE-F8BD349ADF9A}.Debug|x86.Deploy.0 = Debug|x86
		{CD5F5E68-7888-4827-92DE-F8BD349ADF9A}.Release|Any CPU.ActiveCfg = Release|Any CPU
		{CD5F5E68-7888-4827-92DE-F8BD349ADF9A}.Release|Any CPU.Build.0 = Release|Any CPU
		{CD5F5E68-7888-4827-92DE-F8BD349ADF9A}.Release|Any CPU.Deploy.0 = Release|Any CPU
		{CD5F5E68-7888-4827-92DE-F8BD349ADF9A}.Release|ARM.ActiveCfg = Release|ARM
		{CD5F5E68-7888-4827-92DE-F8BD349ADF9A}.Release|ARM.Build.0 = Release|ARM
		{CD5F5E68-7888-4827-92DE-F8BD349ADF9A}.Release|ARM.Deploy.0 = Release|ARM
		{CD5F5E68-7888-4827-92DE-F8BD349ADF9A}.Release|iPhone.ActiveCfg = Release|Any CPU
		{CD5F5E68-7888-4827-92DE-F8BD349ADF9A}.Release|iPhone.Build.0 = Release|Any CPU
		{CD5F5E68-7888-4827-92DE-F8BD349ADF9A}.Release|iPhone.Deploy.0 = Release|Any CPU
		{CD5F5E68-7888-4827-92DE-F8BD349ADF9A}.Release|iPhoneSimulator.ActiveCfg = Release|Any CPU
		{CD5F5E68-7888-4827-92DE-F8BD349ADF9A}.Release|iPhoneSimulator.Build.0 = Release|Any CPU
		{CD5F5E68-7888-4827-92DE-F8BD349ADF9A}.Release|iPhoneSimulator.Deploy.0 = Release|Any CPU
		{CD5F5E68-7888-4827-92DE-F8BD349ADF9A}.Release|x64.ActiveCfg = Release|x64
		{CD5F5E68-7888-4827-92DE-F8BD349ADF9A}.Release|x64.Build.0 = Release|x64
		{CD5F5E68-7888-4827-92DE-F8BD349ADF9A}.Release|x64.Deploy.0 = Release|x64
		{CD5F5E68-7888-4827-92DE-F8BD349ADF9A}.Release|x86.ActiveCfg = Release|x86
		{CD5F5E68-7888-4827-92DE-F8BD349ADF9A}.Release|x86.Build.0 = Release|x86
		{CD5F5E68-7888-4827-92DE-F8BD349ADF9A}.Release|x86.Deploy.0 = Release|x86
		{98579AE2-CFEF-463B-8D1A-BE98A13FCDA1}.Ad-Hoc|Any CPU.ActiveCfg = Release|Any CPU
		{98579AE2-CFEF-463B-8D1A-BE98A13FCDA1}.Ad-Hoc|Any CPU.Build.0 = Release|Any CPU
		{98579AE2-CFEF-463B-8D1A-BE98A13FCDA1}.Ad-Hoc|ARM.ActiveCfg = Release|Any CPU
		{98579AE2-CFEF-463B-8D1A-BE98A13FCDA1}.Ad-Hoc|ARM.Build.0 = Release|Any CPU
		{98579AE2-CFEF-463B-8D1A-BE98A13FCDA1}.Ad-Hoc|iPhone.ActiveCfg = Release|Any CPU
		{98579AE2-CFEF-463B-8D1A-BE98A13FCDA1}.Ad-Hoc|iPhone.Build.0 = Release|Any CPU
		{98579AE2-CFEF-463B-8D1A-BE98A13FCDA1}.Ad-Hoc|iPhoneSimulator.ActiveCfg = Release|Any CPU
		{98579AE2-CFEF-463B-8D1A-BE98A13FCDA1}.Ad-Hoc|iPhoneSimulator.Build.0 = Release|Any CPU
		{98579AE2-CFEF-463B-8D1A-BE98A13FCDA1}.Ad-Hoc|x64.ActiveCfg = Release|Any CPU
		{98579AE2-CFEF-463B-8D1A-BE98A13FCDA1}.Ad-Hoc|x64.Build.0 = Release|Any CPU
		{98579AE2-CFEF-463B-8D1A-BE98A13FCDA1}.Ad-Hoc|x86.ActiveCfg = Release|Any CPU
		{98579AE2-CFEF-463B-8D1A-BE98A13FCDA1}.Ad-Hoc|x86.Build.0 = Release|Any CPU
		{98579AE2-CFEF-463B-8D1A-BE98A13FCDA1}.AppStore|Any CPU.ActiveCfg = Release|Any CPU
		{98579AE2-CFEF-463B-8D1A-BE98A13FCDA1}.AppStore|Any CPU.Build.0 = Release|Any CPU
		{98579AE2-CFEF-463B-8D1A-BE98A13FCDA1}.AppStore|ARM.ActiveCfg = Release|Any CPU
		{98579AE2-CFEF-463B-8D1A-BE98A13FCDA1}.AppStore|ARM.Build.0 = Release|Any CPU
		{98579AE2-CFEF-463B-8D1A-BE98A13FCDA1}.AppStore|iPhone.ActiveCfg = Release|Any CPU
		{98579AE2-CFEF-463B-8D1A-BE98A13FCDA1}.AppStore|iPhone.Build.0 = Release|Any CPU
		{98579AE2-CFEF-463B-8D1A-BE98A13FCDA1}.AppStore|iPhoneSimulator.ActiveCfg = Release|Any CPU
		{98579AE2-CFEF-463B-8D1A-BE98A13FCDA1}.AppStore|iPhoneSimulator.Build.0 = Release|Any CPU
		{98579AE2-CFEF-463B-8D1A-BE98A13FCDA1}.AppStore|x64.ActiveCfg = Release|Any CPU
		{98579AE2-CFEF-463B-8D1A-BE98A13FCDA1}.AppStore|x64.Build.0 = Release|Any CPU
		{98579AE2-CFEF-463B-8D1A-BE98A13FCDA1}.AppStore|x86.ActiveCfg = Release|Any CPU
		{98579AE2-CFEF-463B-8D1A-BE98A13FCDA1}.AppStore|x86.Build.0 = Release|Any CPU
		{98579AE2-CFEF-463B-8D1A-BE98A13FCDA1}.Debug|Any CPU.ActiveCfg = Debug|Any CPU
		{98579AE2-CFEF-463B-8D1A-BE98A13FCDA1}.Debug|Any CPU.Build.0 = Debug|Any CPU
		{98579AE2-CFEF-463B-8D1A-BE98A13FCDA1}.Debug|ARM.ActiveCfg = Debug|Any CPU
		{98579AE2-CFEF-463B-8D1A-BE98A13FCDA1}.Debug|ARM.Build.0 = Debug|Any CPU
		{98579AE2-CFEF-463B-8D1A-BE98A13FCDA1}.Debug|iPhone.ActiveCfg = Debug|Any CPU
		{98579AE2-CFEF-463B-8D1A-BE98A13FCDA1}.Debug|iPhone.Build.0 = Debug|Any CPU
		{98579AE2-CFEF-463B-8D1A-BE98A13FCDA1}.Debug|iPhoneSimulator.ActiveCfg = Debug|Any CPU
		{98579AE2-CFEF-463B-8D1A-BE98A13FCDA1}.Debug|iPhoneSimulator.Build.0 = Debug|Any CPU
		{98579AE2-CFEF-463B-8D1A-BE98A13FCDA1}.Debug|x64.ActiveCfg = Debug|Any CPU
		{98579AE2-CFEF-463B-8D1A-BE98A13FCDA1}.Debug|x64.Build.0 = Debug|Any CPU
		{98579AE2-CFEF-463B-8D1A-BE98A13FCDA1}.Debug|x86.ActiveCfg = Debug|Any CPU
		{98579AE2-CFEF-463B-8D1A-BE98A13FCDA1}.Debug|x86.Build.0 = Debug|Any CPU
		{98579AE2-CFEF-463B-8D1A-BE98A13FCDA1}.Release|Any CPU.ActiveCfg = Release|Any CPU
		{98579AE2-CFEF-463B-8D1A-BE98A13FCDA1}.Release|Any CPU.Build.0 = Release|Any CPU
		{98579AE2-CFEF-463B-8D1A-BE98A13FCDA1}.Release|ARM.ActiveCfg = Release|Any CPU
		{98579AE2-CFEF-463B-8D1A-BE98A13FCDA1}.Release|ARM.Build.0 = Release|Any CPU
		{98579AE2-CFEF-463B-8D1A-BE98A13FCDA1}.Release|iPhone.ActiveCfg = Release|Any CPU
		{98579AE2-CFEF-463B-8D1A-BE98A13FCDA1}.Release|iPhone.Build.0 = Release|Any CPU
		{98579AE2-CFEF-463B-8D1A-BE98A13FCDA1}.Release|iPhoneSimulator.ActiveCfg = Release|Any CPU
		{98579AE2-CFEF-463B-8D1A-BE98A13FCDA1}.Release|iPhoneSimulator.Build.0 = Release|Any CPU
		{98579AE2-CFEF-463B-8D1A-BE98A13FCDA1}.Release|x64.ActiveCfg = Release|Any CPU
		{98579AE2-CFEF-463B-8D1A-BE98A13FCDA1}.Release|x64.Build.0 = Release|Any CPU
		{98579AE2-CFEF-463B-8D1A-BE98A13FCDA1}.Release|x86.ActiveCfg = Release|Any CPU
		{98579AE2-CFEF-463B-8D1A-BE98A13FCDA1}.Release|x86.Build.0 = Release|Any CPU
	EndGlobalSection
	GlobalSection(SolutionProperties) = preSolution
		HideSolutionNode = FALSE
	EndGlobalSection
EndGlobal
