
Microsoft Visual Studio Solution File, Format Version 12.00
# Visual Studio 14
VisualStudioVersion = 14.0.25123.0
MinimumVisualStudioVersion = 10.0.40219.1
Project("{FAE04EC0-301F-11D3-BF4B-00C04F79EFBC}") = "XamarinFromsDemoPart2.Droid", "XamarinFromsDemoPart2\XamarinFromsDemoPart2.Droid\XamarinFromsDemoPart2.Droid.csproj", "{3F8FCB04-D975-493E-ACAC-4CB211DEEB7C}"
EndProject
Project("{FAE04EC0-301F-11D3-BF4B-00C04F79EFBC}") = "XamarinFromsDemoPart2.iOS", "XamarinFromsDemoPart2\XamarinFromsDemoPart2.iOS\XamarinFromsDemoPart2.iOS.csproj", "{56AC51B3-A261-4AA4-A4D9-51F3B86887B7}"
EndProject
Project("{FAE04EC0-301F-11D3-BF4B-00C04F79EFBC}") = "XamarinFromsDemoPart2.WinPhone", "XamarinFromsDemoPart2\XamarinFromsDemoPart2.WinPhone\XamarinFromsDemoPart2.WinPhone.csproj", "{7EC9AF2C-8F21-43B4-8B70-23070E7250CF}"
EndProject
Project("{FAE04EC0-301F-11D3-BF4B-00C04F79EFBC}") = "XamarinFromsDemoPart2.UWP", "XamarinFromsDemoPart2\XamarinFromsDemoPart2.UWP\XamarinFromsDemoPart2.UWP.csproj", "{3206C8F1-0691-41EF-9AEE-6367EEA70AEA}"
EndProject
Project("{FAE04EC0-301F-11D3-BF4B-00C04F79EFBC}") = "XamarinFromsDemoPart2.Windows", "XamarinFromsDemoPart2\XamarinFromsDemoPart2.Windows\XamarinFromsDemoPart2.Windows.csproj", "{2B6348FB-D70E-4A86-91F7-0A187EA28B65}"
EndProject
Project("{FAE04EC0-301F-11D3-BF4B-00C04F79EFBC}") = "XamarinFromsDemoPart2", "XamarinFromsDemoPart2\XamarinFromsDemoPart2\XamarinFromsDemoPart2.csproj", "{80F7E2F6-0797-4445-812F-BA7EA70E8179}"
EndProject
Global
	GlobalSection(SolutionConfigurationPlatforms) = preSolution
		Ad-Hoc|Any CPU = Ad-Hoc|Any CPU
		Ad-Hoc|ARM = Ad-Hoc|ARM
		Ad-Hoc|iPhone = Ad-Hoc|iPhone
		Ad-Hoc|iPhoneSimulator = Ad-Hoc|iPhoneSimulator
		Ad-Hoc|x64 = Ad-Hoc|x64
		Ad-Hoc|x86 = Ad-Hoc|x86
		AppStore|Any CPU = AppStore|Any CPU
		AppStore|ARM = AppStore|ARM
		AppStore|iPhone = AppStore|iPhone
		AppStore|iPhoneSimulator = AppStore|iPhoneSimulator
		AppStore|x64 = AppStore|x64
		AppStore|x86 = AppStore|x86
		Debug|Any CPU = Debug|Any CPU
		Debug|ARM = Debug|ARM
		Debug|iPhone = Debug|iPhone
		Debug|iPhoneSimulator = Debug|iPhoneSimulator
		Debug|x64 = Debug|x64
		Debug|x86 = Debug|x86
		Release|Any CPU = Release|Any CPU
		Release|ARM = Release|ARM
		Release|iPhone = Release|iPhone
		Release|iPhoneSimulator = Release|iPhoneSimulator
		Release|x64 = Release|x64
		Release|x86 = Release|x86
	EndGlobalSection
	GlobalSection(ProjectConfigurationPlatforms) = postSolution
		{3F8FCB04-D975-493E-ACAC-4CB211DEEB7C}.Ad-Hoc|Any CPU.ActiveCfg = Release|Any CPU
		{3F8FCB04-D975-493E-ACAC-4CB211DEEB7C}.Ad-Hoc|Any CPU.Build.0 = Release|Any CPU
		{3F8FCB04-D975-493E-ACAC-4CB211DEEB7C}.Ad-Hoc|Any CPU.Deploy.0 = Release|Any CPU
		{3F8FCB04-D975-493E-ACAC-4CB211DEEB7C}.Ad-Hoc|ARM.ActiveCfg = Release|Any CPU
		{3F8FCB04-D975-493E-ACAC-4CB211DEEB7C}.Ad-Hoc|ARM.Build.0 = Release|Any CPU
		{3F8FCB04-D975-493E-ACAC-4CB211DEEB7C}.Ad-Hoc|ARM.Deploy.0 = Release|Any CPU
		{3F8FCB04-D975-493E-ACAC-4CB211DEEB7C}.Ad-Hoc|iPhone.ActiveCfg = Release|Any CPU
		{3F8FCB04-D975-493E-ACAC-4CB211DEEB7C}.Ad-Hoc|iPhone.Build.0 = Release|Any CPU
		{3F8FCB04-D975-493E-ACAC-4CB211DEEB7C}.Ad-Hoc|iPhone.Deploy.0 = Release|Any CPU
		{3F8FCB04-D975-493E-ACAC-4CB211DEEB7C}.Ad-Hoc|iPhoneSimulator.ActiveCfg = Release|Any CPU
		{3F8FCB04-D975-493E-ACAC-4CB211DEEB7C}.Ad-Hoc|iPhoneSimulator.Build.0 = Release|Any CPU
		{3F8FCB04-D975-493E-ACAC-4CB211DEEB7C}.Ad-Hoc|iPhoneSimulator.Deploy.0 = Release|Any CPU
		{3F8FCB04-D975-493E-ACAC-4CB211DEEB7C}.Ad-Hoc|x64.ActiveCfg = Release|Any CPU
		{3F8FCB04-D975-493E-ACAC-4CB211DEEB7C}.Ad-Hoc|x64.Build.0 = Release|Any CPU
		{3F8FCB04-D975-493E-ACAC-4CB211DEEB7C}.Ad-Hoc|x64.Deploy.0 = Release|Any CPU
		{3F8FCB04-D975-493E-ACAC-4CB211DEEB7C}.Ad-Hoc|x86.ActiveCfg = Release|Any CPU
		{3F8FCB04-D975-493E-ACAC-4CB211DEEB7C}.Ad-Hoc|x86.Build.0 = Release|Any CPU
		{3F8FCB04-D975-493E-ACAC-4CB211DEEB7C}.Ad-Hoc|x86.Deploy.0 = Release|Any CPU
		{3F8FCB04-D975-493E-ACAC-4CB211DEEB7C}.AppStore|Any CPU.ActiveCfg = Release|Any CPU
		{3F8FCB04-D975-493E-ACAC-4CB211DEEB7C}.AppStore|Any CPU.Build.0 = Release|Any CPU
		{3F8FCB04-D975-493E-ACAC-4CB211DEEB7C}.AppStore|Any CPU.Deploy.0 = Release|Any CPU
		{3F8FCB04-D975-493E-ACAC-4CB211DEEB7C}.AppStore|ARM.ActiveCfg = Release|Any CPU
		{3F8FCB04-D975-493E-ACAC-4CB211DEEB7C}.AppStore|ARM.Build.0 = Release|Any CPU
		{3F8FCB04-D975-493E-ACAC-4CB211DEEB7C}.AppStore|ARM.Deploy.0 = Release|Any CPU
		{3F8FCB04-D975-493E-ACAC-4CB211DEEB7C}.AppStore|iPhone.ActiveCfg = Release|Any CPU
		{3F8FCB04-D975-493E-ACAC-4CB211DEEB7C}.AppStore|iPhone.Build.0 = Release|Any CPU
		{3F8FCB04-D975-493E-ACAC-4CB211DEEB7C}.AppStore|iPhone.Deploy.0 = Release|Any CPU
		{3F8FCB04-D975-493E-ACAC-4CB211DEEB7C}.AppStore|iPhoneSimulator.ActiveCfg = Release|Any CPU
		{3F8FCB04-D975-493E-ACAC-4CB211DEEB7C}.AppStore|iPhoneSimulator.Build.0 = Release|Any CPU
		{3F8FCB04-D975-493E-ACAC-4CB211DEEB7C}.AppStore|iPhoneSimulator.Deploy.0 = Release|Any CPU
		{3F8FCB04-D975-493E-ACAC-4CB211DEEB7C}.AppStore|x64.ActiveCfg = Release|Any CPU
		{3F8FCB04-D975-493E-ACAC-4CB211DEEB7C}.AppStore|x64.Build.0 = Release|Any CPU
		{3F8FCB04-D975-493E-ACAC-4CB211DEEB7C}.AppStore|x64.Deploy.0 = Release|Any CPU
		{3F8FCB04-D975-493E-ACAC-4CB211DEEB7C}.AppStore|x86.ActiveCfg = Release|Any CPU
		{3F8FCB04-D975-493E-ACAC-4CB211DEEB7C}.AppStore|x86.Build.0 = Release|Any CPU
		{3F8FCB04-D975-493E-ACAC-4CB211DEEB7C}.AppStore|x86.Deploy.0 = Release|Any CPU
		{3F8FCB04-D975-493E-ACAC-4CB211DEEB7C}.Debug|Any CPU.ActiveCfg = Debug|Any CPU
		{3F8FCB04-D975-493E-ACAC-4CB211DEEB7C}.Debug|Any CPU.Build.0 = Debug|Any CPU
		{3F8FCB04-D975-493E-ACAC-4CB211DEEB7C}.Debug|Any CPU.Deploy.0 = Debug|Any CPU
		{3F8FCB04-D975-493E-ACAC-4CB211DEEB7C}.Debug|ARM.ActiveCfg = Debug|Any CPU
		{3F8FCB04-D975-493E-ACAC-4CB211DEEB7C}.Debug|ARM.Build.0 = Debug|Any CPU
		{3F8FCB04-D975-493E-ACAC-4CB211DEEB7C}.Debug|ARM.Deploy.0 = Debug|Any CPU
		{3F8FCB04-D975-493E-ACAC-4CB211DEEB7C}.Debug|iPhone.ActiveCfg = Debug|Any CPU
		{3F8FCB04-D975-493E-ACAC-4CB211DEEB7C}.Debug|iPhone.Build.0 = Debug|Any CPU
		{3F8FCB04-D975-493E-ACAC-4CB211DEEB7C}.Debug|iPhone.Deploy.0 = Debug|Any CPU
		{3F8FCB04-D975-493E-ACAC-4CB211DEEB7C}.Debug|iPhoneSimulator.ActiveCfg = Debug|Any CPU
		{3F8FCB04-D975-493E-ACAC-4CB211DEEB7C}.Debug|iPhoneSimulator.Build.0 = Debug|Any CPU
		{3F8FCB04-D975-493E-ACAC-4CB211DEEB7C}.Debug|iPhoneSimulator.Deploy.0 = Debug|Any CPU
		{3F8FCB04-D975-493E-ACAC-4CB211DEEB7C}.Debug|x64.ActiveCfg = Debug|Any CPU
		{3F8FCB04-D975-493E-ACAC-4CB211DEEB7C}.Debug|x64.Build.0 = Debug|Any CPU
		{3F8FCB04-D975-493E-ACAC-4CB211DEEB7C}.Debug|x64.Deploy.0 = Debug|Any CPU
		{3F8FCB04-D975-493E-ACAC-4CB211DEEB7C}.Debug|x86.ActiveCfg = Debug|Any CPU
		{3F8FCB04-D975-493E-ACAC-4CB211DEEB7C}.Debug|x86.Build.0 = Debug|Any CPU
		{3F8FCB04-D975-493E-ACAC-4CB211DEEB7C}.Debug|x86.Deploy.0 = Debug|Any CPU
		{3F8FCB04-D975-493E-ACAC-4CB211DEEB7C}.Release|Any CPU.ActiveCfg = Release|Any CPU
		{3F8FCB04-D975-493E-ACAC-4CB211DEEB7C}.Release|Any CPU.Build.0 = Release|Any CPU
		{3F8FCB04-D975-493E-ACAC-4CB211DEEB7C}.Release|Any CPU.Deploy.0 = Release|Any CPU
		{3F8FCB04-D975-493E-ACAC-4CB211DEEB7C}.Release|ARM.ActiveCfg = Release|Any CPU
		{3F8FCB04-D975-493E-ACAC-4CB211DEEB7C}.Release|ARM.Build.0 = Release|Any CPU
		{3F8FCB04-D975-493E-ACAC-4CB211DEEB7C}.Release|ARM.Deploy.0 = Release|Any CPU
		{3F8FCB04-D975-493E-ACAC-4CB211DEEB7C}.Release|iPhone.ActiveCfg = Release|Any CPU
		{3F8FCB04-D975-493E-ACAC-4CB211DEEB7C}.Release|iPhone.Build.0 = Release|Any CPU
		{3F8FCB04-D975-493E-ACAC-4CB211DEEB7C}.Release|iPhone.Deploy.0 = Release|Any CPU
		{3F8FCB04-D975-493E-ACAC-4CB211DEEB7C}.Release|iPhoneSimulator.ActiveCfg = Release|Any CPU
		{3F8FCB04-D975-493E-ACAC-4CB211DEEB7C}.Release|iPhoneSimulator.Build.0 = Release|Any CPU
		{3F8FCB04-D975-493E-ACAC-4CB211DEEB7C}.Release|iPhoneSimulator.Deploy.0 = Release|Any CPU
		{3F8FCB04-D975-493E-ACAC-4CB211DEEB7C}.Release|x64.ActiveCfg = Release|Any CPU
		{3F8FCB04-D975-493E-ACAC-4CB211DEEB7C}.Release|x64.Build.0 = Release|Any CPU
		{3F8FCB04-D975-493E-ACAC-4CB211DEEB7C}.Release|x64.Deploy.0 = Release|Any CPU
		{3F8FCB04-D975-493E-ACAC-4CB211DEEB7C}.Release|x86.ActiveCfg = Release|Any CPU
		{3F8FCB04-D975-493E-ACAC-4CB211DEEB7C}.Release|x86.Build.0 = Release|Any CPU
		{3F8FCB04-D975-493E-ACAC-4CB211DEEB7C}.Release|x86.Deploy.0 = Release|Any CPU
		{56AC51B3-A261-4AA4-A4D9-51F3B86887B7}.Ad-Hoc|Any CPU.ActiveCfg = Ad-Hoc|iPhone
		{56AC51B3-A261-4AA4-A4D9-51F3B86887B7}.Ad-Hoc|ARM.ActiveCfg = Ad-Hoc|iPhone
		{56AC51B3-A261-4AA4-A4D9-51F3B86887B7}.Ad-Hoc|iPhone.ActiveCfg = Ad-Hoc|iPhone
		{56AC51B3-A261-4AA4-A4D9-51F3B86887B7}.Ad-Hoc|iPhone.Build.0 = Ad-Hoc|iPhone
		{56AC51B3-A261-4AA4-A4D9-51F3B86887B7}.Ad-Hoc|iPhoneSimulator.ActiveCfg = Ad-Hoc|iPhoneSimulator
		{56AC51B3-A261-4AA4-A4D9-51F3B86887B7}.Ad-Hoc|iPhoneSimulator.Build.0 = Ad-Hoc|iPhoneSimulator
		{56AC51B3-A261-4AA4-A4D9-51F3B86887B7}.Ad-Hoc|x64.ActiveCfg = Ad-Hoc|iPhone
		{56AC51B3-A261-4AA4-A4D9-51F3B86887B7}.Ad-Hoc|x86.ActiveCfg = Ad-Hoc|iPhone
		{56AC51B3-A261-4AA4-A4D9-51F3B86887B7}.AppStore|Any CPU.ActiveCfg = AppStore|iPhone
		{56AC51B3-A261-4AA4-A4D9-51F3B86887B7}.AppStore|ARM.ActiveCfg = AppStore|iPhone
		{56AC51B3-A261-4AA4-A4D9-51F3B86887B7}.AppStore|iPhone.ActiveCfg = AppStore|iPhone
		{56AC51B3-A261-4AA4-A4D9-51F3B86887B7}.AppStore|iPhone.Build.0 = AppStore|iPhone
		{56AC51B3-A261-4AA4-A4D9-51F3B86887B7}.AppStore|iPhoneSimulator.ActiveCfg = AppStore|iPhoneSimulator
		{56AC51B3-A261-4AA4-A4D9-51F3B86887B7}.AppStore|iPhoneSimulator.Build.0 = AppStore|iPhoneSimulator
		{56AC51B3-A261-4AA4-A4D9-51F3B86887B7}.AppStore|x64.ActiveCfg = AppStore|iPhone
		{56AC51B3-A261-4AA4-A4D9-51F3B86887B7}.AppStore|x86.ActiveCfg = AppStore|iPhone
		{56AC51B3-A261-4AA4-A4D9-51F3B86887B7}.Debug|Any CPU.ActiveCfg = Debug|iPhone
		{56AC51B3-A261-4AA4-A4D9-51F3B86887B7}.Debug|ARM.ActiveCfg = Debug|iPhone
		{56AC51B3-A261-4AA4-A4D9-51F3B86887B7}.Debug|iPhone.ActiveCfg = Debug|iPhone
		{56AC51B3-A261-4AA4-A4D9-51F3B86887B7}.Debug|iPhone.Build.0 = Debug|iPhone
		{56AC51B3-A261-4AA4-A4D9-51F3B86887B7}.Debug|iPhoneSimulator.ActiveCfg = Debug|iPhoneSimulator
		{56AC51B3-A261-4AA4-A4D9-51F3B86887B7}.Debug|iPhoneSimulator.Build.0 = Debug|iPhoneSimulator
		{56AC51B3-A261-4AA4-A4D9-51F3B86887B7}.Debug|x64.ActiveCfg = Debug|iPhone
		{56AC51B3-A261-4AA4-A4D9-51F3B86887B7}.Debug|x86.ActiveCfg = Debug|iPhone
		{56AC51B3-A261-4AA4-A4D9-51F3B86887B7}.Release|Any CPU.ActiveCfg = Release|iPhone
		{56AC51B3-A261-4AA4-A4D9-51F3B86887B7}.Release|ARM.ActiveCfg = Release|iPhone
		{56AC51B3-A261-4AA4-A4D9-51F3B86887B7}.Release|iPhone.ActiveCfg = Release|iPhone
		{56AC51B3-A261-4AA4-A4D9-51F3B86887B7}.Release|iPhone.Build.0 = Release|iPhone
		{56AC51B3-A261-4AA4-A4D9-51F3B86887B7}.Release|iPhoneSimulator.ActiveCfg = Release|iPhoneSimulator
		{56AC51B3-A261-4AA4-A4D9-51F3B86887B7}.Release|iPhoneSimulator.Build.0 = Release|iPhoneSimulator
		{56AC51B3-A261-4AA4-A4D9-51F3B86887B7}.Release|x64.ActiveCfg = Release|iPhone
		{56AC51B3-A261-4AA4-A4D9-51F3B86887B7}.Release|x86.ActiveCfg = Release|iPhone
		{7EC9AF2C-8F21-43B4-8B70-23070E7250CF}.Ad-Hoc|Any CPU.ActiveCfg = Release|Any CPU
		{7EC9AF2C-8F21-43B4-8B70-23070E7250CF}.Ad-Hoc|Any CPU.Build.0 = Release|Any CPU
		{7EC9AF2C-8F21-43B4-8B70-23070E7250CF}.Ad-Hoc|Any CPU.Deploy.0 = Release|Any CPU
		{7EC9AF2C-8F21-43B4-8B70-23070E7250CF}.Ad-Hoc|ARM.ActiveCfg = Release|ARM
		{7EC9AF2C-8F21-43B4-8B70-23070E7250CF}.Ad-Hoc|ARM.Build.0 = Release|ARM
		{7EC9AF2C-8F21-43B4-8B70-23070E7250CF}.Ad-Hoc|ARM.Deploy.0 = Release|ARM
		{7EC9AF2C-8F21-43B4-8B70-23070E7250CF}.Ad-Hoc|iPhone.ActiveCfg = Release|Any CPU
		{7EC9AF2C-8F21-43B4-8B70-23070E7250CF}.Ad-Hoc|iPhone.Build.0 = Release|Any CPU
		{7EC9AF2C-8F21-43B4-8B70-23070E7250CF}.Ad-Hoc|iPhone.Deploy.0 = Release|Any CPU
		{7EC9AF2C-8F21-43B4-8B70-23070E7250CF}.Ad-Hoc|iPhoneSimulator.ActiveCfg = Release|Any CPU
		{7EC9AF2C-8F21-43B4-8B70-23070E7250CF}.Ad-Hoc|iPhoneSimulator.Build.0 = Release|Any CPU
		{7EC9AF2C-8F21-43B4-8B70-23070E7250CF}.Ad-Hoc|iPhoneSimulator.Deploy.0 = Release|Any CPU
		{7EC9AF2C-8F21-43B4-8B70-23070E7250CF}.Ad-Hoc|x64.ActiveCfg = Release|Any CPU
		{7EC9AF2C-8F21-43B4-8B70-23070E7250CF}.Ad-Hoc|x64.Build.0 = Release|Any CPU
		{7EC9AF2C-8F21-43B4-8B70-23070E7250CF}.Ad-Hoc|x64.Deploy.0 = Release|Any CPU
		{7EC9AF2C-8F21-43B4-8B70-23070E7250CF}.Ad-Hoc|x86.ActiveCfg = Release|x86
		{7EC9AF2C-8F21-43B4-8B70-23070E7250CF}.Ad-Hoc|x86.Build.0 = Release|x86
		{7EC9AF2C-8F21-43B4-8B70-23070E7250CF}.Ad-Hoc|x86.Deploy.0 = Release|x86
		{7EC9AF2C-8F21-43B4-8B70-23070E7250CF}.AppStore|Any CPU.ActiveCfg = Release|Any CPU
		{7EC9AF2C-8F21-43B4-8B70-23070E7250CF}.AppStore|Any CPU.Build.0 = Release|Any CPU
		{7EC9AF2C-8F21-43B4-8B70-23070E7250CF}.AppStore|Any CPU.Deploy.0 = Release|Any CPU
		{7EC9AF2C-8F21-43B4-8B70-23070E7250CF}.AppStore|ARM.ActiveCfg = Release|ARM
		{7EC9AF2C-8F21-43B4-8B70-23070E7250CF}.AppStore|ARM.Build.0 = Release|ARM
		{7EC9AF2C-8F21-43B4-8B70-23070E7250CF}.AppStore|ARM.Deploy.0 = Release|ARM
		{7EC9AF2C-8F21-43B4-8B70-23070E7250CF}.AppStore|iPhone.ActiveCfg = Release|Any CPU
		{7EC9AF2C-8F21-43B4-8B70-23070E7250CF}.AppStore|iPhone.Build.0 = Release|Any CPU
		{7EC9AF2C-8F21-43B4-8B70-23070E7250CF}.AppStore|iPhone.Deploy.0 = Release|Any CPU
		{7EC9AF2C-8F21-43B4-8B70-23070E7250CF}.AppStore|iPhoneSimulator.ActiveCfg = Release|Any CPU
		{7EC9AF2C-8F21-43B4-8B70-23070E7250CF}.AppStore|iPhoneSimulator.Build.0 = Release|Any CPU
		{7EC9AF2C-8F21-43B4-8B70-23070E7250CF}.AppStore|iPhoneSimulator.Deploy.0 = Release|Any CPU
		{7EC9AF2C-8F21-43B4-8B70-23070E7250CF}.AppStore|x64.ActiveCfg = Release|Any CPU
		{7EC9AF2C-8F21-43B4-8B70-23070E7250CF}.AppStore|x64.Build.0 = Release|Any CPU
		{7EC9AF2C-8F21-43B4-8B70-23070E7250CF}.AppStore|x64.Deploy.0 = Release|Any CPU
		{7EC9AF2C-8F21-43B4-8B70-23070E7250CF}.AppStore|x86.ActiveCfg = Release|x86
		{7EC9AF2C-8F21-43B4-8B70-23070E7250CF}.AppStore|x86.Build.0 = Release|x86
		{7EC9AF2C-8F21-43B4-8B70-23070E7250CF}.AppStore|x86.Deploy.0 = Release|x86
		{7EC9AF2C-8F21-43B4-8B70-23070E7250CF}.Debug|Any CPU.ActiveCfg = Debug|Any CPU
		{7EC9AF2C-8F21-43B4-8B70-23070E7250CF}.Debug|Any CPU.Build.0 = Debug|Any CPU
		{7EC9AF2C-8F21-43B4-8B70-23070E7250CF}.Debug|Any CPU.Deploy.0 = Debug|Any CPU
		{7EC9AF2C-8F21-43B4-8B70-23070E7250CF}.Debug|ARM.ActiveCfg = Debug|ARM
		{7EC9AF2C-8F21-43B4-8B70-23070E7250CF}.Debug|ARM.Build.0 = Debug|ARM
		{7EC9AF2C-8F21-43B4-8B70-23070E7250CF}.Debug|ARM.Deploy.0 = Debug|ARM
		{7EC9AF2C-8F21-43B4-8B70-23070E7250CF}.Debug|iPhone.ActiveCfg = Debug|Any CPU
		{7EC9AF2C-8F21-43B4-8B70-23070E7250CF}.Debug|iPhone.Build.0 = Debug|Any CPU
		{7EC9AF2C-8F21-43B4-8B70-23070E7250CF}.Debug|iPhone.Deploy.0 = Debug|Any CPU
		{7EC9AF2C-8F21-43B4-8B70-23070E7250CF}.Debug|iPhoneSimulator.ActiveCfg = Debug|Any CPU
		{7EC9AF2C-8F21-43B4-8B70-23070E7250CF}.Debug|iPhoneSimulator.Build.0 = Debug|Any CPU
		{7EC9AF2C-8F21-43B4-8B70-23070E7250CF}.Debug|iPhoneSimulator.Deploy.0 = Debug|Any CPU
		{7EC9AF2C-8F21-43B4-8B70-23070E7250CF}.Debug|x64.ActiveCfg = Debug|Any CPU
		{7EC9AF2C-8F21-43B4-8B70-23070E7250CF}.Debug|x64.Build.0 = Debug|Any CPU
		{7EC9AF2C-8F21-43B4-8B70-23070E7250CF}.Debug|x64.Deploy.0 = Debug|Any CPU
		{7EC9AF2C-8F21-43B4-8B70-23070E7250CF}.Debug|x86.ActiveCfg = Debug|x86
		{7EC9AF2C-8F21-43B4-8B70-23070E7250CF}.Debug|x86.Build.0 = Debug|x86
		{7EC9AF2C-8F21-43B4-8B70-23070E7250CF}.Debug|x86.Deploy.0 = Debug|x86
		{7EC9AF2C-8F21-43B4-8B70-23070E7250CF}.Release|Any CPU.ActiveCfg = Release|Any CPU
		{7EC9AF2C-8F21-43B4-8B70-23070E7250CF}.Release|Any CPU.Build.0 = Release|Any CPU
		{7EC9AF2C-8F21-43B4-8B70-23070E7250CF}.Release|Any CPU.Deploy.0 = Release|Any CPU
		{7EC9AF2C-8F21-43B4-8B70-23070E7250CF}.Release|ARM.ActiveCfg = Release|ARM
		{7EC9AF2C-8F21-43B4-8B70-23070E7250CF}.Release|ARM.Build.0 = Release|ARM
		{7EC9AF2C-8F21-43B4-8B70-23070E7250CF}.Release|ARM.Deploy.0 = Release|ARM
		{7EC9AF2C-8F21-43B4-8B70-23070E7250CF}.Release|iPhone.ActiveCfg = Release|Any CPU
		{7EC9AF2C-8F21-43B4-8B70-23070E7250CF}.Release|iPhone.Build.0 = Release|Any CPU
		{7EC9AF2C-8F21-43B4-8B70-23070E7250CF}.Release|iPhone.Deploy.0 = Release|Any CPU
		{7EC9AF2C-8F21-43B4-8B70-23070E7250CF}.Release|iPhoneSimulator.ActiveCfg = Release|Any CPU
		{7EC9AF2C-8F21-43B4-8B70-23070E7250CF}.Release|iPhoneSimulator.Build.0 = Release|Any CPU
		{7EC9AF2C-8F21-43B4-8B70-23070E7250CF}.Release|iPhoneSimulator.Deploy.0 = Release|Any CPU
		{7EC9AF2C-8F21-43B4-8B70-23070E7250CF}.Release|x64.ActiveCfg = Release|Any CPU
		{7EC9AF2C-8F21-43B4-8B70-23070E7250CF}.Release|x64.Build.0 = Release|Any CPU
		{7EC9AF2C-8F21-43B4-8B70-23070E7250CF}.Release|x64.Deploy.0 = Release|Any CPU
		{7EC9AF2C-8F21-43B4-8B70-23070E7250CF}.Release|x86.ActiveCfg = Release|x86
		{7EC9AF2C-8F21-43B4-8B70-23070E7250CF}.Release|x86.Build.0 = Release|x86
		{7EC9AF2C-8F21-43B4-8B70-23070E7250CF}.Release|x86.Deploy.0 = Release|x86
		{3206C8F1-0691-41EF-9AEE-6367EEA70AEA}.Ad-Hoc|Any CPU.ActiveCfg = Release|x86
		{3206C8F1-0691-41EF-9AEE-6367EEA70AEA}.Ad-Hoc|Any CPU.Build.0 = Release|x86
		{3206C8F1-0691-41EF-9AEE-6367EEA70AEA}.Ad-Hoc|Any CPU.Deploy.0 = Release|x86
		{3206C8F1-0691-41EF-9AEE-6367EEA70AEA}.Ad-Hoc|ARM.ActiveCfg = Release|ARM
		{3206C8F1-0691-41EF-9AEE-6367EEA70AEA}.Ad-Hoc|ARM.Build.0 = Release|ARM
		{3206C8F1-0691-41EF-9AEE-6367EEA70AEA}.Ad-Hoc|ARM.Deploy.0 = Release|ARM
		{3206C8F1-0691-41EF-9AEE-6367EEA70AEA}.Ad-Hoc|iPhone.ActiveCfg = Release|x86
		{3206C8F1-0691-41EF-9AEE-6367EEA70AEA}.Ad-Hoc|iPhone.Build.0 = Release|x86
		{3206C8F1-0691-41EF-9AEE-6367EEA70AEA}.Ad-Hoc|iPhone.Deploy.0 = Release|x86
		{3206C8F1-0691-41EF-9AEE-6367EEA70AEA}.Ad-Hoc|iPhoneSimulator.ActiveCfg = Release|x86
		{3206C8F1-0691-41EF-9AEE-6367EEA70AEA}.Ad-Hoc|iPhoneSimulator.Build.0 = Release|x86
		{3206C8F1-0691-41EF-9AEE-6367EEA70AEA}.Ad-Hoc|iPhoneSimulator.Deploy.0 = Release|x86
		{3206C8F1-0691-41EF-9AEE-6367EEA70AEA}.Ad-Hoc|x64.ActiveCfg = Release|x64
		{3206C8F1-0691-41EF-9AEE-6367EEA70AEA}.Ad-Hoc|x64.Build.0 = Release|x64
		{3206C8F1-0691-41EF-9AEE-6367EEA70AEA}.Ad-Hoc|x64.Deploy.0 = Release|x64
		{3206C8F1-0691-41EF-9AEE-6367EEA70AEA}.Ad-Hoc|x86.ActiveCfg = Release|x86
		{3206C8F1-0691-41EF-9AEE-6367EEA70AEA}.Ad-Hoc|x86.Build.0 = Release|x86
		{3206C8F1-0691-41EF-9AEE-6367EEA70AEA}.Ad-Hoc|x86.Deploy.0 = Release|x86
		{3206C8F1-0691-41EF-9AEE-6367EEA70AEA}.AppStore|Any CPU.ActiveCfg = Release|x86
		{3206C8F1-0691-41EF-9AEE-6367EEA70AEA}.AppStore|Any CPU.Build.0 = Release|x86
		{3206C8F1-0691-41EF-9AEE-6367EEA70AEA}.AppStore|Any CPU.Deploy.0 = Release|x86
		{3206C8F1-0691-41EF-9AEE-6367EEA70AEA}.AppStore|ARM.ActiveCfg = Release|ARM
		{3206C8F1-0691-41EF-9AEE-6367EEA70AEA}.AppStore|ARM.Build.0 = Release|ARM
		{3206C8F1-0691-41EF-9AEE-6367EEA70AEA}.AppStore|ARM.Deploy.0 = Release|ARM
		{3206C8F1-0691-41EF-9AEE-6367EEA70AEA}.AppStore|iPhone.ActiveCfg = Release|x86
		{3206C8F1-0691-41EF-9AEE-6367EEA70AEA}.AppStore|iPhone.Build.0 = Release|x86
		{3206C8F1-0691-41EF-9AEE-6367EEA70AEA}.AppStore|iPhone.Deploy.0 = Release|x86
		{3206C8F1-0691-41EF-9AEE-6367EEA70AEA}.AppStore|iPhoneSimulator.ActiveCfg = Release|x86
		{3206C8F1-0691-41EF-9AEE-6367EEA70AEA}.AppStore|iPhoneSimulator.Build.0 = Release|x86
		{3206C8F1-0691-41EF-9AEE-6367EEA70AEA}.AppStore|iPhoneSimulator.Deploy.0 = Release|x86
		{3206C8F1-0691-41EF-9AEE-6367EEA70AEA}.AppStore|x64.ActiveCfg = Release|x64
		{3206C8F1-0691-41EF-9AEE-6367EEA70AEA}.AppStore|x64.Build.0 = Release|x64
		{3206C8F1-0691-41EF-9AEE-6367EEA70AEA}.AppStore|x64.Deploy.0 = Release|x64
		{3206C8F1-0691-41EF-9AEE-6367EEA70AEA}.AppStore|x86.ActiveCfg = Release|x86
		{3206C8F1-0691-41EF-9AEE-6367EEA70AEA}.AppStore|x86.Build.0 = Release|x86
		{3206C8F1-0691-41EF-9AEE-6367EEA70AEA}.AppStore|x86.Deploy.0 = Release|x86
		{3206C8F1-0691-41EF-9AEE-6367EEA70AEA}.Debug|Any CPU.ActiveCfg = Debug|x86
		{3206C8F1-0691-41EF-9AEE-6367EEA70AEA}.Debug|ARM.ActiveCfg = Debug|ARM
		{3206C8F1-0691-41EF-9AEE-6367EEA70AEA}.Debug|ARM.Build.0 = Debug|ARM
		{3206C8F1-0691-41EF-9AEE-6367EEA70AEA}.Debug|ARM.Deploy.0 = Debug|ARM
		{3206C8F1-0691-41EF-9AEE-6367EEA70AEA}.Debug|iPhone.ActiveCfg = Debug|x86
		{3206C8F1-0691-41EF-9AEE-6367EEA70AEA}.Debug|iPhoneSimulator.ActiveCfg = Debug|x86
		{3206C8F1-0691-41EF-9AEE-6367EEA70AEA}.Debug|x64.ActiveCfg = Debug|x64
		{3206C8F1-0691-41EF-9AEE-6367EEA70AEA}.Debug|x64.Build.0 = Debug|x64
		{3206C8F1-0691-41EF-9AEE-6367EEA70AEA}.Debug|x64.Deploy.0 = Debug|x64
		{3206C8F1-0691-41EF-9AEE-6367EEA70AEA}.Debug|x86.ActiveCfg = Debug|x86
		{3206C8F1-0691-41EF-9AEE-6367EEA70AEA}.Debug|x86.Build.0 = Debug|x86
		{3206C8F1-0691-41EF-9AEE-6367EEA70AEA}.Debug|x86.Deploy.0 = Debug|x86
		{3206C8F1-0691-41EF-9AEE-6367EEA70AEA}.Release|Any CPU.ActiveCfg = Release|x86
		{3206C8F1-0691-41EF-9AEE-6367EEA70AEA}.Release|ARM.ActiveCfg = Release|ARM
		{3206C8F1-0691-41EF-9AEE-6367EEA70AEA}.Release|ARM.Build.0 = Release|ARM
		{3206C8F1-0691-41EF-9AEE-6367EEA70AEA}.Release|ARM.Deploy.0 = Release|ARM
		{3206C8F1-0691-41EF-9AEE-6367EEA70AEA}.Release|iPhone.ActiveCfg = Release|x86
		{3206C8F1-0691-41EF-9AEE-6367EEA70AEA}.Release|iPhoneSimulator.ActiveCfg = Release|x86
		{3206C8F1-0691-41EF-9AEE-6367EEA70AEA}.Release|x64.ActiveCfg = Release|x64
		{3206C8F1-0691-41EF-9AEE-6367EEA70AEA}.Release|x64.Build.0 = Release|x64
		{3206C8F1-0691-41EF-9AEE-6367EEA70AEA}.Release|x64.Deploy.0 = Release|x64
		{3206C8F1-0691-41EF-9AEE-6367EEA70AEA}.Release|x86.ActiveCfg = Release|x86
		{3206C8F1-0691-41EF-9AEE-6367EEA70AEA}.Release|x86.Build.0 = Release|x86
		{3206C8F1-0691-41EF-9AEE-6367EEA70AEA}.Release|x86.Deploy.0 = Release|x86
		{2B6348FB-D70E-4A86-91F7-0A187EA28B65}.Ad-Hoc|Any CPU.ActiveCfg = Release|Any CPU
		{2B6348FB-D70E-4A86-91F7-0A187EA28B65}.Ad-Hoc|Any CPU.Build.0 = Release|Any CPU
		{2B6348FB-D70E-4A86-91F7-0A187EA28B65}.Ad-Hoc|Any CPU.Deploy.0 = Release|Any CPU
		{2B6348FB-D70E-4A86-91F7-0A187EA28B65}.Ad-Hoc|ARM.ActiveCfg = Release|ARM
		{2B6348FB-D70E-4A86-91F7-0A187EA28B65}.Ad-Hoc|ARM.Build.0 = Release|ARM
		{2B6348FB-D70E-4A86-91F7-0A187EA28B65}.Ad-Hoc|ARM.Deploy.0 = Release|ARM
		{2B6348FB-D70E-4A86-91F7-0A187EA28B65}.Ad-Hoc|iPhone.ActiveCfg = Release|Any CPU
		{2B6348FB-D70E-4A86-91F7-0A187EA28B65}.Ad-Hoc|iPhone.Build.0 = Release|Any CPU
		{2B6348FB-D70E-4A86-91F7-0A187EA28B65}.Ad-Hoc|iPhone.Deploy.0 = Release|Any CPU
		{2B6348FB-D70E-4A86-91F7-0A187EA28B65}.Ad-Hoc|iPhoneSimulator.ActiveCfg = Release|Any CPU
		{2B6348FB-D70E-4A86-91F7-0A187EA28B65}.Ad-Hoc|iPhoneSimulator.Build.0 = Release|Any CPU
		{2B6348FB-D70E-4A86-91F7-0A187EA28B65}.Ad-Hoc|iPhoneSimulator.Deploy.0 = Release|Any CPU
		{2B6348FB-D70E-4A86-91F7-0A187EA28B65}.Ad-Hoc|x64.ActiveCfg = Release|x64
		{2B6348FB-D70E-4A86-91F7-0A187EA28B65}.Ad-Hoc|x64.Build.0 = Release|x64
		{2B6348FB-D70E-4A86-91F7-0A187EA28B65}.Ad-Hoc|x64.Deploy.0 = Release|x64
		{2B6348FB-D70E-4A86-91F7-0A187EA28B65}.Ad-Hoc|x86.ActiveCfg = Release|x86
		{2B6348FB-D70E-4A86-91F7-0A187EA28B65}.Ad-Hoc|x86.Build.0 = Release|x86
		{2B6348FB-D70E-4A86-91F7-0A187EA28B65}.Ad-Hoc|x86.Deploy.0 = Release|x86
		{2B6348FB-D70E-4A86-91F7-0A187EA28B65}.AppStore|Any CPU.ActiveCfg = Release|Any CPU
		{2B6348FB-D70E-4A86-91F7-0A187EA28B65}.AppStore|Any CPU.Build.0 = Release|Any CPU
		{2B6348FB-D70E-4A86-91F7-0A187EA28B65}.AppStore|Any CPU.Deploy.0 = Release|Any CPU
		{2B6348FB-D70E-4A86-91F7-0A187EA28B65}.AppStore|ARM.ActiveCfg = Release|ARM
		{2B6348FB-D70E-4A86-91F7-0A187EA28B65}.AppStore|ARM.Build.0 = Release|ARM
		{2B6348FB-D70E-4A86-91F7-0A187EA28B65}.AppStore|ARM.Deploy.0 = Release|ARM
		{2B6348FB-D70E-4A86-91F7-0A187EA28B65}.AppStore|iPhone.ActiveCfg = Release|Any CPU
		{2B6348FB-D70E-4A86-91F7-0A187EA28B65}.AppStore|iPhone.Build.0 = Release|Any CPU
		{2B6348FB-D70E-4A86-91F7-0A187EA28B65}.AppStore|iPhone.Deploy.0 = Release|Any CPU
		{2B6348FB-D70E-4A86-91F7-0A187EA28B65}.AppStore|iPhoneSimulator.ActiveCfg = Release|Any CPU
		{2B6348FB-D70E-4A86-91F7-0A187EA28B65}.AppStore|iPhoneSimulator.Build.0 = Release|Any CPU
		{2B6348FB-D70E-4A86-91F7-0A187EA28B65}.AppStore|iPhoneSimulator.Deploy.0 = Release|Any CPU
		{2B6348FB-D70E-4A86-91F7-0A187EA28B65}.AppStore|x64.ActiveCfg = Release|x64
		{2B6348FB-D70E-4A86-91F7-0A187EA28B65}.AppStore|x64.Build.0 = Release|x64
		{2B6348FB-D70E-4A86-91F7-0A187EA28B65}.AppStore|x64.Deploy.0 = Release|x64
		{2B6348FB-D70E-4A86-91F7-0A187EA28B65}.AppStore|x86.ActiveCfg = Release|x86
		{2B6348FB-D70E-4A86-91F7-0A187EA28B65}.AppStore|x86.Build.0 = Release|x86
		{2B6348FB-D70E-4A86-91F7-0A187EA28B65}.AppStore|x86.Deploy.0 = Release|x86
		{2B6348FB-D70E-4A86-91F7-0A187EA28B65}.Debug|Any CPU.ActiveCfg = Debug|Any CPU
		{2B6348FB-D70E-4A86-91F7-0A187EA28B65}.Debug|Any CPU.Build.0 = Debug|Any CPU
		{2B6348FB-D70E-4A86-91F7-0A187EA28B65}.Debug|Any CPU.Deploy.0 = Debug|Any CPU
		{2B6348FB-D70E-4A86-91F7-0A187EA28B65}.Debug|ARM.ActiveCfg = Debug|ARM
		{2B6348FB-D70E-4A86-91F7-0A187EA28B65}.Debug|ARM.Build.0 = Debug|ARM
		{2B6348FB-D70E-4A86-91F7-0A187EA28B65}.Debug|ARM.Deploy.0 = Debug|ARM
		{2B6348FB-D70E-4A86-91F7-0A187EA28B65}.Debug|iPhone.ActiveCfg = Debug|Any CPU
		{2B6348FB-D70E-4A86-91F7-0A187EA28B65}.Debug|iPhone.Build.0 = Debug|Any CPU
		{2B6348FB-D70E-4A86-91F7-0A187EA28B65}.Debug|iPhone.Deploy.0 = Debug|Any CPU
		{2B6348FB-D70E-4A86-91F7-0A187EA28B65}.Debug|iPhoneSimulator.ActiveCfg = Debug|Any CPU
		{2B6348FB-D70E-4A86-91F7-0A187EA28B65}.Debug|iPhoneSimulator.Build.0 = Debug|Any CPU
		{2B6348FB-D70E-4A86-91F7-0A187EA28B65}.Debug|iPhoneSimulator.Deploy.0 = Debug|Any CPU
		{2B6348FB-D70E-4A86-91F7-0A187EA28B65}.Debug|x64.ActiveCfg = Debug|x64
		{2B6348FB-D70E-4A86-91F7-0A187EA28B65}.Debug|x64.Build.0 = Debug|x64
		{2B6348FB-D70E-4A86-91F7-0A187EA28B65}.Debug|x64.Deploy.0 = Debug|x64
		{2B6348FB-D70E-4A86-91F7-0A187EA28B65}.Debug|x86.ActiveCfg = Debug|x86
		{2B6348FB-D70E-4A86-91F7-0A187EA28B65}.Debug|x86.Build.0 = Debug|x86
		{2B6348FB-D70E-4A86-91F7-0A187EA28B65}.Debug|x86.Deploy.0 = Debug|x86
		{2B6348FB-D70E-4A86-91F7-0A187EA28B65}.Release|Any CPU.ActiveCfg = Release|Any CPU
		{2B6348FB-D70E-4A86-91F7-0A187EA28B65}.Release|Any CPU.Build.0 = Release|Any CPU
		{2B6348FB-D70E-4A86-91F7-0A187EA28B65}.Release|Any CPU.Deploy.0 = Release|Any CPU
		{2B6348FB-D70E-4A86-91F7-0A187EA28B65}.Release|ARM.ActiveCfg = Release|ARM
		{2B6348FB-D70E-4A86-91F7-0A187EA28B65}.Release|ARM.Build.0 = Release|ARM
		{2B6348FB-D70E-4A86-91F7-0A187EA28B65}.Release|ARM.Deploy.0 = Release|ARM
		{2B6348FB-D70E-4A86-91F7-0A187EA28B65}.Release|iPhone.ActiveCfg = Release|Any CPU
		{2B6348FB-D70E-4A86-91F7-0A187EA28B65}.Release|iPhone.Build.0 = Release|Any CPU
		{2B6348FB-D70E-4A86-91F7-0A187EA28B65}.Release|iPhone.Deploy.0 = Release|Any CPU
		{2B6348FB-D70E-4A86-91F7-0A187EA28B65}.Release|iPhoneSimulator.ActiveCfg = Release|Any CPU
		{2B6348FB-D70E-4A86-91F7-0A187EA28B65}.Release|iPhoneSimulator.Build.0 = Release|Any CPU
		{2B6348FB-D70E-4A86-91F7-0A187EA28B65}.Release|iPhoneSimulator.Deploy.0 = Release|Any CPU
		{2B6348FB-D70E-4A86-91F7-0A187EA28B65}.Release|x64.ActiveCfg = Release|x64
		{2B6348FB-D70E-4A86-91F7-0A187EA28B65}.Release|x64.Build.0 = Release|x64
		{2B6348FB-D70E-4A86-91F7-0A187EA28B65}.Release|x64.Deploy.0 = Release|x64
		{2B6348FB-D70E-4A86-91F7-0A187EA28B65}.Release|x86.ActiveCfg = Release|x86
		{2B6348FB-D70E-4A86-91F7-0A187EA28B65}.Release|x86.Build.0 = Release|x86
		{2B6348FB-D70E-4A86-91F7-0A187EA28B65}.Release|x86.Deploy.0 = Release|x86
		{80F7E2F6-0797-4445-812F-BA7EA70E8179}.Ad-Hoc|Any CPU.ActiveCfg = Release|Any CPU
		{80F7E2F6-0797-4445-812F-BA7EA70E8179}.Ad-Hoc|Any CPU.Build.0 = Release|Any CPU
		{80F7E2F6-0797-4445-812F-BA7EA70E8179}.Ad-Hoc|ARM.ActiveCfg = Release|Any CPU
		{80F7E2F6-0797-4445-812F-BA7EA70E8179}.Ad-Hoc|ARM.Build.0 = Release|Any CPU
		{80F7E2F6-0797-4445-812F-BA7EA70E8179}.Ad-Hoc|iPhone.ActiveCfg = Release|Any CPU
		{80F7E2F6-0797-4445-812F-BA7EA70E8179}.Ad-Hoc|iPhone.Build.0 = Release|Any CPU
		{80F7E2F6-0797-4445-812F-BA7EA70E8179}.Ad-Hoc|iPhoneSimulator.ActiveCfg = Release|Any CPU
		{80F7E2F6-0797-4445-812F-BA7EA70E8179}.Ad-Hoc|iPhoneSimulator.Build.0 = Release|Any CPU
		{80F7E2F6-0797-4445-812F-BA7EA70E8179}.Ad-Hoc|x64.ActiveCfg = Release|Any CPU
		{80F7E2F6-0797-4445-812F-BA7EA70E8179}.Ad-Hoc|x64.Build.0 = Release|Any CPU
		{80F7E2F6-0797-4445-812F-BA7EA70E8179}.Ad-Hoc|x86.ActiveCfg = Release|Any CPU
		{80F7E2F6-0797-4445-812F-BA7EA70E8179}.Ad-Hoc|x86.Build.0 = Release|Any CPU
		{80F7E2F6-0797-4445-812F-BA7EA70E8179}.AppStore|Any CPU.ActiveCfg = Release|Any CPU
		{80F7E2F6-0797-4445-812F-BA7EA70E8179}.AppStore|Any CPU.Build.0 = Release|Any CPU
		{80F7E2F6-0797-4445-812F-BA7EA70E8179}.AppStore|ARM.ActiveCfg = Release|Any CPU
		{80F7E2F6-0797-4445-812F-BA7EA70E8179}.AppStore|ARM.Build.0 = Release|Any CPU
		{80F7E2F6-0797-4445-812F-BA7EA70E8179}.AppStore|iPhone.ActiveCfg = Release|Any CPU
		{80F7E2F6-0797-4445-812F-BA7EA70E8179}.AppStore|iPhone.Build.0 = Release|Any CPU
		{80F7E2F6-0797-4445-812F-BA7EA70E8179}.AppStore|iPhoneSimulator.ActiveCfg = Release|Any CPU
		{80F7E2F6-0797-4445-812F-BA7EA70E8179}.AppStore|iPhoneSimulator.Build.0 = Release|Any CPU
		{80F7E2F6-0797-4445-812F-BA7EA70E8179}.AppStore|x64.ActiveCfg = Release|Any CPU
		{80F7E2F6-0797-4445-812F-BA7EA70E8179}.AppStore|x64.Build.0 = Release|Any CPU
		{80F7E2F6-0797-4445-812F-BA7EA70E8179}.AppStore|x86.ActiveCfg = Release|Any CPU
		{80F7E2F6-0797-4445-812F-BA7EA70E8179}.AppStore|x86.Build.0 = Release|Any CPU
		{80F7E2F6-0797-4445-812F-BA7EA70E8179}.Debug|Any CPU.ActiveCfg = Debug|Any CPU
		{80F7E2F6-0797-4445-812F-BA7EA70E8179}.Debug|Any CPU.Build.0 = Debug|Any CPU
		{80F7E2F6-0797-4445-812F-BA7EA70E8179}.Debug|ARM.ActiveCfg = Debug|Any CPU
		{80F7E2F6-0797-4445-812F-BA7EA70E8179}.Debug|ARM.Build.0 = Debug|Any CPU
		{80F7E2F6-0797-4445-812F-BA7EA70E8179}.Debug|iPhone.ActiveCfg = Debug|Any CPU
		{80F7E2F6-0797-4445-812F-BA7EA70E8179}.Debug|iPhone.Build.0 = Debug|Any CPU
		{80F7E2F6-0797-4445-812F-BA7EA70E8179}.Debug|iPhoneSimulator.ActiveCfg = Debug|Any CPU
		{80F7E2F6-0797-4445-812F-BA7EA70E8179}.Debug|iPhoneSimulator.Build.0 = Debug|Any CPU
		{80F7E2F6-0797-4445-812F-BA7EA70E8179}.Debug|x64.ActiveCfg = Debug|Any CPU
		{80F7E2F6-0797-4445-812F-BA7EA70E8179}.Debug|x64.Build.0 = Debug|Any CPU
		{80F7E2F6-0797-4445-812F-BA7EA70E8179}.Debug|x86.ActiveCfg = Debug|Any CPU
		{80F7E2F6-0797-4445-812F-BA7EA70E8179}.Debug|x86.Build.0 = Debug|Any CPU
		{80F7E2F6-0797-4445-812F-BA7EA70E8179}.Release|Any CPU.ActiveCfg = Release|Any CPU
		{80F7E2F6-0797-4445-812F-BA7EA70E8179}.Release|Any CPU.Build.0 = Release|Any CPU
		{80F7E2F6-0797-4445-812F-BA7EA70E8179}.Release|ARM.ActiveCfg = Release|Any CPU
		{80F7E2F6-0797-4445-812F-BA7EA70E8179}.Release|ARM.Build.0 = Release|Any CPU
		{80F7E2F6-0797-4445-812F-BA7EA70E8179}.Release|iPhone.ActiveCfg = Release|Any CPU
		{80F7E2F6-0797-4445-812F-BA7EA70E8179}.Release|iPhone.Build.0 = Release|Any CPU
		{80F7E2F6-0797-4445-812F-BA7EA70E8179}.Release|iPhoneSimulator.ActiveCfg = Release|Any CPU
		{80F7E2F6-0797-4445-812F-BA7EA70E8179}.Release|iPhoneSimulator.Build.0 = Release|Any CPU
		{80F7E2F6-0797-4445-812F-BA7EA70E8179}.Release|x64.ActiveCfg = Release|Any CPU
		{80F7E2F6-0797-4445-812F-BA7EA70E8179}.Release|x64.Build.0 = Release|Any CPU
		{80F7E2F6-0797-4445-812F-BA7EA70E8179}.Release|x86.ActiveCfg = Release|Any CPU
		{80F7E2F6-0797-4445-812F-BA7EA70E8179}.Release|x86.Build.0 = Release|Any CPU
	EndGlobalSection
	GlobalSection(SolutionProperties) = preSolution
		HideSolutionNode = FALSE
	EndGlobalSection
EndGlobal
