
Microsoft Visual Studio Solution File, Format Version 12.00
# Visual Studio 14
VisualStudioVersion = 14.0.25123.0
MinimumVisualStudioVersion = 10.0.40219.1
Project("{FAE04EC0-301F-11D3-BF4B-00C04F79EFBC}") = "MonkeyApp.Droid", "MonkeyApp\MonkeyApp.Droid\MonkeyApp.Droid.csproj", "{23BFA310-A7D4-4DB0-AF56-79DDE698FE8A}"
EndProject
Project("{FAE04EC0-301F-11D3-BF4B-00C04F79EFBC}") = "MonkeyApp.iOS", "MonkeyApp\MonkeyApp.iOS\MonkeyApp.iOS.csproj", "{0A6FF2EE-0080-4AE6-99CC-BB35BD7FEEAD}"
EndProject
Project("{FAE04EC0-301F-11D3-BF4B-00C04F79EFBC}") = "MonkeyApp.WinPhone", "MonkeyApp\MonkeyApp.WinPhone\MonkeyApp.WinPhone.csproj", "{A15B813A-80C6-4E58-BABB-8458914C6EAF}"
EndProject
Project("{FAE04EC0-301F-11D3-BF4B-00C04F79EFBC}") = "MonkeyApp", "MonkeyApp\MonkeyApp\MonkeyApp.csproj", "{C7477A4D-79C0-445C-AE32-C9AE98531352}"
EndProject
Global
	GlobalSection(SolutionConfigurationPlatforms) = preSolution
		AppStore|Any CPU = AppStore|Any CPU
		AppStore|ARM = AppStore|ARM
		AppStore|iPhone = AppStore|iPhone
		AppStore|iPhoneSimulator = AppStore|iPhoneSimulator
		AppStore|x86 = AppStore|x86
		Debug|Any CPU = Debug|Any CPU
		Debug|ARM = Debug|ARM
		Debug|iPhone = Debug|iPhone
		Debug|iPhoneSimulator = Debug|iPhoneSimulator
		Debug|x86 = Debug|x86
		Release|Any CPU = Release|Any CPU
		Release|ARM = Release|ARM
		Release|iPhone = Release|iPhone
		Release|iPhoneSimulator = Release|iPhoneSimulator
		Release|x86 = Release|x86
	EndGlobalSection
	GlobalSection(ProjectConfigurationPlatforms) = postSolution
		{23BFA310-A7D4-4DB0-AF56-79DDE698FE8A}.AppStore|Any CPU.ActiveCfg = Release|Any CPU
		{23BFA310-A7D4-4DB0-AF56-79DDE698FE8A}.AppStore|Any CPU.Build.0 = Release|Any CPU
		{23BFA310-A7D4-4DB0-AF56-79DDE698FE8A}.AppStore|Any CPU.Deploy.0 = Release|Any CPU
		{23BFA310-A7D4-4DB0-AF56-79DDE698FE8A}.AppStore|ARM.ActiveCfg = Release|Any CPU
		{23BFA310-A7D4-4DB0-AF56-79DDE698FE8A}.AppStore|ARM.Build.0 = Release|Any CPU
		{23BFA310-A7D4-4DB0-AF56-79DDE698FE8A}.AppStore|ARM.Deploy.0 = Release|Any CPU
		{23BFA310-A7D4-4DB0-AF56-79DDE698FE8A}.AppStore|iPhone.ActiveCfg = Release|Any CPU
		{23BFA310-A7D4-4DB0-AF56-79DDE698FE8A}.AppStore|iPhone.Build.0 = Release|Any CPU
		{23BFA310-A7D4-4DB0-AF56-79DDE698FE8A}.AppStore|iPhone.Deploy.0 = Release|Any CPU
		{23BFA310-A7D4-4DB0-AF56-79DDE698FE8A}.AppStore|iPhoneSimulator.ActiveCfg = Release|Any CPU
		{23BFA310-A7D4-4DB0-AF56-79DDE698FE8A}.AppStore|iPhoneSimulator.Build.0 = Release|Any CPU
		{23BFA310-A7D4-4DB0-AF56-79DDE698FE8A}.AppStore|iPhoneSimulator.Deploy.0 = Release|Any CPU
		{23BFA310-A7D4-4DB0-AF56-79DDE698FE8A}.AppStore|x86.ActiveCfg = Release|Any CPU
		{23BFA310-A7D4-4DB0-AF56-79DDE698FE8A}.AppStore|x86.Build.0 = Release|Any CPU
		{23BFA310-A7D4-4DB0-AF56-79DDE698FE8A}.AppStore|x86.Deploy.0 = Release|Any CPU
		{23BFA310-A7D4-4DB0-AF56-79DDE698FE8A}.Debug|Any CPU.ActiveCfg = Debug|Any CPU
		{23BFA310-A7D4-4DB0-AF56-79DDE698FE8A}.Debug|Any CPU.Build.0 = Debug|Any CPU
		{23BFA310-A7D4-4DB0-AF56-79DDE698FE8A}.Debug|Any CPU.Deploy.0 = Debug|Any CPU
		{23BFA310-A7D4-4DB0-AF56-79DDE698FE8A}.Debug|ARM.ActiveCfg = Debug|Any CPU
		{23BFA310-A7D4-4DB0-AF56-79DDE698FE8A}.Debug|ARM.Build.0 = Debug|Any CPU
		{23BFA310-A7D4-4DB0-AF56-79DDE698FE8A}.Debug|ARM.Deploy.0 = Debug|Any CPU
		{23BFA310-A7D4-4DB0-AF56-79DDE698FE8A}.Debug|iPhone.ActiveCfg = Debug|Any CPU
		{23BFA310-A7D4-4DB0-AF56-79DDE698FE8A}.Debug|iPhone.Build.0 = Debug|Any CPU
		{23BFA310-A7D4-4DB0-AF56-79DDE698FE8A}.Debug|iPhone.Deploy.0 = Debug|Any CPU
		{23BFA310-A7D4-4DB0-AF56-79DDE698FE8A}.Debug|iPhoneSimulator.ActiveCfg = Debug|Any CPU
		{23BFA310-A7D4-4DB0-AF56-79DDE698FE8A}.Debug|iPhoneSimulator.Build.0 = Debug|Any CPU
		{23BFA310-A7D4-4DB0-AF56-79DDE698FE8A}.Debug|iPhoneSimulator.Deploy.0 = Debug|Any CPU
		{23BFA310-A7D4-4DB0-AF56-79DDE698FE8A}.Debug|x86.ActiveCfg = Debug|Any CPU
		{23BFA310-A7D4-4DB0-AF56-79DDE698FE8A}.Debug|x86.Build.0 = Debug|Any CPU
		{23BFA310-A7D4-4DB0-AF56-79DDE698FE8A}.Debug|x86.Deploy.0 = Debug|Any CPU
		{23BFA310-A7D4-4DB0-AF56-79DDE698FE8A}.Release|Any CPU.ActiveCfg = Release|Any CPU
		{23BFA310-A7D4-4DB0-AF56-79DDE698FE8A}.Release|Any CPU.Build.0 = Release|Any CPU
		{23BFA310-A7D4-4DB0-AF56-79DDE698FE8A}.Release|Any CPU.Deploy.0 = Release|Any CPU
		{23BFA310-A7D4-4DB0-AF56-79DDE698FE8A}.Release|ARM.ActiveCfg = Release|Any CPU
		{23BFA310-A7D4-4DB0-AF56-79DDE698FE8A}.Release|ARM.Build.0 = Release|Any CPU
		{23BFA310-A7D4-4DB0-AF56-79DDE698FE8A}.Release|ARM.Deploy.0 = Release|Any CPU
		{23BFA310-A7D4-4DB0-AF56-79DDE698FE8A}.Release|iPhone.ActiveCfg = Release|Any CPU
		{23BFA310-A7D4-4DB0-AF56-79DDE698FE8A}.Release|iPhone.Build.0 = Release|Any CPU
		{23BFA310-A7D4-4DB0-AF56-79DDE698FE8A}.Release|iPhone.Deploy.0 = Release|Any CPU
		{23BFA310-A7D4-4DB0-AF56-79DDE698FE8A}.Release|iPhoneSimulator.ActiveCfg = Release|Any CPU
		{23BFA310-A7D4-4DB0-AF56-79DDE698FE8A}.Release|iPhoneSimulator.Build.0 = Release|Any CPU
		{23BFA310-A7D4-4DB0-AF56-79DDE698FE8A}.Release|iPhoneSimulator.Deploy.0 = Release|Any CPU
		{23BFA310-A7D4-4DB0-AF56-79DDE698FE8A}.Release|x86.ActiveCfg = Release|Any CPU
		{23BFA310-A7D4-4DB0-AF56-79DDE698FE8A}.Release|x86.Build.0 = Release|Any CPU
		{23BFA310-A7D4-4DB0-AF56-79DDE698FE8A}.Release|x86.Deploy.0 = Release|Any CPU
		{0A6FF2EE-0080-4AE6-99CC-BB35BD7FEEAD}.AppStore|Any CPU.ActiveCfg = AppStore|iPhone
		{0A6FF2EE-0080-4AE6-99CC-BB35BD7FEEAD}.AppStore|ARM.ActiveCfg = AppStore|iPhone
		{0A6FF2EE-0080-4AE6-99CC-BB35BD7FEEAD}.AppStore|iPhone.ActiveCfg = AppStore|iPhone
		{0A6FF2EE-0080-4AE6-99CC-BB35BD7FEEAD}.AppStore|iPhone.Build.0 = AppStore|iPhone
		{0A6FF2EE-0080-4AE6-99CC-BB35BD7FEEAD}.AppStore|iPhoneSimulator.ActiveCfg = AppStore|iPhoneSimulator
		{0A6FF2EE-0080-4AE6-99CC-BB35BD7FEEAD}.AppStore|iPhoneSimulator.Build.0 = AppStore|iPhoneSimulator
		{0A6FF2EE-0080-4AE6-99CC-BB35BD7FEEAD}.AppStore|x86.ActiveCfg = AppStore|iPhone
		{0A6FF2EE-0080-4AE6-99CC-BB35BD7FEEAD}.Debug|Any CPU.ActiveCfg = Debug|iPhone
		{0A6FF2EE-0080-4AE6-99CC-BB35BD7FEEAD}.Debug|ARM.ActiveCfg = Debug|iPhone
		{0A6FF2EE-0080-4AE6-99CC-BB35BD7FEEAD}.Debug|iPhone.ActiveCfg = Debug|iPhone
		{0A6FF2EE-0080-4AE6-99CC-BB35BD7FEEAD}.Debug|iPhone.Build.0 = Debug|iPhone
		{0A6FF2EE-0080-4AE6-99CC-BB35BD7FEEAD}.Debug|iPhoneSimulator.ActiveCfg = Debug|iPhoneSimulator
		{0A6FF2EE-0080-4AE6-99CC-BB35BD7FEEAD}.Debug|iPhoneSimulator.Build.0 = Debug|iPhoneSimulator
		{0A6FF2EE-0080-4AE6-99CC-BB35BD7FEEAD}.Debug|x86.ActiveCfg = Debug|iPhone
		{0A6FF2EE-0080-4AE6-99CC-BB35BD7FEEAD}.Release|Any CPU.ActiveCfg = Release|iPhone
		{0A6FF2EE-0080-4AE6-99CC-BB35BD7FEEAD}.Release|ARM.ActiveCfg = Release|iPhone
		{0A6FF2EE-0080-4AE6-99CC-BB35BD7FEEAD}.Release|iPhone.ActiveCfg = Release|iPhone
		{0A6FF2EE-0080-4AE6-99CC-BB35BD7FEEAD}.Release|iPhone.Build.0 = Release|iPhone
		{0A6FF2EE-0080-4AE6-99CC-BB35BD7FEEAD}.Release|iPhoneSimulator.ActiveCfg = Release|iPhoneSimulator
		{0A6FF2EE-0080-4AE6-99CC-BB35BD7FEEAD}.Release|iPhoneSimulator.Build.0 = Release|iPhoneSimulator
		{0A6FF2EE-0080-4AE6-99CC-BB35BD7FEEAD}.Release|x86.ActiveCfg = Release|iPhone
		{A15B813A-80C6-4E58-BABB-8458914C6EAF}.AppStore|Any CPU.ActiveCfg = Release|Any CPU
		{A15B813A-80C6-4E58-BABB-8458914C6EAF}.AppStore|Any CPU.Build.0 = Release|Any CPU
		{A15B813A-80C6-4E58-BABB-8458914C6EAF}.AppStore|Any CPU.Deploy.0 = Release|Any CPU
		{A15B813A-80C6-4E58-BABB-8458914C6EAF}.AppStore|ARM.ActiveCfg = Release|ARM
		{A15B813A-80C6-4E58-BABB-8458914C6EAF}.AppStore|ARM.Build.0 = Release|ARM
		{A15B813A-80C6-4E58-BABB-8458914C6EAF}.AppStore|ARM.Deploy.0 = Release|ARM
		{A15B813A-80C6-4E58-BABB-8458914C6EAF}.AppStore|iPhone.ActiveCfg = Release|Any CPU
		{A15B813A-80C6-4E58-BABB-8458914C6EAF}.AppStore|iPhone.Build.0 = Release|Any CPU
		{A15B813A-80C6-4E58-BABB-8458914C6EAF}.AppStore|iPhone.Deploy.0 = Release|Any CPU
		{A15B813A-80C6-4E58-BABB-8458914C6EAF}.AppStore|iPhoneSimulator.ActiveCfg = Release|Any CPU
		{A15B813A-80C6-4E58-BABB-8458914C6EAF}.AppStore|iPhoneSimulator.Build.0 = Release|Any CPU
		{A15B813A-80C6-4E58-BABB-8458914C6EAF}.AppStore|iPhoneSimulator.Deploy.0 = Release|Any CPU
		{A15B813A-80C6-4E58-BABB-8458914C6EAF}.AppStore|x86.ActiveCfg = Release|x86
		{A15B813A-80C6-4E58-BABB-8458914C6EAF}.AppStore|x86.Build.0 = Release|x86
		{A15B813A-80C6-4E58-BABB-8458914C6EAF}.AppStore|x86.Deploy.0 = Release|x86
		{A15B813A-80C6-4E58-BABB-8458914C6EAF}.Debug|Any CPU.ActiveCfg = Debug|Any CPU
		{A15B813A-80C6-4E58-BABB-8458914C6EAF}.Debug|Any CPU.Build.0 = Debug|Any CPU
		{A15B813A-80C6-4E58-BABB-8458914C6EAF}.Debug|Any CPU.Deploy.0 = Debug|Any CPU
		{A15B813A-80C6-4E58-BABB-8458914C6EAF}.Debug|ARM.ActiveCfg = Debug|ARM
		{A15B813A-80C6-4E58-BABB-8458914C6EAF}.Debug|ARM.Build.0 = Debug|ARM
		{A15B813A-80C6-4E58-BABB-8458914C6EAF}.Debug|ARM.Deploy.0 = Debug|ARM
		{A15B813A-80C6-4E58-BABB-8458914C6EAF}.Debug|iPhone.ActiveCfg = Debug|Any CPU
		{A15B813A-80C6-4E58-BABB-8458914C6EAF}.Debug|iPhone.Build.0 = Debug|Any CPU
		{A15B813A-80C6-4E58-BABB-8458914C6EAF}.Debug|iPhone.Deploy.0 = Debug|Any CPU
		{A15B813A-80C6-4E58-BABB-8458914C6EAF}.Debug|iPhoneSimulator.ActiveCfg = Debug|Any CPU
		{A15B813A-80C6-4E58-BABB-8458914C6EAF}.Debug|iPhoneSimulator.Build.0 = Debug|Any CPU
		{A15B813A-80C6-4E58-BABB-8458914C6EAF}.Debug|iPhoneSimulator.Deploy.0 = Debug|Any CPU
		{A15B813A-80C6-4E58-BABB-8458914C6EAF}.Debug|x86.ActiveCfg = Debug|x86
		{A15B813A-80C6-4E58-BABB-8458914C6EAF}.Debug|x86.Build.0 = Debug|x86
		{A15B813A-80C6-4E58-BABB-8458914C6EAF}.Debug|x86.Deploy.0 = Debug|x86
		{A15B813A-80C6-4E58-BABB-8458914C6EAF}.Release|Any CPU.ActiveCfg = Release|Any CPU
		{A15B813A-80C6-4E58-BABB-8458914C6EAF}.Release|Any CPU.Build.0 = Release|Any CPU
		{A15B813A-80C6-4E58-BABB-8458914C6EAF}.Release|Any CPU.Deploy.0 = Release|Any CPU
		{A15B813A-80C6-4E58-BABB-8458914C6EAF}.Release|ARM.ActiveCfg = Release|ARM
		{A15B813A-80C6-4E58-BABB-8458914C6EAF}.Release|ARM.Build.0 = Release|ARM
		{A15B813A-80C6-4E58-BABB-8458914C6EAF}.Release|ARM.Deploy.0 = Release|ARM
		{A15B813A-80C6-4E58-BABB-8458914C6EAF}.Release|iPhone.ActiveCfg = Release|Any CPU
		{A15B813A-80C6-4E58-BABB-8458914C6EAF}.Release|iPhone.Build.0 = Release|Any CPU
		{A15B813A-80C6-4E58-BABB-8458914C6EAF}.Release|iPhone.Deploy.0 = Release|Any CPU
		{A15B813A-80C6-4E58-BABB-8458914C6EAF}.Release|iPhoneSimulator.ActiveCfg = Release|Any CPU
		{A15B813A-80C6-4E58-BABB-8458914C6EAF}.Release|iPhoneSimulator.Build.0 = Release|Any CPU
		{A15B813A-80C6-4E58-BABB-8458914C6EAF}.Release|iPhoneSimulator.Deploy.0 = Release|Any CPU
		{A15B813A-80C6-4E58-BABB-8458914C6EAF}.Release|x86.ActiveCfg = Release|x86
		{A15B813A-80C6-4E58-BABB-8458914C6EAF}.Release|x86.Build.0 = Release|x86
		{A15B813A-80C6-4E58-BABB-8458914C6EAF}.Release|x86.Deploy.0 = Release|x86
		{C7477A4D-79C0-445C-AE32-C9AE98531352}.AppStore|Any CPU.ActiveCfg = Release|Any CPU
		{C7477A4D-79C0-445C-AE32-C9AE98531352}.AppStore|Any CPU.Build.0 = Release|Any CPU
		{C7477A4D-79C0-445C-AE32-C9AE98531352}.AppStore|ARM.ActiveCfg = Release|Any CPU
		{C7477A4D-79C0-445C-AE32-C9AE98531352}.AppStore|ARM.Build.0 = Release|Any CPU
		{C7477A4D-79C0-445C-AE32-C9AE98531352}.AppStore|iPhone.ActiveCfg = Release|Any CPU
		{C7477A4D-79C0-445C-AE32-C9AE98531352}.AppStore|iPhone.Build.0 = Release|Any CPU
		{C7477A4D-79C0-445C-AE32-C9AE98531352}.AppStore|iPhoneSimulator.ActiveCfg = Release|Any CPU
		{C7477A4D-79C0-445C-AE32-C9AE98531352}.AppStore|iPhoneSimulator.Build.0 = Release|Any CPU
		{C7477A4D-79C0-445C-AE32-C9AE98531352}.AppStore|x86.ActiveCfg = Release|Any CPU
		{C7477A4D-79C0-445C-AE32-C9AE98531352}.AppStore|x86.Build.0 = Release|Any CPU
		{C7477A4D-79C0-445C-AE32-C9AE98531352}.Debug|Any CPU.ActiveCfg = Debug|Any CPU
		{C7477A4D-79C0-445C-AE32-C9AE98531352}.Debug|Any CPU.Build.0 = Debug|Any CPU
		{C7477A4D-79C0-445C-AE32-C9AE98531352}.Debug|ARM.ActiveCfg = Debug|Any CPU
		{C7477A4D-79C0-445C-AE32-C9AE98531352}.Debug|ARM.Build.0 = Debug|Any CPU
		{C7477A4D-79C0-445C-AE32-C9AE98531352}.Debug|iPhone.ActiveCfg = Debug|Any CPU
		{C7477A4D-79C0-445C-AE32-C9AE98531352}.Debug|iPhone.Build.0 = Debug|Any CPU
		{C7477A4D-79C0-445C-AE32-C9AE98531352}.Debug|iPhoneSimulator.ActiveCfg = Debug|Any CPU
		{C7477A4D-79C0-445C-AE32-C9AE98531352}.Debug|iPhoneSimulator.Build.0 = Debug|Any CPU
		{C7477A4D-79C0-445C-AE32-C9AE98531352}.Debug|x86.ActiveCfg = Debug|Any CPU
		{C7477A4D-79C0-445C-AE32-C9AE98531352}.Debug|x86.Build.0 = Debug|Any CPU
		{C7477A4D-79C0-445C-AE32-C9AE98531352}.Release|Any CPU.ActiveCfg = Release|Any CPU
		{C7477A4D-79C0-445C-AE32-C9AE98531352}.Release|Any CPU.Build.0 = Release|Any CPU
		{C7477A4D-79C0-445C-AE32-C9AE98531352}.Release|ARM.ActiveCfg = Release|Any CPU
		{C7477A4D-79C0-445C-AE32-C9AE98531352}.Release|ARM.Build.0 = Release|Any CPU
		{C7477A4D-79C0-445C-AE32-C9AE98531352}.Release|iPhone.ActiveCfg = Release|Any CPU
		{C7477A4D-79C0-445C-AE32-C9AE98531352}.Release|iPhone.Build.0 = Release|Any CPU
		{C7477A4D-79C0-445C-AE32-C9AE98531352}.Release|iPhoneSimulator.ActiveCfg = Release|Any CPU
		{C7477A4D-79C0-445C-AE32-C9AE98531352}.Release|iPhoneSimulator.Build.0 = Release|Any CPU
		{C7477A4D-79C0-445C-AE32-C9AE98531352}.Release|x86.ActiveCfg = Release|Any CPU
		{C7477A4D-79C0-445C-AE32-C9AE98531352}.Release|x86.Build.0 = Release|Any CPU
	EndGlobalSection
	GlobalSection(SolutionProperties) = preSolution
		HideSolutionNode = FALSE
	EndGlobalSection
EndGlobal
